{
  "pins" : [
    {
      "identity" : "bigint",
      "kind" : "remoteSourceControl",
      "location" : "https://github.com/attaswift/BigInt.git",
      "state" : {
        "revision" : "0ed110f7555c34ff468e72e1686e59721f2b0da6",
        "version" : "5.3.0"
      }
    },
    {
      "identity" : "blake2.swift",
      "kind" : "remoteSourceControl",
      "location" : "https://github.com/tesseract-one/Blake2.swift.git",
      "state" : {
        "revision" : "29c55c8fe42d6661e5a32cc5bbbad1fff64fd01e",
        "version" : "0.2.0"
      }
    },
    {
      "identity" : "collectionconcurrencykit",
      "kind" : "remoteSourceControl",
      "location" : "https://github.com/JohnSundell/CollectionConcurrencyKit.git",
      "state" : {
        "revision" : "b4f23e24b5a1bff301efc5e70871083ca029ff95",
        "version" : "0.2.0"
      }
    },
    {
      "identity" : "cryptoswift",
      "kind" : "remoteSourceControl",
      "location" : "https://github.com/krzyzanowskim/CryptoSwift.git",
      "state" : {
        "revision" : "7892a123f7e8d0fe62f9f03728b17bbd4f94df5c",
        "version" : "1.8.1"
      }
    },
    {
      "identity" : "qrcode",
      "kind" : "remoteSourceControl",
      "location" : "https://github.com/dagronf/QRCode",
      "state" : {
        "revision" : "6e32d9e56b25ab50af62a902d29d119d407d05e1",
        "version" : "17.1.0"
      }
    },
    {
      "identity" : "sourcekitten",
      "kind" : "remoteSourceControl",
      "location" : "https://github.com/jpsim/SourceKitten.git",
      "state" : {
        "revision" : "b6dc09ee51dfb0c66e042d2328c017483a1a5d56",
        "version" : "0.34.1"
      }
    },
    {
      "identity" : "svgview",
      "kind" : "remoteSourceControl",
      "location" : "https://github.com/exyte/SVGView.git",
      "state" : {
        "branch" : "main",
        "revision" : "6465962facdd25cb96eaebc35603afa2f15d2c0d"
      }
    },
    {
      "identity" : "swift-argument-parser",
      "kind" : "remoteSourceControl",
      "location" : "https://github.com/apple/swift-argument-parser.git",
      "state" : {
        "revision" : "8f4d2753f0e4778c76d5f05ad16c74f707390531",
        "version" : "1.2.3"
      }
    },
    {
      "identity" : "swift-qrcode-generator",
      "kind" : "remoteSourceControl",
      "location" : "https://github.com/dagronf/swift-qrcode-generator",
      "state" : {
        "revision" : "2b1980b825f08a81ccc762b0c4d17fcde9d5e953",
        "version" : "2.0.2"
      }
    },
    {
      "identity" : "swift-syntax",
      "kind" : "remoteSourceControl",
      "location" : "https://github.com/apple/swift-syntax.git",
      "state" : {
        "revision" : "6ad4ea24b01559dde0773e3d091f1b9e36175036",
        "version" : "509.0.2"
      }
    },
    {
      "identity" : "swiftimagereadwrite",
      "kind" : "remoteSourceControl",
      "location" : "https://github.com/dagronf/SwiftImageReadWrite",
      "state" : {
        "revision" : "96361ba7f9dce5184d95aba8ea90d9faa4acabb2",
        "version" : "1.6.1"
      }
    },
    {
      "identity" : "swiftlint",
      "kind" : "remoteSourceControl",
      "location" : "https://github.com/realm/SwiftLint/",
      "state" : {
        "revision" : "f17a4f9dfb6a6afb0408426354e4180daaf49cee",
        "version" : "0.54.0"
      }
    },
    {
      "identity" : "swiftytexttable",
      "kind" : "remoteSourceControl",
      "location" : "https://github.com/scottrhoyt/SwiftyTextTable.git",
      "state" : {
        "revision" : "c6df6cf533d120716bff38f8ff9885e1ce2a4ac3",
        "version" : "0.9.0"
      }
    },
    {
      "identity" : "swxmlhash",
      "kind" : "remoteSourceControl",
      "location" : "https://github.com/drmohundro/SWXMLHash.git",
      "state" : {
        "revision" : "a853604c9e9a83ad9954c7e3d2a565273982471f",
        "version" : "7.0.2"
      }
    },
    {
      "identity" : "yams",
      "kind" : "remoteSourceControl",
      "location" : "https://github.com/jpsim/Yams.git",
      "state" : {
        "revision" : "0d9ee7ea8c4ebd4a489ad7a73d5c6cad55d6fed3",
        "version" : "5.0.6"
      }
    }
  ],
  "version" : 2
}
