// !$*UTF8*$!
{
	archiveVersion = 1;
	classes = {
	};
	objectVersion = 46;
	objects = {

/* Begin PBXBuildFile section */
		00C302E91ABCBA2D00DB3ED1 /* libRCTNetwork.a in Frameworks */ = {isa = PBXBuildFile; fileRef = 00C302DC1ABCB9D200DB3ED1 /* libRCTNetwork.a */; };
		00C302EA1ABCBA2D00DB3ED1 /* libRCTVibration.a in Frameworks */ = {isa = PBXBuildFile; fileRef = 00C302E41ABCB9EE00DB3ED1 /* libRCTVibration.a */; };
		00E356F31AD99517003FC87E /* NativeSignerTests.m in Sources */ = {isa = PBXBuildFile; fileRef = 00E356F21AD99517003FC87E /* NativeSignerTests.m */; };
		0A5DA78AED2F468C8025AF7C /* Roboto-Black.ttf in Resources */ = {isa = PBXBuildFile; fileRef = EA252ACE6F044BD88BDCD173 /* Roboto-Black.ttf */; };
		0AD793F88E164364B2B3F252 /* FontAwesome5_Brands.ttf in Resources */ = {isa = PBXBuildFile; fileRef = 3DB51A3702D94B6BA025DDE6 /* FontAwesome5_Brands.ttf */; };
		0AE47946EE304AB594D649E3 /* AntDesign.ttf in Resources */ = {isa = PBXBuildFile; fileRef = 894E2A1A52DC44C28E9F9A71 /* AntDesign.ttf */; };
		0CFC8839F5B54F888E6C01DE /* Roboto-ThinItalic.ttf in Resources */ = {isa = PBXBuildFile; fileRef = FAE70C1AAEEA45159C8CB0EA /* Roboto-ThinItalic.ttf */; };
		133E29F31AD74F7200F7D852 /* libRCTLinking.a in Frameworks */ = {isa = PBXBuildFile; fileRef = 78C398B91ACF4ADC00677621 /* libRCTLinking.a */; };
		139105C61AF99C1200B5F7CC /* libRCTSettings.a in Frameworks */ = {isa = PBXBuildFile; fileRef = 139105C11AF99BAD00B5F7CC /* libRCTSettings.a */; };
		139FDEF61B0652A700C62182 /* libRCTWebSocket.a in Frameworks */ = {isa = PBXBuildFile; fileRef = 139FDEF41B06529B00C62182 /* libRCTWebSocket.a */; };
		13B07FBC1A68108700A75B9A /* AppDelegate.m in Sources */ = {isa = PBXBuildFile; fileRef = 13B07FB01A68108700A75B9A /* AppDelegate.m */; };
		13B07FBD1A68108700A75B9A /* LaunchScreen.xib in Resources */ = {isa = PBXBuildFile; fileRef = 13B07FB11A68108700A75B9A /* LaunchScreen.xib */; };
		13B07FBF1A68108700A75B9A /* Images.xcassets in Resources */ = {isa = PBXBuildFile; fileRef = 13B07FB51A68108700A75B9A /* Images.xcassets */; };
		13B07FC11A68108700A75B9A /* main.m in Sources */ = {isa = PBXBuildFile; fileRef = 13B07FB71A68108700A75B9A /* main.m */; };
		140ED2AC1D01E1AD002B40FF /* libReact.a in Frameworks */ = {isa = PBXBuildFile; fileRef = 146834041AC3E56700842450 /* libReact.a */; };
		16614F66487241CE933918B8 /* Roboto-Thin.ttf in Resources */ = {isa = PBXBuildFile; fileRef = 020454D0D3C74A398EC7F440 /* Roboto-Thin.ttf */; };
		1F426F8F208D2CC500CA43DB /* EthkeyBridge.m in Sources */ = {isa = PBXBuildFile; fileRef = 1F426F8E208D2CC500CA43DB /* EthkeyBridge.m */; };
		1F426F92208D32FA00CA43DB /* libRCTImage.a in Frameworks */ = {isa = PBXBuildFile; fileRef = 00C302C01ABCB91800DB3ED1 /* libRCTImage.a */; };
		1F426F93208D332A00CA43DB /* libRCTAnimation.a in Frameworks */ = {isa = PBXBuildFile; fileRef = 5E9157331DD0AC6500FF2AA8 /* libRCTAnimation.a */; };
		1F426F95208D334200CA43DB /* libReact.a in Frameworks */ = {isa = PBXBuildFile; fileRef = 146834041AC3E56700842450 /* libReact.a */; };
		1F426F9C208D358500CA43DB /* EthkeyBridge.swift in Sources */ = {isa = PBXBuildFile; fileRef = 1F426F99208D358500CA43DB /* EthkeyBridge.swift */; };
		1F426F9D208D358500CA43DB /* String.swift in Sources */ = {isa = PBXBuildFile; fileRef = 1F426F9A208D358500CA43DB /* String.swift */; };
		1F73EE2721777A1D00706E91 /* libsigner.a in Frameworks */ = {isa = PBXBuildFile; fileRef = 1F426F39208B7CC000CA43DB /* libsigner.a */; };
		38FFF5E61C1F405DB01B8860 /* libRNCSafeAreaContext.a in Frameworks */ = {isa = PBXBuildFile; fileRef = 76B16A4320094BA392D8B407 /* libRNCSafeAreaContext.a */; };
		391AD32122F9BF6F005136A0 /* libRNCamera.a in Frameworks */ = {isa = PBXBuildFile; fileRef = 39D36A8722F4A07200EDA4F1 /* libRNCamera.a */; };
		391AD3F022F9D848005136A0 /* libRNCNetInfo.a in Frameworks */ = {isa = PBXBuildFile; fileRef = 39D36A0622F4588C00EDA4F1 /* libRNCNetInfo.a */; };
		3946D2A52364A7E700BAC371 /* libRCTActionSheet.a in Frameworks */ = {isa = PBXBuildFile; fileRef = 00C302AC1ABCB8CE00DB3ED1 /* libRCTActionSheet.a */; };
		3972BABE230D88B200202B52 /* libRNSecureStorage.a in Frameworks */ = {isa = PBXBuildFile; fileRef = 3972BA68230C4CBE00202B52 /* libRNSecureStorage.a */; };
		399D1B0E22DDDE1B00A815EB /* JavaScriptCore.framework in Frameworks */ = {isa = PBXBuildFile; fileRef = 399D1B0D22DDDE1B00A815EB /* JavaScriptCore.framework */; };
		39B6F6432315B550009C3C05 /* main.jsbundle in Resources */ = {isa = PBXBuildFile; fileRef = 39B6F6102315B550009C3C05 /* main.jsbundle */; };
		39D32408FC4A464384BA5A5C /* SimpleLineIcons.ttf in Resources */ = {isa = PBXBuildFile; fileRef = E8E0FEBC36F54D78A81C1639 /* SimpleLineIcons.ttf */; };
		39D36A1222F458FC00EDA4F1 /* libRNGestureHandler.a in Frameworks */ = {isa = PBXBuildFile; fileRef = 39D36A0F22F458DE00EDA4F1 /* libRNGestureHandler.a */; };
		3C31DDCB4CD0465084344D5F /* Manifold-CF-Bold.otf in Resources */ = {isa = PBXBuildFile; fileRef = 624E6C0FF4A64A97A7D51BEF /* Manifold-CF-Bold.otf */; };
		3D7A98D07DE443E381067D3A /* Roboto-BlackItalic.ttf in Resources */ = {isa = PBXBuildFile; fileRef = 183C9D1307934735A4129705 /* Roboto-BlackItalic.ttf */; };
		423E02567C044AF6832B2388 /* Roboto-Light.ttf in Resources */ = {isa = PBXBuildFile; fileRef = 53880E8FF84C419EB11ACA5C /* Roboto-Light.ttf */; };
		47E3EAEBAE24454EBE6C695F /* Zocial.ttf in Resources */ = {isa = PBXBuildFile; fileRef = 7733AB637FF54DE5B174F42C /* Zocial.ttf */; };
		5DC40D98E51D492C8FF692B5 /* Manifold-CF-Light.otf in Resources */ = {isa = PBXBuildFile; fileRef = 31AAF2CB51C04377BFC79634 /* Manifold-CF-Light.otf */; };
		6686E5A219254E3D8880285E /* Octicons.ttf in Resources */ = {isa = PBXBuildFile; fileRef = F2FB2DDD90964B3BB1FC813C /* Octicons.ttf */; };
		6701864923270B1100A14061 /* assets in Resources */ = {isa = PBXBuildFile; fileRef = 6701864823270B1100A14061 /* assets */; };
		67E3BED3237C17A6007882FA /* RobotoMono-Regular.ttf in Resources */ = {isa = PBXBuildFile; fileRef = 67E3BEA2237C17A6007882FA /* RobotoMono-Regular.ttf */; };
		6FBA1E2F42104B26A94F3EE0 /* Ionicons.ttf in Resources */ = {isa = PBXBuildFile; fileRef = 84D1117E71B04C839F00F619 /* Ionicons.ttf */; };
		740B033F930D4E6FB906D8C2 /* MaterialCommunityIcons.ttf in Resources */ = {isa = PBXBuildFile; fileRef = CB5C4A7F0E8B4E4E98E06EFD /* MaterialCommunityIcons.ttf */; };
		768CDFD4C47549429C87DEDD /* Entypo.ttf in Resources */ = {isa = PBXBuildFile; fileRef = 6A7AB3BD3C1A4E0EB3C4B3B6 /* Entypo.ttf */; };
		7770B2F348834C05A9AAD960 /* EvilIcons.ttf in Resources */ = {isa = PBXBuildFile; fileRef = E2C73A1D48444F90B25AB1C9 /* EvilIcons.ttf */; };
		77AE2A2069B847F9B7EB4854 /* Manifold-CF.otf in Resources */ = {isa = PBXBuildFile; fileRef = 2EC5DDFE054D4A68B1B7D900 /* Manifold-CF.otf */; };
		7A7137D6EEDE40C184F30C15 /* Roboto-Regular.ttf in Resources */ = {isa = PBXBuildFile; fileRef = 5CD421FF72D947B0AA9EBABB /* Roboto-Regular.ttf */; };
		832341BD1AAA6AB300B99B32 /* libRCTText.a in Frameworks */ = {isa = PBXBuildFile; fileRef = 832341B51AAA6A8300B99B32 /* libRCTText.a */; };
		8646A35013514173B8EA8FA3 /* FontAwesome5_Regular.ttf in Resources */ = {isa = PBXBuildFile; fileRef = E759893EEAF44DD487B2401E /* FontAwesome5_Regular.ttf */; };
		8E3CF6503EDE413B99EADC1C /* MaterialIcons.ttf in Resources */ = {isa = PBXBuildFile; fileRef = 4BF2B8970DC245F4BA0574F9 /* MaterialIcons.ttf */; };
		95279244A36A49849FCE2DAE /* Roboto-Bold.ttf in Resources */ = {isa = PBXBuildFile; fileRef = D592A5F1000548E09C637958 /* Roboto-Bold.ttf */; };
		9CE53E9B76FD4CE88D0778EC /* libRNRandomBytes.a in Frameworks */ = {isa = PBXBuildFile; fileRef = 170C0768897F45A7A496F2BE /* libRNRandomBytes.a */; };
		A53C2785040148EEBE6E3B58 /* FontAwesome5_Solid.ttf in Resources */ = {isa = PBXBuildFile; fileRef = 431C560691184DF8B5347066 /* FontAwesome5_Solid.ttf */; };
		A6DE194CA1E344F6B2BBDD09 /* Roboto-MediumItalic.ttf in Resources */ = {isa = PBXBuildFile; fileRef = 5F744F56289845F0A1085BBB /* Roboto-MediumItalic.ttf */; };
		AD0B6F7EACB74BA7A42D2A2E /* Manifold-CF-Demi-Bold.otf in Resources */ = {isa = PBXBuildFile; fileRef = 5D4F46832A564A6C98432D76 /* Manifold-CF-Demi-Bold.otf */; };
		B201F070BAEF4F0FB05AE5F7 /* FontAwesome.ttf in Resources */ = {isa = PBXBuildFile; fileRef = 15BC2D6C3FC64019985638C1 /* FontAwesome.ttf */; };
		B43B3542B9ED441AB8AFBA0B /* Roboto-Italic.ttf in Resources */ = {isa = PBXBuildFile; fileRef = 42D126E4D4D84C4784E2377B /* Roboto-Italic.ttf */; };
		B6F2B7C38D8C47168DE75A98 /* Feather.ttf in Resources */ = {isa = PBXBuildFile; fileRef = 2D0EA96B71FC4AFF8C35B80E /* Feather.ttf */; };
		BB9F6E527C3C41EAA7FB339D /* Fontisto.ttf in Resources */ = {isa = PBXBuildFile; fileRef = 6C53A63D96B24FDD95AF1C97 /* Fontisto.ttf */; };
		BF3C785B2A694FAF9954DC20 /* Foundation.ttf in Resources */ = {isa = PBXBuildFile; fileRef = 91D53BBCAE6D418EA362A703 /* Foundation.ttf */; };
		D6EED2987CEF454F865C09E0 /* libRNSVG.a in Frameworks */ = {isa = PBXBuildFile; fileRef = D44E3C511D404074AF5AFDB9 /* libRNSVG.a */; };
		E501D58522AE41A9AF18340A /* Roboto-BoldItalic.ttf in Resources */ = {isa = PBXBuildFile; fileRef = 0A3530DA239B43579EF02112 /* Roboto-BoldItalic.ttf */; };
		EDCE1EC0CA1249279F03F2E2 /* Roboto-Medium.ttf in Resources */ = {isa = PBXBuildFile; fileRef = E3DA81F74A0847378E71E280 /* Roboto-Medium.ttf */; };
		EE896FB251B94030AC713B6F /* Roboto-LightItalic.ttf in Resources */ = {isa = PBXBuildFile; fileRef = 8C99AB759A004CEB88AC4455 /* Roboto-LightItalic.ttf */; };
		F1569210427145DEBBB5B898 /* Manifold-CF-Extra-Bold.otf in Resources */ = {isa = PBXBuildFile; fileRef = F198D2DE15BC4461B2308E3C /* Manifold-CF-Extra-Bold.otf */; };
/* End PBXBuildFile section */

/* Begin PBXContainerItemProxy section */
		00C302AB1ABCB8CE00DB3ED1 /* PBXContainerItemProxy */ = {
			isa = PBXContainerItemProxy;
			containerPortal = 00C302A71ABCB8CE00DB3ED1 /* RCTActionSheet.xcodeproj */;
			proxyType = 2;
			remoteGlobalIDString = 134814201AA4EA6300B7C361;
			remoteInfo = RCTActionSheet;
		};
		00C302B91ABCB90400DB3ED1 /* PBXContainerItemProxy */ = {
			isa = PBXContainerItemProxy;
			containerPortal = 00C302B51ABCB90400DB3ED1 /* RCTGeolocation.xcodeproj */;
			proxyType = 2;
			remoteGlobalIDString = 134814201AA4EA6300B7C361;
			remoteInfo = RCTGeolocation;
		};
		00C302BF1ABCB91800DB3ED1 /* PBXContainerItemProxy */ = {
			isa = PBXContainerItemProxy;
			containerPortal = 00C302BB1ABCB91800DB3ED1 /* RCTImage.xcodeproj */;
			proxyType = 2;
			remoteGlobalIDString = 58B5115D1A9E6B3D00147676;
			remoteInfo = RCTImage;
		};
		00C302DB1ABCB9D200DB3ED1 /* PBXContainerItemProxy */ = {
			isa = PBXContainerItemProxy;
			containerPortal = 00C302D31ABCB9D200DB3ED1 /* RCTNetwork.xcodeproj */;
			proxyType = 2;
			remoteGlobalIDString = 58B511DB1A9E6C8500147676;
			remoteInfo = RCTNetwork;
		};
		00C302E31ABCB9EE00DB3ED1 /* PBXContainerItemProxy */ = {
			isa = PBXContainerItemProxy;
			containerPortal = 00C302DF1ABCB9EE00DB3ED1 /* RCTVibration.xcodeproj */;
			proxyType = 2;
			remoteGlobalIDString = 832C81801AAF6DEF007FA2F7;
			remoteInfo = RCTVibration;
		};
		00E356F41AD99517003FC87E /* PBXContainerItemProxy */ = {
			isa = PBXContainerItemProxy;
			containerPortal = 83CBB9F71A601CBA00E9B192 /* Project object */;
			proxyType = 1;
			remoteGlobalIDString = 13B07F861A680F5B00A75B9A;
			remoteInfo = NativeSigner;
		};
		139105C01AF99BAD00B5F7CC /* PBXContainerItemProxy */ = {
			isa = PBXContainerItemProxy;
			containerPortal = 139105B61AF99BAD00B5F7CC /* RCTSettings.xcodeproj */;
			proxyType = 2;
			remoteGlobalIDString = 134814201AA4EA6300B7C361;
			remoteInfo = RCTSettings;
		};
		139FDEF31B06529B00C62182 /* PBXContainerItemProxy */ = {
			isa = PBXContainerItemProxy;
			containerPortal = 139FDEE61B06529A00C62182 /* RCTWebSocket.xcodeproj */;
			proxyType = 2;
			remoteGlobalIDString = 3C86DF461ADF2C930047B81A;
			remoteInfo = RCTWebSocket;
		};
		146834031AC3E56700842450 /* PBXContainerItemProxy */ = {
			isa = PBXContainerItemProxy;
			containerPortal = 146833FF1AC3E56700842450 /* React.xcodeproj */;
			proxyType = 2;
			remoteGlobalIDString = 83CBBA2E1A601D0E00E9B192;
			remoteInfo = React;
		};
		1FE167B42088EA11004A6284 /* PBXContainerItemProxy */ = {
			isa = PBXContainerItemProxy;
			containerPortal = 146833FF1AC3E56700842450 /* React.xcodeproj */;
			proxyType = 2;
			remoteGlobalIDString = EBF21BDC1FC498900052F4D5;
			remoteInfo = jsinspector;
		};
		1FE167B62088EA11004A6284 /* PBXContainerItemProxy */ = {
			isa = PBXContainerItemProxy;
			containerPortal = 146833FF1AC3E56700842450 /* React.xcodeproj */;
			proxyType = 2;
			remoteGlobalIDString = EBF21BFA1FC4989A0052F4D5;
			remoteInfo = "jsinspector-tvOS";
		};
		1FE167B82088EA11004A6284 /* PBXContainerItemProxy */ = {
			isa = PBXContainerItemProxy;
			containerPortal = 146833FF1AC3E56700842450 /* React.xcodeproj */;
			proxyType = 2;
			remoteGlobalIDString = 139D7ECE1E25DB7D00323FB7;
			remoteInfo = "third-party";
		};
		1FE167BA2088EA11004A6284 /* PBXContainerItemProxy */ = {
			isa = PBXContainerItemProxy;
			containerPortal = 146833FF1AC3E56700842450 /* React.xcodeproj */;
			proxyType = 2;
			remoteGlobalIDString = 3D383D3C1EBD27B6005632C8;
			remoteInfo = "third-party-tvOS";
		};
		1FE167BC2088EA11004A6284 /* PBXContainerItemProxy */ = {
			isa = PBXContainerItemProxy;
			containerPortal = 146833FF1AC3E56700842450 /* React.xcodeproj */;
			proxyType = 2;
			remoteGlobalIDString = 139D7E881E25C6D100323FB7;
			remoteInfo = "double-conversion";
		};
		1FE167BE2088EA11004A6284 /* PBXContainerItemProxy */ = {
			isa = PBXContainerItemProxy;
			containerPortal = 146833FF1AC3E56700842450 /* React.xcodeproj */;
			proxyType = 2;
			remoteGlobalIDString = 3D383D621EBD27B9005632C8;
			remoteInfo = "double-conversion-tvOS";
		};
		391AD3E222F9D7F0005136A0 /* PBXContainerItemProxy */ = {
			isa = PBXContainerItemProxy;
			containerPortal = 7F019AE07E4148359A2FBCAB /* RNCNetInfo.xcodeproj */;
			proxyType = 2;
			remoteGlobalIDString = 134814201AA4EA6300B7C361;
			remoteInfo = RNCNetInfo;
		};
		391AD3E422F9D7F0005136A0 /* PBXContainerItemProxy */ = {
			isa = PBXContainerItemProxy;
			containerPortal = 7F019AE07E4148359A2FBCAB /* RNCNetInfo.xcodeproj */;
			proxyType = 2;
			remoteGlobalIDString = B5027B1B2237B30F00F1AABA;
			remoteInfo = "RNCNetInfo-tvOS";
		};
		3955110622F4547F00078B17 /* PBXContainerItemProxy */ = {
			isa = PBXContainerItemProxy;
			containerPortal = 99AC61BF1E3C4FE8B07077D3 /* RNRandomBytes.xcodeproj */;
			proxyType = 2;
			remoteGlobalIDString = 73EEC9391BFE4B1D00D468EB;
			remoteInfo = RNRandomBytes;
		};
		3955110822F4547F00078B17 /* PBXContainerItemProxy */ = {
			isa = PBXContainerItemProxy;
			containerPortal = 99AC61BF1E3C4FE8B07077D3 /* RNRandomBytes.xcodeproj */;
			proxyType = 2;
			remoteGlobalIDString = 163CDE4E2087CAD3001065FB;
			remoteInfo = "RNRandomBytes-tvOS";
		};
		3959CD1F22D89E430042E675 /* PBXContainerItemProxy */ = {
			isa = PBXContainerItemProxy;
			containerPortal = 146833FF1AC3E56700842450 /* React.xcodeproj */;
			proxyType = 2;
			remoteGlobalIDString = EDEBC6D6214B3E7000DD5AC8;
			remoteInfo = jsi;
		};
		3959CD2122D89E430042E675 /* PBXContainerItemProxy */ = {
			isa = PBXContainerItemProxy;
			containerPortal = 146833FF1AC3E56700842450 /* React.xcodeproj */;
			proxyType = 2;
			remoteGlobalIDString = EDEBC73B214B45A300DD5AC8;
			remoteInfo = jsiexecutor;
		};
		3959CD2322D89E430042E675 /* PBXContainerItemProxy */ = {
			isa = PBXContainerItemProxy;
			containerPortal = 146833FF1AC3E56700842450 /* React.xcodeproj */;
			proxyType = 2;
			remoteGlobalIDString = ED296FB6214C9A0900B7C4FE;
			remoteInfo = "jsi-tvOS";
		};
		3959CD2522D89E430042E675 /* PBXContainerItemProxy */ = {
			isa = PBXContainerItemProxy;
			containerPortal = 146833FF1AC3E56700842450 /* React.xcodeproj */;
			proxyType = 2;
			remoteGlobalIDString = ED296FEE214C9CF800B7C4FE;
			remoteInfo = "jsiexecutor-tvOS";
		};
		3972BA67230C4CBE00202B52 /* PBXContainerItemProxy */ = {
			isa = PBXContainerItemProxy;
			containerPortal = 23407C2347C34F7D9EF80F09 /* RNSecureStorage.xcodeproj */;
			proxyType = 2;
			remoteGlobalIDString = 134814201AA4EA6300B7C361;
			remoteInfo = RNSecureStorage;
		};
		39D36A0522F4588C00EDA4F1 /* PBXContainerItemProxy */ = {
			isa = PBXContainerItemProxy;
			containerPortal = BB0882DC34AE448DAA1E2320 /* RNCNetInfo.xcodeproj */;
			proxyType = 2;
			remoteGlobalIDString = 134814201AA4EA6300B7C361;
			remoteInfo = RNCNetInfo;
		};
		39D36A0722F4588C00EDA4F1 /* PBXContainerItemProxy */ = {
			isa = PBXContainerItemProxy;
			containerPortal = BB0882DC34AE448DAA1E2320 /* RNCNetInfo.xcodeproj */;
			proxyType = 2;
			remoteGlobalIDString = B5027B1B2237B30F00F1AABA;
			remoteInfo = "RNCNetInfo-tvOS";
		};
		39D36A0E22F458DE00EDA4F1 /* PBXContainerItemProxy */ = {
			isa = PBXContainerItemProxy;
			containerPortal = 39D36A0922F458DD00EDA4F1 /* RNGestureHandler.xcodeproj */;
			proxyType = 2;
			remoteGlobalIDString = 134814201AA4EA6300B7C361;
			remoteInfo = RNGestureHandler;
		};
		39D36A1022F458DE00EDA4F1 /* PBXContainerItemProxy */ = {
			isa = PBXContainerItemProxy;
			containerPortal = 39D36A0922F458DD00EDA4F1 /* RNGestureHandler.xcodeproj */;
			proxyType = 2;
			remoteGlobalIDString = B5C32A36220C603B000FFB8D;
			remoteInfo = "RNGestureHandler-tvOS";
		};
		39D36A4D22F45ABF00EDA4F1 /* PBXContainerItemProxy */ = {
			isa = PBXContainerItemProxy;
			containerPortal = 31EA7650B3084F7080008B3C /* RNSVG.xcodeproj */;
			proxyType = 2;
			remoteGlobalIDString = 0CF68AC11AF0540F00FF9E5C;
			remoteInfo = RNSVG;
		};
		39D36A4F22F45ABF00EDA4F1 /* PBXContainerItemProxy */ = {
			isa = PBXContainerItemProxy;
			containerPortal = 31EA7650B3084F7080008B3C /* RNSVG.xcodeproj */;
			proxyType = 2;
			remoteGlobalIDString = 94DDAC5C1F3D024300EED511;
			remoteInfo = "RNSVG-tvOS";
		};
		39D36A8622F4A07200EDA4F1 /* PBXContainerItemProxy */ = {
			isa = PBXContainerItemProxy;
			containerPortal = 39D36A6022F4A07200EDA4F1 /* RNCamera.xcodeproj */;
			proxyType = 2;
			remoteGlobalIDString = 4107012F1ACB723B00C6AA39;
			remoteInfo = RNCamera;
		};
		3DAD3E831DF850E9000B6D8A /* PBXContainerItemProxy */ = {
			isa = PBXContainerItemProxy;
			containerPortal = 00C302BB1ABCB91800DB3ED1 /* RCTImage.xcodeproj */;
			proxyType = 2;
			remoteGlobalIDString = 2D2A283A1D9B042B00D4039D;
			remoteInfo = "RCTImage-tvOS";
		};
		3DAD3E871DF850E9000B6D8A /* PBXContainerItemProxy */ = {
			isa = PBXContainerItemProxy;
			containerPortal = 78C398B01ACF4ADC00677621 /* RCTLinking.xcodeproj */;
			proxyType = 2;
			remoteGlobalIDString = 2D2A28471D9B043800D4039D;
			remoteInfo = "RCTLinking-tvOS";
		};
		3DAD3E8B1DF850E9000B6D8A /* PBXContainerItemProxy */ = {
			isa = PBXContainerItemProxy;
			containerPortal = 00C302D31ABCB9D200DB3ED1 /* RCTNetwork.xcodeproj */;
			proxyType = 2;
			remoteGlobalIDString = 2D2A28541D9B044C00D4039D;
			remoteInfo = "RCTNetwork-tvOS";
		};
		3DAD3E8F1DF850E9000B6D8A /* PBXContainerItemProxy */ = {
			isa = PBXContainerItemProxy;
			containerPortal = 139105B61AF99BAD00B5F7CC /* RCTSettings.xcodeproj */;
			proxyType = 2;
			remoteGlobalIDString = 2D2A28611D9B046600D4039D;
			remoteInfo = "RCTSettings-tvOS";
		};
		3DAD3E931DF850E9000B6D8A /* PBXContainerItemProxy */ = {
			isa = PBXContainerItemProxy;
			containerPortal = 832341B01AAA6A8300B99B32 /* RCTText.xcodeproj */;
			proxyType = 2;
			remoteGlobalIDString = 2D2A287B1D9B048500D4039D;
			remoteInfo = "RCTText-tvOS";
		};
		3DAD3E981DF850E9000B6D8A /* PBXContainerItemProxy */ = {
			isa = PBXContainerItemProxy;
			containerPortal = 139FDEE61B06529A00C62182 /* RCTWebSocket.xcodeproj */;
			proxyType = 2;
			remoteGlobalIDString = 2D2A28881D9B049200D4039D;
			remoteInfo = "RCTWebSocket-tvOS";
		};
		3DAD3EA21DF850E9000B6D8A /* PBXContainerItemProxy */ = {
			isa = PBXContainerItemProxy;
			containerPortal = 146833FF1AC3E56700842450 /* React.xcodeproj */;
			proxyType = 2;
			remoteGlobalIDString = 2D2A28131D9B038B00D4039D;
			remoteInfo = "React-tvOS";
		};
		3DAD3EA41DF850E9000B6D8A /* PBXContainerItemProxy */ = {
			isa = PBXContainerItemProxy;
			containerPortal = 146833FF1AC3E56700842450 /* React.xcodeproj */;
			proxyType = 2;
			remoteGlobalIDString = 3D3C059A1DE3340900C268FA;
			remoteInfo = yoga;
		};
		3DAD3EA61DF850E9000B6D8A /* PBXContainerItemProxy */ = {
			isa = PBXContainerItemProxy;
			containerPortal = 146833FF1AC3E56700842450 /* React.xcodeproj */;
			proxyType = 2;
			remoteGlobalIDString = 3D3C06751DE3340C00C268FA;
			remoteInfo = "yoga-tvOS";
		};
		3DAD3EA81DF850E9000B6D8A /* PBXContainerItemProxy */ = {
			isa = PBXContainerItemProxy;
			containerPortal = 146833FF1AC3E56700842450 /* React.xcodeproj */;
			proxyType = 2;
			remoteGlobalIDString = 3D3CD9251DE5FBEC00167DC4;
			remoteInfo = cxxreact;
		};
		3DAD3EAA1DF850E9000B6D8A /* PBXContainerItemProxy */ = {
			isa = PBXContainerItemProxy;
			containerPortal = 146833FF1AC3E56700842450 /* React.xcodeproj */;
			proxyType = 2;
			remoteGlobalIDString = 3D3CD9321DE5FBEE00167DC4;
			remoteInfo = "cxxreact-tvOS";
		};
		5E9157321DD0AC6500FF2AA8 /* PBXContainerItemProxy */ = {
			isa = PBXContainerItemProxy;
			containerPortal = 5E91572D1DD0AC6500FF2AA8 /* RCTAnimation.xcodeproj */;
			proxyType = 2;
			remoteGlobalIDString = 134814201AA4EA6300B7C361;
			remoteInfo = RCTAnimation;
		};
		5E9157341DD0AC6500FF2AA8 /* PBXContainerItemProxy */ = {
			isa = PBXContainerItemProxy;
			containerPortal = 5E91572D1DD0AC6500FF2AA8 /* RCTAnimation.xcodeproj */;
			proxyType = 2;
			remoteGlobalIDString = 2D2A28201D9B03D100D4039D;
			remoteInfo = "RCTAnimation-tvOS";
		};
		6715DAFF23E6E499008EB7F6 /* PBXContainerItemProxy */ = {
			isa = PBXContainerItemProxy;
			containerPortal = C05C62985CF24E24AC3645F1 /* SafeAreaView.xcodeproj */;
			proxyType = 2;
			remoteGlobalIDString = 134814201AA4EA6300B7C361;
			remoteInfo = RNCSafeAreaContext;
		};
		78C398B81ACF4ADC00677621 /* PBXContainerItemProxy */ = {
			isa = PBXContainerItemProxy;
			containerPortal = 78C398B01ACF4ADC00677621 /* RCTLinking.xcodeproj */;
			proxyType = 2;
			remoteGlobalIDString = 134814201AA4EA6300B7C361;
			remoteInfo = RCTLinking;
		};
		832341B41AAA6A8300B99B32 /* PBXContainerItemProxy */ = {
			isa = PBXContainerItemProxy;
			containerPortal = 832341B01AAA6A8300B99B32 /* RCTText.xcodeproj */;
			proxyType = 2;
			remoteGlobalIDString = 58B5119B1A9E6C1200147676;
			remoteInfo = RCTText;
		};
		88043C7A2301BD2B00340AB7 /* PBXContainerItemProxy */ = {
			isa = PBXContainerItemProxy;
			containerPortal = 520CF0A85F434C3DA3D3EFF4 /* RNRandomBytes.xcodeproj */;
			proxyType = 2;
			remoteGlobalIDString = 73EEC9391BFE4B1D00D468EB;
			remoteInfo = RNRandomBytes;
		};
		88043C7C2301BD2B00340AB7 /* PBXContainerItemProxy */ = {
			isa = PBXContainerItemProxy;
			containerPortal = 520CF0A85F434C3DA3D3EFF4 /* RNRandomBytes.xcodeproj */;
			proxyType = 2;
			remoteGlobalIDString = 163CDE4E2087CAD3001065FB;
			remoteInfo = "RNRandomBytes-tvOS";
		};
		88043C802301BD2B00340AB7 /* PBXContainerItemProxy */ = {
			isa = PBXContainerItemProxy;
			containerPortal = C0205550495341279B513024 /* RNSVG.xcodeproj */;
			proxyType = 2;
			remoteGlobalIDString = 0CF68AC11AF0540F00FF9E5C;
			remoteInfo = RNSVG;
		};
		88043C822301BD2B00340AB7 /* PBXContainerItemProxy */ = {
			isa = PBXContainerItemProxy;
			containerPortal = C0205550495341279B513024 /* RNSVG.xcodeproj */;
			proxyType = 2;
			remoteGlobalIDString = 94DDAC5C1F3D024300EED511;
			remoteInfo = "RNSVG-tvOS";
		};
/* End PBXContainerItemProxy section */

/* Begin PBXFileReference section */
		00C302A71ABCB8CE00DB3ED1 /* RCTActionSheet.xcodeproj */ = {isa = PBXFileReference; lastKnownFileType = "wrapper.pb-project"; name = RCTActionSheet.xcodeproj; path = "../node_modules/react-native/Libraries/ActionSheetIOS/RCTActionSheet.xcodeproj"; sourceTree = "<group>"; };
		00C302B51ABCB90400DB3ED1 /* RCTGeolocation.xcodeproj */ = {isa = PBXFileReference; lastKnownFileType = "wrapper.pb-project"; name = RCTGeolocation.xcodeproj; path = "../node_modules/react-native/Libraries/Geolocation/RCTGeolocation.xcodeproj"; sourceTree = "<group>"; };
		00C302BB1ABCB91800DB3ED1 /* RCTImage.xcodeproj */ = {isa = PBXFileReference; lastKnownFileType = "wrapper.pb-project"; name = RCTImage.xcodeproj; path = "../node_modules/react-native/Libraries/Image/RCTImage.xcodeproj"; sourceTree = "<group>"; };
		00C302D31ABCB9D200DB3ED1 /* RCTNetwork.xcodeproj */ = {isa = PBXFileReference; lastKnownFileType = "wrapper.pb-project"; name = RCTNetwork.xcodeproj; path = "../node_modules/react-native/Libraries/Network/RCTNetwork.xcodeproj"; sourceTree = "<group>"; };
		00C302DF1ABCB9EE00DB3ED1 /* RCTVibration.xcodeproj */ = {isa = PBXFileReference; lastKnownFileType = "wrapper.pb-project"; name = RCTVibration.xcodeproj; path = "../node_modules/react-native/Libraries/Vibration/RCTVibration.xcodeproj"; sourceTree = "<group>"; };
		00E356EE1AD99517003FC87E /* NativeSignerTests.xctest */ = {isa = PBXFileReference; explicitFileType = wrapper.cfbundle; includeInIndex = 0; path = NativeSignerTests.xctest; sourceTree = BUILT_PRODUCTS_DIR; };
		00E356F11AD99517003FC87E /* Info.plist */ = {isa = PBXFileReference; lastKnownFileType = text.plist.xml; path = Info.plist; sourceTree = "<group>"; };
		00E356F21AD99517003FC87E /* NativeSignerTests.m */ = {isa = PBXFileReference; lastKnownFileType = sourcecode.c.objc; path = NativeSignerTests.m; sourceTree = "<group>"; };
		020454D0D3C74A398EC7F440 /* Roboto-Thin.ttf */ = {isa = PBXFileReference; explicitFileType = undefined; fileEncoding = 9; includeInIndex = 0; lastKnownFileType = unknown; name = "Roboto-Thin.ttf"; path = "../res/fonts/Roboto-Thin.ttf"; sourceTree = "<group>"; };
		0A3530DA239B43579EF02112 /* Roboto-BoldItalic.ttf */ = {isa = PBXFileReference; explicitFileType = undefined; fileEncoding = 9; includeInIndex = 0; lastKnownFileType = unknown; name = "Roboto-BoldItalic.ttf"; path = "../res/fonts/Roboto-BoldItalic.ttf"; sourceTree = "<group>"; };
		139105B61AF99BAD00B5F7CC /* RCTSettings.xcodeproj */ = {isa = PBXFileReference; lastKnownFileType = "wrapper.pb-project"; name = RCTSettings.xcodeproj; path = "../node_modules/react-native/Libraries/Settings/RCTSettings.xcodeproj"; sourceTree = "<group>"; };
		139FDEE61B06529A00C62182 /* RCTWebSocket.xcodeproj */ = {isa = PBXFileReference; lastKnownFileType = "wrapper.pb-project"; name = RCTWebSocket.xcodeproj; path = "../node_modules/react-native/Libraries/WebSocket/RCTWebSocket.xcodeproj"; sourceTree = "<group>"; };
		13B07F961A680F5B00A75B9A /* NativeSigner.app */ = {isa = PBXFileReference; explicitFileType = wrapper.application; includeInIndex = 0; path = NativeSigner.app; sourceTree = BUILT_PRODUCTS_DIR; };
		13B07FAF1A68108700A75B9A /* AppDelegate.h */ = {isa = PBXFileReference; fileEncoding = 4; lastKnownFileType = sourcecode.c.h; name = AppDelegate.h; path = NativeSigner/AppDelegate.h; sourceTree = "<group>"; };
		13B07FB01A68108700A75B9A /* AppDelegate.m */ = {isa = PBXFileReference; fileEncoding = 4; lastKnownFileType = sourcecode.c.objc; name = AppDelegate.m; path = NativeSigner/AppDelegate.m; sourceTree = "<group>"; };
		13B07FB21A68108700A75B9A /* Base */ = {isa = PBXFileReference; lastKnownFileType = file.xib; name = Base; path = Base.lproj/LaunchScreen.xib; sourceTree = "<group>"; };
		13B07FB51A68108700A75B9A /* Images.xcassets */ = {isa = PBXFileReference; lastKnownFileType = folder.assetcatalog; name = Images.xcassets; path = NativeSigner/Images.xcassets; sourceTree = "<group>"; };
		13B07FB61A68108700A75B9A /* Info.plist */ = {isa = PBXFileReference; fileEncoding = 4; lastKnownFileType = text.plist.xml; name = Info.plist; path = NativeSigner/Info.plist; sourceTree = "<group>"; };
		13B07FB71A68108700A75B9A /* main.m */ = {isa = PBXFileReference; fileEncoding = 4; lastKnownFileType = sourcecode.c.objc; name = main.m; path = NativeSigner/main.m; sourceTree = "<group>"; };
		146833FF1AC3E56700842450 /* React.xcodeproj */ = {isa = PBXFileReference; lastKnownFileType = "wrapper.pb-project"; name = React.xcodeproj; path = "../node_modules/react-native/React/React.xcodeproj"; sourceTree = "<group>"; };
		15BC2D6C3FC64019985638C1 /* FontAwesome.ttf */ = {isa = PBXFileReference; explicitFileType = undefined; fileEncoding = 9; includeInIndex = 0; lastKnownFileType = unknown; name = FontAwesome.ttf; path = "../node_modules/react-native-vector-icons/Fonts/FontAwesome.ttf"; sourceTree = "<group>"; };
		170C0768897F45A7A496F2BE /* libRNRandomBytes.a */ = {isa = PBXFileReference; explicitFileType = undefined; fileEncoding = 9; includeInIndex = 0; lastKnownFileType = archive.ar; path = libRNRandomBytes.a; sourceTree = "<group>"; };
		183C9D1307934735A4129705 /* Roboto-BlackItalic.ttf */ = {isa = PBXFileReference; explicitFileType = undefined; fileEncoding = 9; includeInIndex = 0; lastKnownFileType = unknown; name = "Roboto-BlackItalic.ttf"; path = "../res/fonts/Roboto-BlackItalic.ttf"; sourceTree = "<group>"; };
		1F426F39208B7CC000CA43DB /* libsigner.a */ = {isa = PBXFileReference; lastKnownFileType = archive.ar; name = libsigner.a; path = ../rust/signer/libsigner.a; sourceTree = "<group>"; };
		1F426F8E208D2CC500CA43DB /* EthkeyBridge.m */ = {isa = PBXFileReference; lastKnownFileType = sourcecode.c.objc; name = EthkeyBridge.m; path = NativeSigner/EthkeyBridge.m; sourceTree = "<group>"; };
		1F426F90208D31D200CA43DB /* signer.h */ = {isa = PBXFileReference; fileEncoding = 4; lastKnownFileType = sourcecode.c.h; name = signer.h; path = ../rust/signer/signer.h; sourceTree = "<group>"; };
		1F426F99208D358500CA43DB /* EthkeyBridge.swift */ = {isa = PBXFileReference; fileEncoding = 4; lastKnownFileType = sourcecode.swift; name = EthkeyBridge.swift; path = NativeSigner/EthkeyBridge.swift; sourceTree = "<group>"; };
		1F426F9A208D358500CA43DB /* String.swift */ = {isa = PBXFileReference; fileEncoding = 4; lastKnownFileType = sourcecode.swift; name = String.swift; path = NativeSigner/String.swift; sourceTree = "<group>"; };
		1F426F9B208D358500CA43DB /* NativeSigner-Bridging-Header.h */ = {isa = PBXFileReference; fileEncoding = 4; lastKnownFileType = sourcecode.c.h; name = "NativeSigner-Bridging-Header.h"; path = "NativeSigner/NativeSigner-Bridging-Header.h"; sourceTree = "<group>"; };
		1F7FFA3B208B691700FF717A /* libresolv.tbd */ = {isa = PBXFileReference; lastKnownFileType = "sourcecode.text-based-dylib-definition"; name = libresolv.tbd; path = usr/lib/libresolv.tbd; sourceTree = SDKROOT; };
		23407C2347C34F7D9EF80F09 /* RNSecureStorage.xcodeproj */ = {isa = PBXFileReference; explicitFileType = undefined; fileEncoding = 9; includeInIndex = 0; lastKnownFileType = "wrapper.pb-project"; name = RNSecureStorage.xcodeproj; path = "../node_modules/react-native-secure-storage/ios/RNSecureStorage.xcodeproj"; sourceTree = "<group>"; };
		2D0EA96B71FC4AFF8C35B80E /* Feather.ttf */ = {isa = PBXFileReference; explicitFileType = undefined; fileEncoding = 9; includeInIndex = 0; lastKnownFileType = unknown; name = Feather.ttf; path = "../node_modules/react-native-vector-icons/Fonts/Feather.ttf"; sourceTree = "<group>"; };
		2EC5DDFE054D4A68B1B7D900 /* Manifold-CF.otf */ = {isa = PBXFileReference; explicitFileType = undefined; fileEncoding = 9; includeInIndex = 0; lastKnownFileType = unknown; name = "Manifold-CF.otf"; path = "../res/fonts/Manifold-CF.otf"; sourceTree = "<group>"; };
		31AAF2CB51C04377BFC79634 /* Manifold-CF-Light.otf */ = {isa = PBXFileReference; explicitFileType = undefined; fileEncoding = 9; includeInIndex = 0; lastKnownFileType = unknown; name = "Manifold-CF-Light.otf"; path = "../res/fonts/Manifold-CF-Light.otf"; sourceTree = "<group>"; };
		31EA7650B3084F7080008B3C /* RNSVG.xcodeproj */ = {isa = PBXFileReference; explicitFileType = undefined; fileEncoding = 9; includeInIndex = 0; lastKnownFileType = "wrapper.pb-project"; name = RNSVG.xcodeproj; path = "../node_modules/react-native-svg/ios/RNSVG.xcodeproj"; sourceTree = "<group>"; };
		399D1B0D22DDDE1B00A815EB /* JavaScriptCore.framework */ = {isa = PBXFileReference; lastKnownFileType = wrapper.framework; name = JavaScriptCore.framework; path = System/Library/Frameworks/JavaScriptCore.framework; sourceTree = SDKROOT; };
		39B6F6102315B550009C3C05 /* main.jsbundle */ = {isa = PBXFileReference; lastKnownFileType = text; path = main.jsbundle; sourceTree = "<group>"; };
		39D36A0922F458DD00EDA4F1 /* RNGestureHandler.xcodeproj */ = {isa = PBXFileReference; lastKnownFileType = "wrapper.pb-project"; name = RNGestureHandler.xcodeproj; path = "../node_modules/react-native-gesture-handler/ios/RNGestureHandler.xcodeproj"; sourceTree = "<group>"; };
		39D36A6022F4A07200EDA4F1 /* RNCamera.xcodeproj */ = {isa = PBXFileReference; lastKnownFileType = "wrapper.pb-project"; name = RNCamera.xcodeproj; path = "../node_modules/react-native-camera/ios/RNCamera.xcodeproj"; sourceTree = "<group>"; };
		3DB51A3702D94B6BA025DDE6 /* FontAwesome5_Brands.ttf */ = {isa = PBXFileReference; explicitFileType = undefined; fileEncoding = 9; includeInIndex = 0; lastKnownFileType = unknown; name = FontAwesome5_Brands.ttf; path = "../node_modules/react-native-vector-icons/Fonts/FontAwesome5_Brands.ttf"; sourceTree = "<group>"; };
		42D126E4D4D84C4784E2377B /* Roboto-Italic.ttf */ = {isa = PBXFileReference; explicitFileType = undefined; fileEncoding = 9; includeInIndex = 0; lastKnownFileType = unknown; name = "Roboto-Italic.ttf"; path = "../res/fonts/Roboto-Italic.ttf"; sourceTree = "<group>"; };
		431C560691184DF8B5347066 /* FontAwesome5_Solid.ttf */ = {isa = PBXFileReference; explicitFileType = undefined; fileEncoding = 9; includeInIndex = 0; lastKnownFileType = unknown; name = FontAwesome5_Solid.ttf; path = "../node_modules/react-native-vector-icons/Fonts/FontAwesome5_Solid.ttf"; sourceTree = "<group>"; };
		4BF2B8970DC245F4BA0574F9 /* MaterialIcons.ttf */ = {isa = PBXFileReference; explicitFileType = undefined; fileEncoding = 9; includeInIndex = 0; lastKnownFileType = unknown; name = MaterialIcons.ttf; path = "../node_modules/react-native-vector-icons/Fonts/MaterialIcons.ttf"; sourceTree = "<group>"; };
		5099F906199C4A1DB534B2F2 /* libRNRandomBytes.a */ = {isa = PBXFileReference; explicitFileType = undefined; fileEncoding = 9; includeInIndex = 0; lastKnownFileType = archive.ar; path = libRNRandomBytes.a; sourceTree = "<group>"; };
		520CF0A85F434C3DA3D3EFF4 /* RNRandomBytes.xcodeproj */ = {isa = PBXFileReference; explicitFileType = undefined; fileEncoding = 9; includeInIndex = 0; lastKnownFileType = "wrapper.pb-project"; name = RNRandomBytes.xcodeproj; path = "../node_modules/react-native-randombytes/RNRandomBytes.xcodeproj"; sourceTree = "<group>"; };
		53880E8FF84C419EB11ACA5C /* Roboto-Light.ttf */ = {isa = PBXFileReference; explicitFileType = undefined; fileEncoding = 9; includeInIndex = 0; lastKnownFileType = unknown; name = "Roboto-Light.ttf"; path = "../res/fonts/Roboto-Light.ttf"; sourceTree = "<group>"; };
		5CD421FF72D947B0AA9EBABB /* Roboto-Regular.ttf */ = {isa = PBXFileReference; explicitFileType = undefined; fileEncoding = 9; includeInIndex = 0; lastKnownFileType = unknown; name = "Roboto-Regular.ttf"; path = "../res/fonts/Roboto-Regular.ttf"; sourceTree = "<group>"; };
		5D4F46832A564A6C98432D76 /* Manifold-CF-Demi-Bold.otf */ = {isa = PBXFileReference; explicitFileType = undefined; fileEncoding = 9; includeInIndex = 0; lastKnownFileType = unknown; name = "Manifold-CF-Demi-Bold.otf"; path = "../res/fonts/Manifold-CF-Demi-Bold.otf"; sourceTree = "<group>"; };
		5E91572D1DD0AC6500FF2AA8 /* RCTAnimation.xcodeproj */ = {isa = PBXFileReference; lastKnownFileType = "wrapper.pb-project"; name = RCTAnimation.xcodeproj; path = "../node_modules/react-native/Libraries/NativeAnimation/RCTAnimation.xcodeproj"; sourceTree = "<group>"; };
		5F744F56289845F0A1085BBB /* Roboto-MediumItalic.ttf */ = {isa = PBXFileReference; explicitFileType = undefined; fileEncoding = 9; includeInIndex = 0; lastKnownFileType = unknown; name = "Roboto-MediumItalic.ttf"; path = "../res/fonts/Roboto-MediumItalic.ttf"; sourceTree = "<group>"; };
		624E6C0FF4A64A97A7D51BEF /* Manifold-CF-Bold.otf */ = {isa = PBXFileReference; explicitFileType = undefined; fileEncoding = 9; includeInIndex = 0; lastKnownFileType = unknown; name = "Manifold-CF-Bold.otf"; path = "../res/fonts/Manifold-CF-Bold.otf"; sourceTree = "<group>"; };
		6701864823270B1100A14061 /* assets */ = {isa = PBXFileReference; lastKnownFileType = folder; path = assets; sourceTree = "<group>"; };
		67E3BEA2237C17A6007882FA /* RobotoMono-Regular.ttf */ = {isa = PBXFileReference; lastKnownFileType = file; path = "RobotoMono-Regular.ttf"; sourceTree = "<group>"; };
		6A7AB3BD3C1A4E0EB3C4B3B6 /* Entypo.ttf */ = {isa = PBXFileReference; explicitFileType = undefined; fileEncoding = 9; includeInIndex = 0; lastKnownFileType = unknown; name = Entypo.ttf; path = "../node_modules/react-native-vector-icons/Fonts/Entypo.ttf"; sourceTree = "<group>"; };
		6C53A63D96B24FDD95AF1C97 /* Fontisto.ttf */ = {isa = PBXFileReference; explicitFileType = undefined; fileEncoding = 9; includeInIndex = 0; lastKnownFileType = unknown; name = Fontisto.ttf; path = "../node_modules/react-native-vector-icons/Fonts/Fontisto.ttf"; sourceTree = "<group>"; };
		76B16A4320094BA392D8B407 /* libRNCSafeAreaContext.a */ = {isa = PBXFileReference; explicitFileType = undefined; fileEncoding = 9; includeInIndex = 0; lastKnownFileType = archive.ar; path = libRNCSafeAreaContext.a; sourceTree = "<group>"; };
		7733AB637FF54DE5B174F42C /* Zocial.ttf */ = {isa = PBXFileReference; explicitFileType = undefined; fileEncoding = 9; includeInIndex = 0; lastKnownFileType = unknown; name = Zocial.ttf; path = "../node_modules/react-native-vector-icons/Fonts/Zocial.ttf"; sourceTree = "<group>"; };
		78C398B01ACF4ADC00677621 /* RCTLinking.xcodeproj */ = {isa = PBXFileReference; lastKnownFileType = "wrapper.pb-project"; name = RCTLinking.xcodeproj; path = "../node_modules/react-native/Libraries/LinkingIOS/RCTLinking.xcodeproj"; sourceTree = "<group>"; };
		7F019AE07E4148359A2FBCAB /* RNCNetInfo.xcodeproj */ = {isa = PBXFileReference; explicitFileType = undefined; fileEncoding = 9; includeInIndex = 0; lastKnownFileType = "wrapper.pb-project"; name = RNCNetInfo.xcodeproj; path = "../node_modules/@react-native-community/netinfo/ios/RNCNetInfo.xcodeproj"; sourceTree = "<group>"; };
		832341B01AAA6A8300B99B32 /* RCTText.xcodeproj */ = {isa = PBXFileReference; lastKnownFileType = "wrapper.pb-project"; name = RCTText.xcodeproj; path = "../node_modules/react-native/Libraries/Text/RCTText.xcodeproj"; sourceTree = "<group>"; };
		84D1117E71B04C839F00F619 /* Ionicons.ttf */ = {isa = PBXFileReference; explicitFileType = undefined; fileEncoding = 9; includeInIndex = 0; lastKnownFileType = unknown; name = Ionicons.ttf; path = "../node_modules/react-native-vector-icons/Fonts/Ionicons.ttf"; sourceTree = "<group>"; };
		894E2A1A52DC44C28E9F9A71 /* AntDesign.ttf */ = {isa = PBXFileReference; explicitFileType = undefined; fileEncoding = 9; includeInIndex = 0; lastKnownFileType = unknown; name = AntDesign.ttf; path = "../node_modules/react-native-vector-icons/Fonts/AntDesign.ttf"; sourceTree = "<group>"; };
		8C99AB759A004CEB88AC4455 /* Roboto-LightItalic.ttf */ = {isa = PBXFileReference; explicitFileType = undefined; fileEncoding = 9; includeInIndex = 0; lastKnownFileType = unknown; name = "Roboto-LightItalic.ttf"; path = "../res/fonts/Roboto-LightItalic.ttf"; sourceTree = "<group>"; };
		91D53BBCAE6D418EA362A703 /* Foundation.ttf */ = {isa = PBXFileReference; explicitFileType = undefined; fileEncoding = 9; includeInIndex = 0; lastKnownFileType = unknown; name = Foundation.ttf; path = "../node_modules/react-native-vector-icons/Fonts/Foundation.ttf"; sourceTree = "<group>"; };
		99AC61BF1E3C4FE8B07077D3 /* RNRandomBytes.xcodeproj */ = {isa = PBXFileReference; explicitFileType = undefined; fileEncoding = 9; includeInIndex = 0; lastKnownFileType = "wrapper.pb-project"; name = RNRandomBytes.xcodeproj; path = "../node_modules/react-native-randombytes/RNRandomBytes.xcodeproj"; sourceTree = "<group>"; };
		9AFB9B36F67549FE85C83E49 /* libRNSecureStorage.a */ = {isa = PBXFileReference; explicitFileType = undefined; fileEncoding = 9; includeInIndex = 0; lastKnownFileType = archive.ar; path = libRNSecureStorage.a; sourceTree = "<group>"; };
		AB66C405057A41298E1FC8BB /* libRNSVG.a */ = {isa = PBXFileReference; explicitFileType = undefined; fileEncoding = 9; includeInIndex = 0; lastKnownFileType = archive.ar; path = libRNSVG.a; sourceTree = "<group>"; };
		BB0882DC34AE448DAA1E2320 /* RNCNetInfo.xcodeproj */ = {isa = PBXFileReference; explicitFileType = undefined; fileEncoding = 9; includeInIndex = 0; lastKnownFileType = "wrapper.pb-project"; name = RNCNetInfo.xcodeproj; path = "../node_modules/@react-native-community/netinfo/ios/RNCNetInfo.xcodeproj"; sourceTree = "<group>"; };
		C0205550495341279B513024 /* RNSVG.xcodeproj */ = {isa = PBXFileReference; explicitFileType = undefined; fileEncoding = 9; includeInIndex = 0; lastKnownFileType = "wrapper.pb-project"; name = RNSVG.xcodeproj; path = "../node_modules/react-native-svg/ios/RNSVG.xcodeproj"; sourceTree = "<group>"; };
		C05C62985CF24E24AC3645F1 /* SafeAreaView.xcodeproj */ = {isa = PBXFileReference; explicitFileType = undefined; fileEncoding = 9; includeInIndex = 0; lastKnownFileType = "wrapper.pb-project"; name = SafeAreaView.xcodeproj; path = "../node_modules/react-native-safe-area-context/ios/SafeAreaView.xcodeproj"; sourceTree = "<group>"; };
		CB5C4A7F0E8B4E4E98E06EFD /* MaterialCommunityIcons.ttf */ = {isa = PBXFileReference; explicitFileType = undefined; fileEncoding = 9; includeInIndex = 0; lastKnownFileType = unknown; name = MaterialCommunityIcons.ttf; path = "../node_modules/react-native-vector-icons/Fonts/MaterialCommunityIcons.ttf"; sourceTree = "<group>"; };
		D44E3C511D404074AF5AFDB9 /* libRNSVG.a */ = {isa = PBXFileReference; explicitFileType = undefined; fileEncoding = 9; includeInIndex = 0; lastKnownFileType = archive.ar; path = libRNSVG.a; sourceTree = "<group>"; };
		D592A5F1000548E09C637958 /* Roboto-Bold.ttf */ = {isa = PBXFileReference; explicitFileType = undefined; fileEncoding = 9; includeInIndex = 0; lastKnownFileType = unknown; name = "Roboto-Bold.ttf"; path = "../res/fonts/Roboto-Bold.ttf"; sourceTree = "<group>"; };
		DDFA123E816A46BBB8DF60B6 /* libRCTCamera.a */ = {isa = PBXFileReference; explicitFileType = undefined; fileEncoding = 9; includeInIndex = 0; lastKnownFileType = archive.ar; path = libRCTCamera.a; sourceTree = "<group>"; };
		E2C73A1D48444F90B25AB1C9 /* EvilIcons.ttf */ = {isa = PBXFileReference; explicitFileType = undefined; fileEncoding = 9; includeInIndex = 0; lastKnownFileType = unknown; name = EvilIcons.ttf; path = "../node_modules/react-native-vector-icons/Fonts/EvilIcons.ttf"; sourceTree = "<group>"; };
		E3DA81F74A0847378E71E280 /* Roboto-Medium.ttf */ = {isa = PBXFileReference; explicitFileType = undefined; fileEncoding = 9; includeInIndex = 0; lastKnownFileType = unknown; name = "Roboto-Medium.ttf"; path = "../res/fonts/Roboto-Medium.ttf"; sourceTree = "<group>"; };
		E759893EEAF44DD487B2401E /* FontAwesome5_Regular.ttf */ = {isa = PBXFileReference; explicitFileType = undefined; fileEncoding = 9; includeInIndex = 0; lastKnownFileType = unknown; name = FontAwesome5_Regular.ttf; path = "../node_modules/react-native-vector-icons/Fonts/FontAwesome5_Regular.ttf"; sourceTree = "<group>"; };
		E8E0FEBC36F54D78A81C1639 /* SimpleLineIcons.ttf */ = {isa = PBXFileReference; explicitFileType = undefined; fileEncoding = 9; includeInIndex = 0; lastKnownFileType = unknown; name = SimpleLineIcons.ttf; path = "../node_modules/react-native-vector-icons/Fonts/SimpleLineIcons.ttf"; sourceTree = "<group>"; };
		EA252ACE6F044BD88BDCD173 /* Roboto-Black.ttf */ = {isa = PBXFileReference; explicitFileType = undefined; fileEncoding = 9; includeInIndex = 0; lastKnownFileType = unknown; name = "Roboto-Black.ttf"; path = "../res/fonts/Roboto-Black.ttf"; sourceTree = "<group>"; };
		F198D2DE15BC4461B2308E3C /* Manifold-CF-Extra-Bold.otf */ = {isa = PBXFileReference; explicitFileType = undefined; fileEncoding = 9; includeInIndex = 0; lastKnownFileType = unknown; name = "Manifold-CF-Extra-Bold.otf"; path = "../res/fonts/Manifold-CF-Extra-Bold.otf"; sourceTree = "<group>"; };
		F2FB2DDD90964B3BB1FC813C /* Octicons.ttf */ = {isa = PBXFileReference; explicitFileType = undefined; fileEncoding = 9; includeInIndex = 0; lastKnownFileType = unknown; name = Octicons.ttf; path = "../node_modules/react-native-vector-icons/Fonts/Octicons.ttf"; sourceTree = "<group>"; };
		FAE70C1AAEEA45159C8CB0EA /* Roboto-ThinItalic.ttf */ = {isa = PBXFileReference; explicitFileType = undefined; fileEncoding = 9; includeInIndex = 0; lastKnownFileType = unknown; name = "Roboto-ThinItalic.ttf"; path = "../res/fonts/Roboto-ThinItalic.ttf"; sourceTree = "<group>"; };
/* End PBXFileReference section */

/* Begin PBXFrameworksBuildPhase section */
		00E356EB1AD99517003FC87E /* Frameworks */ = {
			isa = PBXFrameworksBuildPhase;
			buildActionMask = 2147483647;
			files = (
				140ED2AC1D01E1AD002B40FF /* libReact.a in Frameworks */,
			);
			runOnlyForDeploymentPostprocessing = 0;
		};
		13B07F8C1A680F5B00A75B9A /* Frameworks */ = {
			isa = PBXFrameworksBuildPhase;
			buildActionMask = 2147483647;
			files = (
				1F426F93208D332A00CA43DB /* libRCTAnimation.a in Frameworks */,
				3946D2A52364A7E700BAC371 /* libRCTActionSheet.a in Frameworks */,
				3972BABE230D88B200202B52 /* libRNSecureStorage.a in Frameworks */,
				391AD3F022F9D848005136A0 /* libRNCNetInfo.a in Frameworks */,
				391AD32122F9BF6F005136A0 /* libRNCamera.a in Frameworks */,
				39D36A1222F458FC00EDA4F1 /* libRNGestureHandler.a in Frameworks */,
				399D1B0E22DDDE1B00A815EB /* JavaScriptCore.framework in Frameworks */,
				1F73EE2721777A1D00706E91 /* libsigner.a in Frameworks */,
				1F426F95208D334200CA43DB /* libReact.a in Frameworks */,
				00C302E91ABCBA2D00DB3ED1 /* libRCTNetwork.a in Frameworks */,
				139105C61AF99C1200B5F7CC /* libRCTSettings.a in Frameworks */,
				00C302EA1ABCBA2D00DB3ED1 /* libRCTVibration.a in Frameworks */,
				133E29F31AD74F7200F7D852 /* libRCTLinking.a in Frameworks */,
				1F426F92208D32FA00CA43DB /* libRCTImage.a in Frameworks */,
				832341BD1AAA6AB300B99B32 /* libRCTText.a in Frameworks */,
				139FDEF61B0652A700C62182 /* libRCTWebSocket.a in Frameworks */,
				9CE53E9B76FD4CE88D0778EC /* libRNRandomBytes.a in Frameworks */,
				D6EED2987CEF454F865C09E0 /* libRNSVG.a in Frameworks */,
				38FFF5E61C1F405DB01B8860 /* libRNCSafeAreaContext.a in Frameworks */,
			);
			runOnlyForDeploymentPostprocessing = 0;
		};
/* End PBXFrameworksBuildPhase section */

/* Begin PBXGroup section */
		00C302A81ABCB8CE00DB3ED1 /* Products */ = {
			isa = PBXGroup;
			children = (
				00C302AC1ABCB8CE00DB3ED1 /* libRCTActionSheet.a */,
			);
			name = Products;
			sourceTree = "<group>";
		};
		00C302B61ABCB90400DB3ED1 /* Products */ = {
			isa = PBXGroup;
			children = (
				00C302BA1ABCB90400DB3ED1 /* libRCTGeolocation.a */,
			);
			name = Products;
			sourceTree = "<group>";
		};
		00C302BC1ABCB91800DB3ED1 /* Products */ = {
			isa = PBXGroup;
			children = (
				00C302C01ABCB91800DB3ED1 /* libRCTImage.a */,
				3DAD3E841DF850E9000B6D8A /* libRCTImage-tvOS.a */,
			);
			name = Products;
			sourceTree = "<group>";
		};
		00C302D41ABCB9D200DB3ED1 /* Products */ = {
			isa = PBXGroup;
			children = (
				00C302DC1ABCB9D200DB3ED1 /* libRCTNetwork.a */,
				3DAD3E8C1DF850E9000B6D8A /* libRCTNetwork-tvOS.a */,
			);
			name = Products;
			sourceTree = "<group>";
		};
		00C302E01ABCB9EE00DB3ED1 /* Products */ = {
			isa = PBXGroup;
			children = (
				00C302E41ABCB9EE00DB3ED1 /* libRCTVibration.a */,
			);
			name = Products;
			sourceTree = "<group>";
		};
		00E356EF1AD99517003FC87E /* NativeSignerTests */ = {
			isa = PBXGroup;
			children = (
				00E356F21AD99517003FC87E /* NativeSignerTests.m */,
				00E356F01AD99517003FC87E /* Supporting Files */,
			);
			path = NativeSignerTests;
			sourceTree = "<group>";
		};
		00E356F01AD99517003FC87E /* Supporting Files */ = {
			isa = PBXGroup;
			children = (
				00E356F11AD99517003FC87E /* Info.plist */,
			);
			name = "Supporting Files";
			sourceTree = "<group>";
		};
		139105B71AF99BAD00B5F7CC /* Products */ = {
			isa = PBXGroup;
			children = (
				139105C11AF99BAD00B5F7CC /* libRCTSettings.a */,
				3DAD3E901DF850E9000B6D8A /* libRCTSettings-tvOS.a */,
			);
			name = Products;
			sourceTree = "<group>";
		};
		139FDEE71B06529A00C62182 /* Products */ = {
			isa = PBXGroup;
			children = (
				139FDEF41B06529B00C62182 /* libRCTWebSocket.a */,
				3DAD3E991DF850E9000B6D8A /* libRCTWebSocket-tvOS.a */,
			);
			name = Products;
			sourceTree = "<group>";
		};
		13B07FAE1A68108700A75B9A /* NativeSigner */ = {
			isa = PBXGroup;
			children = (
				1F426F99208D358500CA43DB /* EthkeyBridge.swift */,
				1F426F9B208D358500CA43DB /* NativeSigner-Bridging-Header.h */,
				1F426F9A208D358500CA43DB /* String.swift */,
				1F426F90208D31D200CA43DB /* signer.h */,
				1F426F8E208D2CC500CA43DB /* EthkeyBridge.m */,
				13B07FAF1A68108700A75B9A /* AppDelegate.h */,
				13B07FB01A68108700A75B9A /* AppDelegate.m */,
				13B07FB51A68108700A75B9A /* Images.xcassets */,
				13B07FB61A68108700A75B9A /* Info.plist */,
				13B07FB11A68108700A75B9A /* LaunchScreen.xib */,
				13B07FB71A68108700A75B9A /* main.m */,
			);
			name = NativeSigner;
			sourceTree = "<group>";
		};
		146834001AC3E56700842450 /* Products */ = {
			isa = PBXGroup;
			children = (
				146834041AC3E56700842450 /* libReact.a */,
				3DAD3EA31DF850E9000B6D8A /* libReact.a */,
				3DAD3EA51DF850E9000B6D8A /* libyoga.a */,
				3DAD3EA71DF850E9000B6D8A /* libyoga.a */,
				3DAD3EA91DF850E9000B6D8A /* libcxxreact.a */,
				3DAD3EAB1DF850E9000B6D8A /* libcxxreact.a */,
				1FE167B52088EA11004A6284 /* libjsinspector.a */,
				1FE167B72088EA11004A6284 /* libjsinspector-tvOS.a */,
				1FE167B92088EA11004A6284 /* libthird-party.a */,
				1FE167BB2088EA11004A6284 /* libthird-party.a */,
				1FE167BD2088EA11004A6284 /* libdouble-conversion.a */,
				1FE167BF2088EA11004A6284 /* libdouble-conversion.a */,
				3959CD2022D89E430042E675 /* libjsi.a */,
				3959CD2222D89E430042E675 /* libjsiexecutor.a */,
				3959CD2422D89E430042E675 /* libjsi-tvOS.a */,
				3959CD2622D89E430042E675 /* libjsiexecutor-tvOS.a */,
			);
			name = Products;
			sourceTree = "<group>";
		};
		1F3559852089081300E8521D /* Recovered References */ = {
			isa = PBXGroup;
			children = (
				DDFA123E816A46BBB8DF60B6 /* libRCTCamera.a */,
				5099F906199C4A1DB534B2F2 /* libRNRandomBytes.a */,
				AB66C405057A41298E1FC8BB /* libRNSVG.a */,
				9AFB9B36F67549FE85C83E49 /* libRNSecureStorage.a */,
				170C0768897F45A7A496F2BE /* libRNRandomBytes.a */,
				D44E3C511D404074AF5AFDB9 /* libRNSVG.a */,
				76B16A4320094BA392D8B407 /* libRNCSafeAreaContext.a */,
			);
			name = "Recovered References";
			sourceTree = "<group>";
		};
		1F7FFA15208B691700FF717A /* Frameworks */ = {
			isa = PBXGroup;
			children = (
				399D1B0D22DDDE1B00A815EB /* JavaScriptCore.framework */,
				1F426F39208B7CC000CA43DB /* libsigner.a */,
				1F7FFA3B208B691700FF717A /* libresolv.tbd */,
			);
			name = Frameworks;
			sourceTree = "<group>";
		};
		391AD3B922F9D7F0005136A0 /* Products */ = {
			isa = PBXGroup;
			children = (
				391AD3E322F9D7F0005136A0 /* libRNCNetInfo.a */,
				391AD3E522F9D7F0005136A0 /* libRNCNetInfo-tvOS.a */,
			);
			name = Products;
			sourceTree = "<group>";
		};
		3955110222F4547F00078B17 /* Products */ = {
			isa = PBXGroup;
			children = (
				3955110722F4547F00078B17 /* libRNRandomBytes.a */,
				3955110922F4547F00078B17 /* libRNRandomBytes-tvOS.a */,
			);
			name = Products;
			sourceTree = "<group>";
		};
		3972BA37230C4CBD00202B52 /* Products */ = {
			isa = PBXGroup;
			children = (
				3972BA68230C4CBE00202B52 /* libRNSecureStorage.a */,
			);
			name = Products;
			sourceTree = "<group>";
		};
		39D36A0122F4588B00EDA4F1 /* Products */ = {
			isa = PBXGroup;
			children = (
				39D36A0622F4588C00EDA4F1 /* libRNCNetInfo.a */,
				39D36A0822F4588C00EDA4F1 /* libRNCNetInfo-tvOS.a */,
			);
			name = Products;
			sourceTree = "<group>";
		};
		39D36A0A22F458DD00EDA4F1 /* Products */ = {
			isa = PBXGroup;
			children = (
				39D36A0F22F458DE00EDA4F1 /* libRNGestureHandler.a */,
				39D36A1122F458DE00EDA4F1 /* libRNGestureHandler-tvOS.a */,
			);
			name = Products;
			sourceTree = "<group>";
		};
		39D36A4922F45ABF00EDA4F1 /* Products */ = {
			isa = PBXGroup;
			children = (
				39D36A4E22F45ABF00EDA4F1 /* libRNSVG.a */,
				39D36A5022F45ABF00EDA4F1 /* libRNSVG-tvOS.a */,
			);
			name = Products;
			sourceTree = "<group>";
		};
		39D36A6122F4A07200EDA4F1 /* Products */ = {
			isa = PBXGroup;
			children = (
				39D36A8722F4A07200EDA4F1 /* libRNCamera.a */,
			);
			name = Products;
			sourceTree = "<group>";
		};
		5E91572E1DD0AC6500FF2AA8 /* Products */ = {
			isa = PBXGroup;
			children = (
				5E9157331DD0AC6500FF2AA8 /* libRCTAnimation.a */,
				5E9157351DD0AC6500FF2AA8 /* libRCTAnimation.a */,
			);
			name = Products;
			sourceTree = "<group>";
		};
		6715DAFC23E6E499008EB7F6 /* Products */ = {
			isa = PBXGroup;
			children = (
				6715DB0023E6E499008EB7F6 /* libRNCSafeAreaContext.a */,
			);
			name = Products;
			sourceTree = "<group>";
		};
		6D14AF58F6CE45DDBA2DE41C /* Resources */ = {
			isa = PBXGroup;
			children = (
				EA252ACE6F044BD88BDCD173 /* Roboto-Black.ttf */,
				183C9D1307934735A4129705 /* Roboto-BlackItalic.ttf */,
				D592A5F1000548E09C637958 /* Roboto-Bold.ttf */,
				0A3530DA239B43579EF02112 /* Roboto-BoldItalic.ttf */,
				42D126E4D4D84C4784E2377B /* Roboto-Italic.ttf */,
				53880E8FF84C419EB11ACA5C /* Roboto-Light.ttf */,
				8C99AB759A004CEB88AC4455 /* Roboto-LightItalic.ttf */,
				E3DA81F74A0847378E71E280 /* Roboto-Medium.ttf */,
				67E3BEA2237C17A6007882FA /* RobotoMono-Regular.ttf */,
				5F744F56289845F0A1085BBB /* Roboto-MediumItalic.ttf */,
				5CD421FF72D947B0AA9EBABB /* Roboto-Regular.ttf */,
				020454D0D3C74A398EC7F440 /* Roboto-Thin.ttf */,
				FAE70C1AAEEA45159C8CB0EA /* Roboto-ThinItalic.ttf */,
				624E6C0FF4A64A97A7D51BEF /* Manifold-CF-Bold.otf */,
				5D4F46832A564A6C98432D76 /* Manifold-CF-Demi-Bold.otf */,
				F198D2DE15BC4461B2308E3C /* Manifold-CF-Extra-Bold.otf */,
				31AAF2CB51C04377BFC79634 /* Manifold-CF-Light.otf */,
				2EC5DDFE054D4A68B1B7D900 /* Manifold-CF.otf */,
				894E2A1A52DC44C28E9F9A71 /* AntDesign.ttf */,
				6A7AB3BD3C1A4E0EB3C4B3B6 /* Entypo.ttf */,
				E2C73A1D48444F90B25AB1C9 /* EvilIcons.ttf */,
				2D0EA96B71FC4AFF8C35B80E /* Feather.ttf */,
				15BC2D6C3FC64019985638C1 /* FontAwesome.ttf */,
				3DB51A3702D94B6BA025DDE6 /* FontAwesome5_Brands.ttf */,
				E759893EEAF44DD487B2401E /* FontAwesome5_Regular.ttf */,
				431C560691184DF8B5347066 /* FontAwesome5_Solid.ttf */,
				6C53A63D96B24FDD95AF1C97 /* Fontisto.ttf */,
				91D53BBCAE6D418EA362A703 /* Foundation.ttf */,
				84D1117E71B04C839F00F619 /* Ionicons.ttf */,
				CB5C4A7F0E8B4E4E98E06EFD /* MaterialCommunityIcons.ttf */,
				4BF2B8970DC245F4BA0574F9 /* MaterialIcons.ttf */,
				F2FB2DDD90964B3BB1FC813C /* Octicons.ttf */,
				E8E0FEBC36F54D78A81C1639 /* SimpleLineIcons.ttf */,
				7733AB637FF54DE5B174F42C /* Zocial.ttf */,
			);
			name = Resources;
			sourceTree = "<group>";
		};
		78C398B11ACF4ADC00677621 /* Products */ = {
			isa = PBXGroup;
			children = (
				78C398B91ACF4ADC00677621 /* libRCTLinking.a */,
				3DAD3E881DF850E9000B6D8A /* libRCTLinking-tvOS.a */,
			);
			name = Products;
			sourceTree = "<group>";
		};
		832341AE1AAA6A7D00B99B32 /* Libraries */ = {
			isa = PBXGroup;
			children = (
				39D36A6022F4A07200EDA4F1 /* RNCamera.xcodeproj */,
				39D36A0922F458DD00EDA4F1 /* RNGestureHandler.xcodeproj */,
				5E91572D1DD0AC6500FF2AA8 /* RCTAnimation.xcodeproj */,
				146833FF1AC3E56700842450 /* React.xcodeproj */,
				00C302A71ABCB8CE00DB3ED1 /* RCTActionSheet.xcodeproj */,
				00C302B51ABCB90400DB3ED1 /* RCTGeolocation.xcodeproj */,
				00C302BB1ABCB91800DB3ED1 /* RCTImage.xcodeproj */,
				78C398B01ACF4ADC00677621 /* RCTLinking.xcodeproj */,
				00C302D31ABCB9D200DB3ED1 /* RCTNetwork.xcodeproj */,
				139105B61AF99BAD00B5F7CC /* RCTSettings.xcodeproj */,
				832341B01AAA6A8300B99B32 /* RCTText.xcodeproj */,
				00C302DF1ABCB9EE00DB3ED1 /* RCTVibration.xcodeproj */,
				139FDEE61B06529A00C62182 /* RCTWebSocket.xcodeproj */,
				520CF0A85F434C3DA3D3EFF4 /* RNRandomBytes.xcodeproj */,
				C0205550495341279B513024 /* RNSVG.xcodeproj */,
				7F019AE07E4148359A2FBCAB /* RNCNetInfo.xcodeproj */,
				23407C2347C34F7D9EF80F09 /* RNSecureStorage.xcodeproj */,
				C05C62985CF24E24AC3645F1 /* SafeAreaView.xcodeproj */,
			);
			name = Libraries;
			sourceTree = "<group>";
		};
		832341B11AAA6A8300B99B32 /* Products */ = {
			isa = PBXGroup;
			children = (
				832341B51AAA6A8300B99B32 /* libRCTText.a */,
				3DAD3E941DF850E9000B6D8A /* libRCTText-tvOS.a */,
			);
			name = Products;
			sourceTree = "<group>";
		};
		83CBB9F61A601CBA00E9B192 = {
			isa = PBXGroup;
			children = (
				6701864823270B1100A14061 /* assets */,
				39B6F6102315B550009C3C05 /* main.jsbundle */,
				13B07FAE1A68108700A75B9A /* NativeSigner */,
				832341AE1AAA6A7D00B99B32 /* Libraries */,
				00E356EF1AD99517003FC87E /* NativeSignerTests */,
				83CBBA001A601CBA00E9B192 /* Products */,
				1F3559852089081300E8521D /* Recovered References */,
				1F7FFA15208B691700FF717A /* Frameworks */,
				6D14AF58F6CE45DDBA2DE41C /* Resources */,
			);
			indentWidth = 2;
			sourceTree = "<group>";
			tabWidth = 2;
		};
		83CBBA001A601CBA00E9B192 /* Products */ = {
			isa = PBXGroup;
			children = (
				13B07F961A680F5B00A75B9A /* NativeSigner.app */,
				00E356EE1AD99517003FC87E /* NativeSignerTests.xctest */,
			);
			name = Products;
			sourceTree = "<group>";
		};
		88043C742301BD2B00340AB7 /* Products */ = {
			isa = PBXGroup;
			children = (
				88043C812301BD2B00340AB7 /* libRNSVG.a */,
				88043C832301BD2B00340AB7 /* libRNSVG-tvOS.a */,
			);
			name = Products;
			sourceTree = "<group>";
		};
		88043C762301BD2B00340AB7 /* Products */ = {
			isa = PBXGroup;
			children = (
				88043C7B2301BD2B00340AB7 /* libRNRandomBytes.a */,
				88043C7D2301BD2B00340AB7 /* libRNRandomBytes-tvOS.a */,
			);
			name = Products;
			sourceTree = "<group>";
		};
/* End PBXGroup section */

/* Begin PBXNativeTarget section */
		00E356ED1AD99517003FC87E /* NativeSignerTests */ = {
			isa = PBXNativeTarget;
			buildConfigurationList = 00E357021AD99517003FC87E /* Build configuration list for PBXNativeTarget "NativeSignerTests" */;
			buildPhases = (
				00E356EA1AD99517003FC87E /* Sources */,
				00E356EB1AD99517003FC87E /* Frameworks */,
				00E356EC1AD99517003FC87E /* Resources */,
			);
			buildRules = (
			);
			dependencies = (
				00E356F51AD99517003FC87E /* PBXTargetDependency */,
			);
			name = NativeSignerTests;
			productName = NativeSignerTests;
			productReference = 00E356EE1AD99517003FC87E /* NativeSignerTests.xctest */;
			productType = "com.apple.product-type.bundle.unit-test";
		};
		13B07F861A680F5B00A75B9A /* NativeSigner */ = {
			isa = PBXNativeTarget;
			buildConfigurationList = 13B07F931A680F5B00A75B9A /* Build configuration list for PBXNativeTarget "NativeSigner" */;
			buildPhases = (
				13B07F871A680F5B00A75B9A /* Sources */,
				13B07F8C1A680F5B00A75B9A /* Frameworks */,
				13B07F8E1A680F5B00A75B9A /* Resources */,
				00DD1BFF1BD5951E006B06BC /* Bundle React Native code and images */,
			);
			buildRules = (
			);
			dependencies = (
			);
			name = NativeSigner;
			productName = "Hello World";
			productReference = 13B07F961A680F5B00A75B9A /* NativeSigner.app */;
			productType = "com.apple.product-type.application";
		};
/* End PBXNativeTarget section */

/* Begin PBXProject section */
		83CBB9F71A601CBA00E9B192 /* Project object */ = {
			isa = PBXProject;
			attributes = {
				LastUpgradeCheck = 1020;
				ORGANIZATIONNAME = Facebook;
				TargetAttributes = {
					00E356ED1AD99517003FC87E = {
						CreatedOnToolsVersion = 6.2;
						DevelopmentTeam = P2PX3JU8FT;
						ProvisioningStyle = Automatic;
						TestTargetID = 13B07F861A680F5B00A75B9A;
					};
					13B07F861A680F5B00A75B9A = {
						DevelopmentTeam = P2PX3JU8FT;
						LastSwiftMigration = 930;
					};
				};
			};
			buildConfigurationList = 83CBB9FA1A601CBA00E9B192 /* Build configuration list for PBXProject "NativeSigner" */;
			compatibilityVersion = "Xcode 3.2";
			developmentRegion = English;
			hasScannedForEncodings = 0;
			knownRegions = (
				English,
				en,
				Base,
			);
			mainGroup = 83CBB9F61A601CBA00E9B192;
			productRefGroup = 83CBBA001A601CBA00E9B192 /* Products */;
			projectDirPath = "";
			projectReferences = (
				{
					ProductGroup = 00C302A81ABCB8CE00DB3ED1 /* Products */;
					ProjectRef = 00C302A71ABCB8CE00DB3ED1 /* RCTActionSheet.xcodeproj */;
				},
				{
					ProductGroup = 5E91572E1DD0AC6500FF2AA8 /* Products */;
					ProjectRef = 5E91572D1DD0AC6500FF2AA8 /* RCTAnimation.xcodeproj */;
				},
				{
					ProductGroup = 00C302B61ABCB90400DB3ED1 /* Products */;
					ProjectRef = 00C302B51ABCB90400DB3ED1 /* RCTGeolocation.xcodeproj */;
				},
				{
					ProductGroup = 00C302BC1ABCB91800DB3ED1 /* Products */;
					ProjectRef = 00C302BB1ABCB91800DB3ED1 /* RCTImage.xcodeproj */;
				},
				{
					ProductGroup = 78C398B11ACF4ADC00677621 /* Products */;
					ProjectRef = 78C398B01ACF4ADC00677621 /* RCTLinking.xcodeproj */;
				},
				{
					ProductGroup = 00C302D41ABCB9D200DB3ED1 /* Products */;
					ProjectRef = 00C302D31ABCB9D200DB3ED1 /* RCTNetwork.xcodeproj */;
				},
				{
					ProductGroup = 139105B71AF99BAD00B5F7CC /* Products */;
					ProjectRef = 139105B61AF99BAD00B5F7CC /* RCTSettings.xcodeproj */;
				},
				{
					ProductGroup = 832341B11AAA6A8300B99B32 /* Products */;
					ProjectRef = 832341B01AAA6A8300B99B32 /* RCTText.xcodeproj */;
				},
				{
					ProductGroup = 00C302E01ABCB9EE00DB3ED1 /* Products */;
					ProjectRef = 00C302DF1ABCB9EE00DB3ED1 /* RCTVibration.xcodeproj */;
				},
				{
					ProductGroup = 139FDEE71B06529A00C62182 /* Products */;
					ProjectRef = 139FDEE61B06529A00C62182 /* RCTWebSocket.xcodeproj */;
				},
				{
					ProductGroup = 146834001AC3E56700842450 /* Products */;
					ProjectRef = 146833FF1AC3E56700842450 /* React.xcodeproj */;
				},
				{
					ProductGroup = 39D36A6122F4A07200EDA4F1 /* Products */;
					ProjectRef = 39D36A6022F4A07200EDA4F1 /* RNCamera.xcodeproj */;
				},
				{
					ProductGroup = 39D36A0122F4588B00EDA4F1 /* Products */;
					ProjectRef = BB0882DC34AE448DAA1E2320 /* RNCNetInfo.xcodeproj */;
				},
				{
					ProductGroup = 391AD3B922F9D7F0005136A0 /* Products */;
					ProjectRef = 7F019AE07E4148359A2FBCAB /* RNCNetInfo.xcodeproj */;
				},
				{
					ProductGroup = 39D36A0A22F458DD00EDA4F1 /* Products */;
					ProjectRef = 39D36A0922F458DD00EDA4F1 /* RNGestureHandler.xcodeproj */;
				},
				{
					ProductGroup = 3955110222F4547F00078B17 /* Products */;
					ProjectRef = 99AC61BF1E3C4FE8B07077D3 /* RNRandomBytes.xcodeproj */;
				},
				{
					ProductGroup = 88043C762301BD2B00340AB7 /* Products */;
					ProjectRef = 520CF0A85F434C3DA3D3EFF4 /* RNRandomBytes.xcodeproj */;
				},
				{
					ProductGroup = 3972BA37230C4CBD00202B52 /* Products */;
					ProjectRef = 23407C2347C34F7D9EF80F09 /* RNSecureStorage.xcodeproj */;
				},
				{
					ProductGroup = 39D36A4922F45ABF00EDA4F1 /* Products */;
					ProjectRef = 31EA7650B3084F7080008B3C /* RNSVG.xcodeproj */;
				},
				{
					ProductGroup = 88043C742301BD2B00340AB7 /* Products */;
					ProjectRef = C0205550495341279B513024 /* RNSVG.xcodeproj */;
				},
				{
					ProductGroup = 6715DAFC23E6E499008EB7F6 /* Products */;
					ProjectRef = C05C62985CF24E24AC3645F1 /* SafeAreaView.xcodeproj */;
				},
			);
			projectRoot = "";
			targets = (
				13B07F861A680F5B00A75B9A /* NativeSigner */,
				00E356ED1AD99517003FC87E /* NativeSignerTests */,
			);
		};
/* End PBXProject section */

/* Begin PBXReferenceProxy section */
		00C302AC1ABCB8CE00DB3ED1 /* libRCTActionSheet.a */ = {
			isa = PBXReferenceProxy;
			fileType = archive.ar;
			path = libRCTActionSheet.a;
			remoteRef = 00C302AB1ABCB8CE00DB3ED1 /* PBXContainerItemProxy */;
			sourceTree = BUILT_PRODUCTS_DIR;
		};
		00C302BA1ABCB90400DB3ED1 /* libRCTGeolocation.a */ = {
			isa = PBXReferenceProxy;
			fileType = archive.ar;
			path = libRCTGeolocation.a;
			remoteRef = 00C302B91ABCB90400DB3ED1 /* PBXContainerItemProxy */;
			sourceTree = BUILT_PRODUCTS_DIR;
		};
		00C302C01ABCB91800DB3ED1 /* libRCTImage.a */ = {
			isa = PBXReferenceProxy;
			fileType = archive.ar;
			path = libRCTImage.a;
			remoteRef = 00C302BF1ABCB91800DB3ED1 /* PBXContainerItemProxy */;
			sourceTree = BUILT_PRODUCTS_DIR;
		};
		00C302DC1ABCB9D200DB3ED1 /* libRCTNetwork.a */ = {
			isa = PBXReferenceProxy;
			fileType = archive.ar;
			path = libRCTNetwork.a;
			remoteRef = 00C302DB1ABCB9D200DB3ED1 /* PBXContainerItemProxy */;
			sourceTree = BUILT_PRODUCTS_DIR;
		};
		00C302E41ABCB9EE00DB3ED1 /* libRCTVibration.a */ = {
			isa = PBXReferenceProxy;
			fileType = archive.ar;
			path = libRCTVibration.a;
			remoteRef = 00C302E31ABCB9EE00DB3ED1 /* PBXContainerItemProxy */;
			sourceTree = BUILT_PRODUCTS_DIR;
		};
		139105C11AF99BAD00B5F7CC /* libRCTSettings.a */ = {
			isa = PBXReferenceProxy;
			fileType = archive.ar;
			path = libRCTSettings.a;
			remoteRef = 139105C01AF99BAD00B5F7CC /* PBXContainerItemProxy */;
			sourceTree = BUILT_PRODUCTS_DIR;
		};
		139FDEF41B06529B00C62182 /* libRCTWebSocket.a */ = {
			isa = PBXReferenceProxy;
			fileType = archive.ar;
			path = libRCTWebSocket.a;
			remoteRef = 139FDEF31B06529B00C62182 /* PBXContainerItemProxy */;
			sourceTree = BUILT_PRODUCTS_DIR;
		};
		146834041AC3E56700842450 /* libReact.a */ = {
			isa = PBXReferenceProxy;
			fileType = archive.ar;
			path = libReact.a;
			remoteRef = 146834031AC3E56700842450 /* PBXContainerItemProxy */;
			sourceTree = BUILT_PRODUCTS_DIR;
		};
		1FE167B52088EA11004A6284 /* libjsinspector.a */ = {
			isa = PBXReferenceProxy;
			fileType = archive.ar;
			path = libjsinspector.a;
			remoteRef = 1FE167B42088EA11004A6284 /* PBXContainerItemProxy */;
			sourceTree = BUILT_PRODUCTS_DIR;
		};
		1FE167B72088EA11004A6284 /* libjsinspector-tvOS.a */ = {
			isa = PBXReferenceProxy;
			fileType = archive.ar;
			path = "libjsinspector-tvOS.a";
			remoteRef = 1FE167B62088EA11004A6284 /* PBXContainerItemProxy */;
			sourceTree = BUILT_PRODUCTS_DIR;
		};
		1FE167B92088EA11004A6284 /* libthird-party.a */ = {
			isa = PBXReferenceProxy;
			fileType = archive.ar;
			path = "libthird-party.a";
			remoteRef = 1FE167B82088EA11004A6284 /* PBXContainerItemProxy */;
			sourceTree = BUILT_PRODUCTS_DIR;
		};
		1FE167BB2088EA11004A6284 /* libthird-party.a */ = {
			isa = PBXReferenceProxy;
			fileType = archive.ar;
			path = "libthird-party.a";
			remoteRef = 1FE167BA2088EA11004A6284 /* PBXContainerItemProxy */;
			sourceTree = BUILT_PRODUCTS_DIR;
		};
		1FE167BD2088EA11004A6284 /* libdouble-conversion.a */ = {
			isa = PBXReferenceProxy;
			fileType = archive.ar;
			path = "libdouble-conversion.a";
			remoteRef = 1FE167BC2088EA11004A6284 /* PBXContainerItemProxy */;
			sourceTree = BUILT_PRODUCTS_DIR;
		};
		1FE167BF2088EA11004A6284 /* libdouble-conversion.a */ = {
			isa = PBXReferenceProxy;
			fileType = archive.ar;
			path = "libdouble-conversion.a";
			remoteRef = 1FE167BE2088EA11004A6284 /* PBXContainerItemProxy */;
			sourceTree = BUILT_PRODUCTS_DIR;
		};
		391AD3E322F9D7F0005136A0 /* libRNCNetInfo.a */ = {
			isa = PBXReferenceProxy;
			fileType = archive.ar;
			path = libRNCNetInfo.a;
			remoteRef = 391AD3E222F9D7F0005136A0 /* PBXContainerItemProxy */;
			sourceTree = BUILT_PRODUCTS_DIR;
		};
		391AD3E522F9D7F0005136A0 /* libRNCNetInfo-tvOS.a */ = {
			isa = PBXReferenceProxy;
			fileType = archive.ar;
			path = "libRNCNetInfo-tvOS.a";
			remoteRef = 391AD3E422F9D7F0005136A0 /* PBXContainerItemProxy */;
			sourceTree = BUILT_PRODUCTS_DIR;
		};
		3955110722F4547F00078B17 /* libRNRandomBytes.a */ = {
			isa = PBXReferenceProxy;
			fileType = archive.ar;
			path = libRNRandomBytes.a;
			remoteRef = 3955110622F4547F00078B17 /* PBXContainerItemProxy */;
			sourceTree = BUILT_PRODUCTS_DIR;
		};
		3955110922F4547F00078B17 /* libRNRandomBytes-tvOS.a */ = {
			isa = PBXReferenceProxy;
			fileType = archive.ar;
			path = "libRNRandomBytes-tvOS.a";
			remoteRef = 3955110822F4547F00078B17 /* PBXContainerItemProxy */;
			sourceTree = BUILT_PRODUCTS_DIR;
		};
		3959CD2022D89E430042E675 /* libjsi.a */ = {
			isa = PBXReferenceProxy;
			fileType = archive.ar;
			path = libjsi.a;
			remoteRef = 3959CD1F22D89E430042E675 /* PBXContainerItemProxy */;
			sourceTree = BUILT_PRODUCTS_DIR;
		};
		3959CD2222D89E430042E675 /* libjsiexecutor.a */ = {
			isa = PBXReferenceProxy;
			fileType = archive.ar;
			path = libjsiexecutor.a;
			remoteRef = 3959CD2122D89E430042E675 /* PBXContainerItemProxy */;
			sourceTree = BUILT_PRODUCTS_DIR;
		};
		3959CD2422D89E430042E675 /* libjsi-tvOS.a */ = {
			isa = PBXReferenceProxy;
			fileType = archive.ar;
			path = "libjsi-tvOS.a";
			remoteRef = 3959CD2322D89E430042E675 /* PBXContainerItemProxy */;
			sourceTree = BUILT_PRODUCTS_DIR;
		};
		3959CD2622D89E430042E675 /* libjsiexecutor-tvOS.a */ = {
			isa = PBXReferenceProxy;
			fileType = archive.ar;
			path = "libjsiexecutor-tvOS.a";
			remoteRef = 3959CD2522D89E430042E675 /* PBXContainerItemProxy */;
			sourceTree = BUILT_PRODUCTS_DIR;
		};
		3972BA68230C4CBE00202B52 /* libRNSecureStorage.a */ = {
			isa = PBXReferenceProxy;
			fileType = archive.ar;
			path = libRNSecureStorage.a;
			remoteRef = 3972BA67230C4CBE00202B52 /* PBXContainerItemProxy */;
			sourceTree = BUILT_PRODUCTS_DIR;
		};
		39D36A0622F4588C00EDA4F1 /* libRNCNetInfo.a */ = {
			isa = PBXReferenceProxy;
			fileType = archive.ar;
			path = libRNCNetInfo.a;
			remoteRef = 39D36A0522F4588C00EDA4F1 /* PBXContainerItemProxy */;
			sourceTree = BUILT_PRODUCTS_DIR;
		};
		39D36A0822F4588C00EDA4F1 /* libRNCNetInfo-tvOS.a */ = {
			isa = PBXReferenceProxy;
			fileType = archive.ar;
			path = "libRNCNetInfo-tvOS.a";
			remoteRef = 39D36A0722F4588C00EDA4F1 /* PBXContainerItemProxy */;
			sourceTree = BUILT_PRODUCTS_DIR;
		};
		39D36A0F22F458DE00EDA4F1 /* libRNGestureHandler.a */ = {
			isa = PBXReferenceProxy;
			fileType = archive.ar;
			path = libRNGestureHandler.a;
			remoteRef = 39D36A0E22F458DE00EDA4F1 /* PBXContainerItemProxy */;
			sourceTree = BUILT_PRODUCTS_DIR;
		};
		39D36A1122F458DE00EDA4F1 /* libRNGestureHandler-tvOS.a */ = {
			isa = PBXReferenceProxy;
			fileType = archive.ar;
			path = "libRNGestureHandler-tvOS.a";
			remoteRef = 39D36A1022F458DE00EDA4F1 /* PBXContainerItemProxy */;
			sourceTree = BUILT_PRODUCTS_DIR;
		};
		39D36A4E22F45ABF00EDA4F1 /* libRNSVG.a */ = {
			isa = PBXReferenceProxy;
			fileType = archive.ar;
			path = libRNSVG.a;
			remoteRef = 39D36A4D22F45ABF00EDA4F1 /* PBXContainerItemProxy */;
			sourceTree = BUILT_PRODUCTS_DIR;
		};
		39D36A5022F45ABF00EDA4F1 /* libRNSVG-tvOS.a */ = {
			isa = PBXReferenceProxy;
			fileType = archive.ar;
			path = "libRNSVG-tvOS.a";
			remoteRef = 39D36A4F22F45ABF00EDA4F1 /* PBXContainerItemProxy */;
			sourceTree = BUILT_PRODUCTS_DIR;
		};
		39D36A8722F4A07200EDA4F1 /* libRNCamera.a */ = {
			isa = PBXReferenceProxy;
			fileType = archive.ar;
			path = libRNCamera.a;
			remoteRef = 39D36A8622F4A07200EDA4F1 /* PBXContainerItemProxy */;
			sourceTree = BUILT_PRODUCTS_DIR;
		};
		3DAD3E841DF850E9000B6D8A /* libRCTImage-tvOS.a */ = {
			isa = PBXReferenceProxy;
			fileType = archive.ar;
			path = "libRCTImage-tvOS.a";
			remoteRef = 3DAD3E831DF850E9000B6D8A /* PBXContainerItemProxy */;
			sourceTree = BUILT_PRODUCTS_DIR;
		};
		3DAD3E881DF850E9000B6D8A /* libRCTLinking-tvOS.a */ = {
			isa = PBXReferenceProxy;
			fileType = archive.ar;
			path = "libRCTLinking-tvOS.a";
			remoteRef = 3DAD3E871DF850E9000B6D8A /* PBXContainerItemProxy */;
			sourceTree = BUILT_PRODUCTS_DIR;
		};
		3DAD3E8C1DF850E9000B6D8A /* libRCTNetwork-tvOS.a */ = {
			isa = PBXReferenceProxy;
			fileType = archive.ar;
			path = "libRCTNetwork-tvOS.a";
			remoteRef = 3DAD3E8B1DF850E9000B6D8A /* PBXContainerItemProxy */;
			sourceTree = BUILT_PRODUCTS_DIR;
		};
		3DAD3E901DF850E9000B6D8A /* libRCTSettings-tvOS.a */ = {
			isa = PBXReferenceProxy;
			fileType = archive.ar;
			path = "libRCTSettings-tvOS.a";
			remoteRef = 3DAD3E8F1DF850E9000B6D8A /* PBXContainerItemProxy */;
			sourceTree = BUILT_PRODUCTS_DIR;
		};
		3DAD3E941DF850E9000B6D8A /* libRCTText-tvOS.a */ = {
			isa = PBXReferenceProxy;
			fileType = archive.ar;
			path = "libRCTText-tvOS.a";
			remoteRef = 3DAD3E931DF850E9000B6D8A /* PBXContainerItemProxy */;
			sourceTree = BUILT_PRODUCTS_DIR;
		};
		3DAD3E991DF850E9000B6D8A /* libRCTWebSocket-tvOS.a */ = {
			isa = PBXReferenceProxy;
			fileType = archive.ar;
			path = "libRCTWebSocket-tvOS.a";
			remoteRef = 3DAD3E981DF850E9000B6D8A /* PBXContainerItemProxy */;
			sourceTree = BUILT_PRODUCTS_DIR;
		};
		3DAD3EA31DF850E9000B6D8A /* libReact.a */ = {
			isa = PBXReferenceProxy;
			fileType = archive.ar;
			path = libReact.a;
			remoteRef = 3DAD3EA21DF850E9000B6D8A /* PBXContainerItemProxy */;
			sourceTree = BUILT_PRODUCTS_DIR;
		};
		3DAD3EA51DF850E9000B6D8A /* libyoga.a */ = {
			isa = PBXReferenceProxy;
			fileType = archive.ar;
			path = libyoga.a;
			remoteRef = 3DAD3EA41DF850E9000B6D8A /* PBXContainerItemProxy */;
			sourceTree = BUILT_PRODUCTS_DIR;
		};
		3DAD3EA71DF850E9000B6D8A /* libyoga.a */ = {
			isa = PBXReferenceProxy;
			fileType = archive.ar;
			path = libyoga.a;
			remoteRef = 3DAD3EA61DF850E9000B6D8A /* PBXContainerItemProxy */;
			sourceTree = BUILT_PRODUCTS_DIR;
		};
		3DAD3EA91DF850E9000B6D8A /* libcxxreact.a */ = {
			isa = PBXReferenceProxy;
			fileType = archive.ar;
			path = libcxxreact.a;
			remoteRef = 3DAD3EA81DF850E9000B6D8A /* PBXContainerItemProxy */;
			sourceTree = BUILT_PRODUCTS_DIR;
		};
		3DAD3EAB1DF850E9000B6D8A /* libcxxreact.a */ = {
			isa = PBXReferenceProxy;
			fileType = archive.ar;
			path = libcxxreact.a;
			remoteRef = 3DAD3EAA1DF850E9000B6D8A /* PBXContainerItemProxy */;
			sourceTree = BUILT_PRODUCTS_DIR;
		};
		5E9157331DD0AC6500FF2AA8 /* libRCTAnimation.a */ = {
			isa = PBXReferenceProxy;
			fileType = archive.ar;
			path = libRCTAnimation.a;
			remoteRef = 5E9157321DD0AC6500FF2AA8 /* PBXContainerItemProxy */;
			sourceTree = BUILT_PRODUCTS_DIR;
		};
		5E9157351DD0AC6500FF2AA8 /* libRCTAnimation.a */ = {
			isa = PBXReferenceProxy;
			fileType = archive.ar;
			path = libRCTAnimation.a;
			remoteRef = 5E9157341DD0AC6500FF2AA8 /* PBXContainerItemProxy */;
			sourceTree = BUILT_PRODUCTS_DIR;
		};
		6715DB0023E6E499008EB7F6 /* libRNCSafeAreaContext.a */ = {
			isa = PBXReferenceProxy;
			fileType = archive.ar;
			path = libRNCSafeAreaContext.a;
			remoteRef = 6715DAFF23E6E499008EB7F6 /* PBXContainerItemProxy */;
			sourceTree = BUILT_PRODUCTS_DIR;
		};
		78C398B91ACF4ADC00677621 /* libRCTLinking.a */ = {
			isa = PBXReferenceProxy;
			fileType = archive.ar;
			path = libRCTLinking.a;
			remoteRef = 78C398B81ACF4ADC00677621 /* PBXContainerItemProxy */;
			sourceTree = BUILT_PRODUCTS_DIR;
		};
		832341B51AAA6A8300B99B32 /* libRCTText.a */ = {
			isa = PBXReferenceProxy;
			fileType = archive.ar;
			path = libRCTText.a;
			remoteRef = 832341B41AAA6A8300B99B32 /* PBXContainerItemProxy */;
			sourceTree = BUILT_PRODUCTS_DIR;
		};
		88043C7B2301BD2B00340AB7 /* libRNRandomBytes.a */ = {
			isa = PBXReferenceProxy;
			fileType = archive.ar;
			path = libRNRandomBytes.a;
			remoteRef = 88043C7A2301BD2B00340AB7 /* PBXContainerItemProxy */;
			sourceTree = BUILT_PRODUCTS_DIR;
		};
		88043C7D2301BD2B00340AB7 /* libRNRandomBytes-tvOS.a */ = {
			isa = PBXReferenceProxy;
			fileType = archive.ar;
			path = "libRNRandomBytes-tvOS.a";
			remoteRef = 88043C7C2301BD2B00340AB7 /* PBXContainerItemProxy */;
			sourceTree = BUILT_PRODUCTS_DIR;
		};
		88043C812301BD2B00340AB7 /* libRNSVG.a */ = {
			isa = PBXReferenceProxy;
			fileType = archive.ar;
			path = libRNSVG.a;
			remoteRef = 88043C802301BD2B00340AB7 /* PBXContainerItemProxy */;
			sourceTree = BUILT_PRODUCTS_DIR;
		};
		88043C832301BD2B00340AB7 /* libRNSVG-tvOS.a */ = {
			isa = PBXReferenceProxy;
			fileType = archive.ar;
			path = "libRNSVG-tvOS.a";
			remoteRef = 88043C822301BD2B00340AB7 /* PBXContainerItemProxy */;
			sourceTree = BUILT_PRODUCTS_DIR;
		};
/* End PBXReferenceProxy section */

/* Begin PBXResourcesBuildPhase section */
		00E356EC1AD99517003FC87E /* Resources */ = {
			isa = PBXResourcesBuildPhase;
			buildActionMask = 2147483647;
			files = (
			);
			runOnlyForDeploymentPostprocessing = 0;
		};
		13B07F8E1A680F5B00A75B9A /* Resources */ = {
			isa = PBXResourcesBuildPhase;
			buildActionMask = 2147483647;
			files = (
				39B6F6432315B550009C3C05 /* main.jsbundle in Resources */,
				13B07FBF1A68108700A75B9A /* Images.xcassets in Resources */,
				13B07FBD1A68108700A75B9A /* LaunchScreen.xib in Resources */,
				0A5DA78AED2F468C8025AF7C /* Roboto-Black.ttf in Resources */,
				3D7A98D07DE443E381067D3A /* Roboto-BlackItalic.ttf in Resources */,
				95279244A36A49849FCE2DAE /* Roboto-Bold.ttf in Resources */,
				E501D58522AE41A9AF18340A /* Roboto-BoldItalic.ttf in Resources */,
				B43B3542B9ED441AB8AFBA0B /* Roboto-Italic.ttf in Resources */,
				423E02567C044AF6832B2388 /* Roboto-Light.ttf in Resources */,
				EE896FB251B94030AC713B6F /* Roboto-LightItalic.ttf in Resources */,
				EDCE1EC0CA1249279F03F2E2 /* Roboto-Medium.ttf in Resources */,
				A6DE194CA1E344F6B2BBDD09 /* Roboto-MediumItalic.ttf in Resources */,
				7A7137D6EEDE40C184F30C15 /* Roboto-Regular.ttf in Resources */,
				16614F66487241CE933918B8 /* Roboto-Thin.ttf in Resources */,
				0CFC8839F5B54F888E6C01DE /* Roboto-ThinItalic.ttf in Resources */,
				67E3BED3237C17A6007882FA /* RobotoMono-Regular.ttf in Resources */,
				3C31DDCB4CD0465084344D5F /* Manifold-CF-Bold.otf in Resources */,
				AD0B6F7EACB74BA7A42D2A2E /* Manifold-CF-Demi-Bold.otf in Resources */,
				F1569210427145DEBBB5B898 /* Manifold-CF-Extra-Bold.otf in Resources */,
				5DC40D98E51D492C8FF692B5 /* Manifold-CF-Light.otf in Resources */,
				77AE2A2069B847F9B7EB4854 /* Manifold-CF.otf in Resources */,
				0AE47946EE304AB594D649E3 /* AntDesign.ttf in Resources */,
				768CDFD4C47549429C87DEDD /* Entypo.ttf in Resources */,
				7770B2F348834C05A9AAD960 /* EvilIcons.ttf in Resources */,
				B6F2B7C38D8C47168DE75A98 /* Feather.ttf in Resources */,
				B201F070BAEF4F0FB05AE5F7 /* FontAwesome.ttf in Resources */,
				0AD793F88E164364B2B3F252 /* FontAwesome5_Brands.ttf in Resources */,
				8646A35013514173B8EA8FA3 /* FontAwesome5_Regular.ttf in Resources */,
				A53C2785040148EEBE6E3B58 /* FontAwesome5_Solid.ttf in Resources */,
				BB9F6E527C3C41EAA7FB339D /* Fontisto.ttf in Resources */,
				BF3C785B2A694FAF9954DC20 /* Foundation.ttf in Resources */,
				6FBA1E2F42104B26A94F3EE0 /* Ionicons.ttf in Resources */,
				740B033F930D4E6FB906D8C2 /* MaterialCommunityIcons.ttf in Resources */,
				8E3CF6503EDE413B99EADC1C /* MaterialIcons.ttf in Resources */,
				6701864923270B1100A14061 /* assets in Resources */,
				6686E5A219254E3D8880285E /* Octicons.ttf in Resources */,
				39D32408FC4A464384BA5A5C /* SimpleLineIcons.ttf in Resources */,
				47E3EAEBAE24454EBE6C695F /* Zocial.ttf in Resources */,
			);
			runOnlyForDeploymentPostprocessing = 0;
		};
/* End PBXResourcesBuildPhase section */

/* Begin PBXShellScriptBuildPhase section */
		00DD1BFF1BD5951E006B06BC /* Bundle React Native code and images */ = {
			isa = PBXShellScriptBuildPhase;
			buildActionMask = 2147483647;
			files = (
			);
			inputPaths = (
			);
			name = "Bundle React Native code and images";
			outputPaths = (
			);
			runOnlyForDeploymentPostprocessing = 0;
			shellPath = /bin/sh;
			shellScript = "export NODE_BINARY=node\n../node_modules/react-native/scripts/react-native-xcode.sh\n";
		};
/* End PBXShellScriptBuildPhase section */

/* Begin PBXSourcesBuildPhase section */
		00E356EA1AD99517003FC87E /* Sources */ = {
			isa = PBXSourcesBuildPhase;
			buildActionMask = 2147483647;
			files = (
				00E356F31AD99517003FC87E /* NativeSignerTests.m in Sources */,
			);
			runOnlyForDeploymentPostprocessing = 0;
		};
		13B07F871A680F5B00A75B9A /* Sources */ = {
			isa = PBXSourcesBuildPhase;
			buildActionMask = 2147483647;
			files = (
				1F426F9C208D358500CA43DB /* EthkeyBridge.swift in Sources */,
				13B07FBC1A68108700A75B9A /* AppDelegate.m in Sources */,
				1F426F9D208D358500CA43DB /* String.swift in Sources */,
				13B07FC11A68108700A75B9A /* main.m in Sources */,
				1F426F8F208D2CC500CA43DB /* EthkeyBridge.m in Sources */,
			);
			runOnlyForDeploymentPostprocessing = 0;
		};
/* End PBXSourcesBuildPhase section */

/* Begin PBXTargetDependency section */
		00E356F51AD99517003FC87E /* PBXTargetDependency */ = {
			isa = PBXTargetDependency;
			target = 13B07F861A680F5B00A75B9A /* NativeSigner */;
			targetProxy = 00E356F41AD99517003FC87E /* PBXContainerItemProxy */;
		};
/* End PBXTargetDependency section */

/* Begin PBXVariantGroup section */
		13B07FB11A68108700A75B9A /* LaunchScreen.xib */ = {
			isa = PBXVariantGroup;
			children = (
				13B07FB21A68108700A75B9A /* Base */,
			);
			name = LaunchScreen.xib;
			path = NativeSigner;
			sourceTree = "<group>";
		};
/* End PBXVariantGroup section */

/* Begin XCBuildConfiguration section */
		00E356F61AD99517003FC87E /* Debug */ = {
			isa = XCBuildConfiguration;
			buildSettings = {
				ALWAYS_EMBED_SWIFT_STANDARD_LIBRARIES = YES;
				BUNDLE_LOADER = "$(TEST_HOST)";
				CODE_SIGN_IDENTITY = "iPhone Developer";
				CODE_SIGN_STYLE = Automatic;
				DEVELOPMENT_TEAM = P2PX3JU8FT;
				GCC_PREPROCESSOR_DEFINITIONS = (
					"DEBUG=1",
					"$(inherited)",
				);
				INFOPLIST_FILE = NativeSignerTests/Info.plist;
				IPHONEOS_DEPLOYMENT_TARGET = 8.0;
				LD_RUNPATH_SEARCH_PATHS = "$(inherited) @executable_path/Frameworks @loader_path/Frameworks";
				LIBRARY_SEARCH_PATHS = (
					"$(inherited)",
					"\"$(SRCROOT)/$(TARGET_NAME)\"",
					"\"$(SRCROOT)/$(TARGET_NAME)\"",
					"\"$(SRCROOT)/$(TARGET_NAME)\"",
					"\"$(SRCROOT)/$(TARGET_NAME)\"",
					"\"$(SRCROOT)/$(TARGET_NAME)\"",
				);
				PRODUCT_BUNDLE_IDENTIFIER = "org.reactjs.native.example.$(PRODUCT_NAME:rfc1034identifier)";
				PRODUCT_NAME = "$(TARGET_NAME)";
				PROVISIONING_PROFILE_SPECIFIER = "";
				TEST_HOST = "$(BUILT_PRODUCTS_DIR)/NativeSigner.app/NativeSigner";
			};
			name = Debug;
		};
		00E356F71AD99517003FC87E /* Release */ = {
			isa = XCBuildConfiguration;
			buildSettings = {
				ALWAYS_EMBED_SWIFT_STANDARD_LIBRARIES = YES;
				BUNDLE_LOADER = "$(TEST_HOST)";
				CODE_SIGN_IDENTITY = "iPhone Developer";
				CODE_SIGN_STYLE = Automatic;
				COPY_PHASE_STRIP = NO;
				DEVELOPMENT_TEAM = P2PX3JU8FT;
				INFOPLIST_FILE = NativeSignerTests/Info.plist;
				IPHONEOS_DEPLOYMENT_TARGET = 8.0;
				LD_RUNPATH_SEARCH_PATHS = "$(inherited) @executable_path/Frameworks @loader_path/Frameworks";
				LIBRARY_SEARCH_PATHS = (
					"$(inherited)",
					"\"$(SRCROOT)/$(TARGET_NAME)\"",
					"\"$(SRCROOT)/$(TARGET_NAME)\"",
					"\"$(SRCROOT)/$(TARGET_NAME)\"",
					"\"$(SRCROOT)/$(TARGET_NAME)\"",
					"\"$(SRCROOT)/$(TARGET_NAME)\"",
				);
				"OTHER_LDFLAGS[arch=*]" = " -lc++";
				PRODUCT_BUNDLE_IDENTIFIER = "org.reactjs.native.example.$(PRODUCT_NAME:rfc1034identifier)";
				PRODUCT_NAME = "$(TARGET_NAME)";
				PROVISIONING_PROFILE_SPECIFIER = "";
				TEST_HOST = "$(BUILT_PRODUCTS_DIR)/NativeSigner.app/NativeSigner";
			};
			name = Release;
		};
		13B07F941A680F5B00A75B9A /* Debug */ = {
			isa = XCBuildConfiguration;
			buildSettings = {
				ASSETCATALOG_COMPILER_APPICON_NAME = AppIcon;
				CLANG_ENABLE_MODULES = YES;
				CURRENT_PROJECT_VERSION = 1;
				DEAD_CODE_STRIPPING = NO;
				DEVELOPMENT_TEAM = P2PX3JU8FT;
				ENABLE_BITCODE = NO;
				HEADER_SEARCH_PATHS = (
					"$(inherited)",
					"$(SRCROOT)/../node_modules/react-native-camera/ios",
					"$(SRCROOT)/../rust/signer",
					"$(SRCROOT)/../node_modules/react-native-randombytes",
					"$(SRCROOT)/../node_modules/@react-native-community/netinfo/ios",
					"$(SRCROOT)/../node_modules/react-native-camera/ios/**",
					"$(SRCROOT)/../node_modules/react-native-randombytes",
					"$(SRCROOT)/../node_modules/react-native-svg/ios/**",
					"$(SRCROOT)/../node_modules/@react-native-community/netinfo/ios",
					"$(SRCROOT)/../node_modules/react-native-secure-storage/ios/**",
					"$(SRCROOT)/../node_modules/react-native-safe-area-context/ios/SafeAreaView",
				);
				INFOPLIST_FILE = NativeSigner/Info.plist;
				IPHONEOS_DEPLOYMENT_TARGET = 9.0;
				LD_RUNPATH_SEARCH_PATHS = "$(inherited) @executable_path/Frameworks";
				LIBRARY_SEARCH_PATHS = "$(SRCROOT)/../rust/signer";
				"LIBRARY_SEARCH_PATHS[arch=*]" = "$(SRCROOT)/../rust/signer";
				OTHER_LDFLAGS = (
					"$(inherited)",
					"-ObjC",
					"-lc++",
				);
				PRODUCT_BUNDLE_IDENTIFIER = io.parity.NativeSigner;
				PRODUCT_NAME = NativeSigner;
				SWIFT_OBJC_BRIDGING_HEADER = "NativeSigner/NativeSigner-Bridging-Header.h";
				SWIFT_OPTIMIZATION_LEVEL = "-Onone";
				SWIFT_VERSION = 5.0;
				TARGETED_DEVICE_FAMILY = 1;
				VERSIONING_SYSTEM = "apple-generic";
			};
			name = Debug;
		};
		13B07F951A680F5B00A75B9A /* Release */ = {
			isa = XCBuildConfiguration;
			buildSettings = {
				ASSETCATALOG_COMPILER_APPICON_NAME = AppIcon;
				CLANG_ENABLE_MODULES = YES;
				CURRENT_PROJECT_VERSION = 1;
				DEVELOPMENT_TEAM = P2PX3JU8FT;
				ENABLE_BITCODE = NO;
				HEADER_SEARCH_PATHS = (
					"$(inherited)",
					"$(SRCROOT)/../node_modules/react-native-camera/ios",
					"$(SRCROOT)/../rust/signer",
					"$(SRCROOT)/../node_modules/react-native-randombytes",
					"$(SRCROOT)/../node_modules/@react-native-community/netinfo/ios",
					"$(SRCROOT)/../node_modules/react-native-camera/ios/**",
					"$(SRCROOT)/../node_modules/react-native-randombytes",
					"$(SRCROOT)/../node_modules/react-native-svg/ios/**",
					"$(SRCROOT)/../node_modules/@react-native-community/netinfo/ios",
					"$(SRCROOT)/../node_modules/react-native-secure-storage/ios/**",
					"$(SRCROOT)/../node_modules/react-native-safe-area-context/ios/SafeAreaView",
				);
				INFOPLIST_FILE = NativeSigner/Info.plist;
				IPHONEOS_DEPLOYMENT_TARGET = 9.0;
				LD_RUNPATH_SEARCH_PATHS = "$(inherited) @executable_path/Frameworks";
				LIBRARY_SEARCH_PATHS = "$(SRCROOT)/../rust/signer";
				OTHER_LDFLAGS = (
					"$(inherited)",
					"-ObjC",
					"-lc++",
				);
				PRODUCT_BUNDLE_IDENTIFIER = io.parity.NativeSigner;
				PRODUCT_NAME = NativeSigner;
				SWIFT_OBJC_BRIDGING_HEADER = "NativeSigner/NativeSigner-Bridging-Header.h";
				SWIFT_VERSION = 5.0;
				TARGETED_DEVICE_FAMILY = 1;
				VERSIONING_SYSTEM = "apple-generic";
			};
			name = Release;
		};
		83CBBA201A601CBA00E9B192 /* Debug */ = {
			isa = XCBuildConfiguration;
			buildSettings = {
				ALWAYS_SEARCH_USER_PATHS = NO;
				CLANG_ANALYZER_LOCALIZABILITY_NONLOCALIZED = YES;
				CLANG_CXX_LANGUAGE_STANDARD = "gnu++0x";
				CLANG_CXX_LIBRARY = "libc++";
				CLANG_ENABLE_MODULES = YES;
				CLANG_ENABLE_OBJC_ARC = YES;
				CLANG_WARN_BLOCK_CAPTURE_AUTORELEASING = YES;
				CLANG_WARN_BOOL_CONVERSION = YES;
				CLANG_WARN_COMMA = YES;
				CLANG_WARN_CONSTANT_CONVERSION = YES;
				CLANG_WARN_DEPRECATED_OBJC_IMPLEMENTATIONS = YES;
				CLANG_WARN_DIRECT_OBJC_ISA_USAGE = YES_ERROR;
				CLANG_WARN_EMPTY_BODY = YES;
				CLANG_WARN_ENUM_CONVERSION = YES;
				CLANG_WARN_INFINITE_RECURSION = YES;
				CLANG_WARN_INT_CONVERSION = YES;
				CLANG_WARN_NON_LITERAL_NULL_CONVERSION = YES;
				CLANG_WARN_OBJC_IMPLICIT_RETAIN_SELF = YES;
				CLANG_WARN_OBJC_LITERAL_CONVERSION = YES;
				CLANG_WARN_OBJC_ROOT_CLASS = YES_ERROR;
				CLANG_WARN_RANGE_LOOP_ANALYSIS = YES;
				CLANG_WARN_STRICT_PROTOTYPES = YES;
				CLANG_WARN_SUSPICIOUS_MOVE = YES;
				CLANG_WARN_UNREACHABLE_CODE = YES;
				CLANG_WARN__DUPLICATE_METHOD_MATCH = YES;
				"CODE_SIGN_IDENTITY[sdk=iphoneos*]" = "iPhone Developer";
				COPY_PHASE_STRIP = NO;
				ENABLE_STRICT_OBJC_MSGSEND = YES;
				ENABLE_TESTABILITY = YES;
				GCC_C_LANGUAGE_STANDARD = gnu99;
				GCC_DYNAMIC_NO_PIC = NO;
				GCC_NO_COMMON_BLOCKS = YES;
				GCC_OPTIMIZATION_LEVEL = 0;
				GCC_PREPROCESSOR_DEFINITIONS = (
					"DEBUG=1",
					"$(inherited)",
				);
				GCC_SYMBOLS_PRIVATE_EXTERN = NO;
				GCC_WARN_64_TO_32_BIT_CONVERSION = YES;
				GCC_WARN_ABOUT_RETURN_TYPE = YES_ERROR;
				GCC_WARN_UNDECLARED_SELECTOR = YES;
				GCC_WARN_UNINITIALIZED_AUTOS = YES_AGGRESSIVE;
				GCC_WARN_UNUSED_FUNCTION = YES;
				GCC_WARN_UNUSED_VARIABLE = YES;
				IPHONEOS_DEPLOYMENT_TARGET = 12.2;
				MTL_ENABLE_DEBUG_INFO = YES;
				ONLY_ACTIVE_ARCH = YES;
				SDKROOT = iphoneos;
				SWIFT_VERSION = 5.0;
			};
			name = Debug;
		};
		83CBBA211A601CBA00E9B192 /* Release */ = {
			isa = XCBuildConfiguration;
			buildSettings = {
				ALWAYS_SEARCH_USER_PATHS = NO;
				CLANG_ANALYZER_LOCALIZABILITY_NONLOCALIZED = YES;
				CLANG_CXX_LANGUAGE_STANDARD = "gnu++0x";
				CLANG_CXX_LIBRARY = "libc++";
				CLANG_ENABLE_MODULES = YES;
				CLANG_ENABLE_OBJC_ARC = YES;
				CLANG_WARN_BLOCK_CAPTURE_AUTORELEASING = YES;
				CLANG_WARN_BOOL_CONVERSION = YES;
				CLANG_WARN_COMMA = YES;
				CLANG_WARN_CONSTANT_CONVERSION = YES;
				CLANG_WARN_DEPRECATED_OBJC_IMPLEMENTATIONS = YES;
				CLANG_WARN_DIRECT_OBJC_ISA_USAGE = YES_ERROR;
				CLANG_WARN_EMPTY_BODY = YES;
				CLANG_WARN_ENUM_CONVERSION = YES;
				CLANG_WARN_INFINITE_RECURSION = YES;
				CLANG_WARN_INT_CONVERSION = YES;
				CLANG_WARN_NON_LITERAL_NULL_CONVERSION = YES;
				CLANG_WARN_OBJC_IMPLICIT_RETAIN_SELF = YES;
				CLANG_WARN_OBJC_LITERAL_CONVERSION = YES;
				CLANG_WARN_OBJC_ROOT_CLASS = YES_ERROR;
				CLANG_WARN_RANGE_LOOP_ANALYSIS = YES;
				CLANG_WARN_STRICT_PROTOTYPES = YES;
				CLANG_WARN_SUSPICIOUS_MOVE = YES;
				CLANG_WARN_UNREACHABLE_CODE = YES;
				CLANG_WARN__DUPLICATE_METHOD_MATCH = YES;
				"CODE_SIGN_IDENTITY[sdk=iphoneos*]" = "iPhone Developer";
				COPY_PHASE_STRIP = YES;
				ENABLE_NS_ASSERTIONS = NO;
				ENABLE_STRICT_OBJC_MSGSEND = YES;
				GCC_C_LANGUAGE_STANDARD = gnu99;
				GCC_NO_COMMON_BLOCKS = YES;
				GCC_WARN_64_TO_32_BIT_CONVERSION = YES;
				GCC_WARN_ABOUT_RETURN_TYPE = YES_ERROR;
				GCC_WARN_UNDECLARED_SELECTOR = YES;
				GCC_WARN_UNINITIALIZED_AUTOS = YES_AGGRESSIVE;
				GCC_WARN_UNUSED_FUNCTION = YES;
				GCC_WARN_UNUSED_VARIABLE = YES;
				IPHONEOS_DEPLOYMENT_TARGET = 12.2;
				MTL_ENABLE_DEBUG_INFO = NO;
				SDKROOT = iphoneos;
				SWIFT_COMPILATION_MODE = wholemodule;
				SWIFT_VERSION = 5.0;
				VALIDATE_PRODUCT = YES;
			};
			name = Release;
		};
/* End XCBuildConfiguration section */

/* Begin XCConfigurationList section */
		00E357021AD99517003FC87E /* Build configuration list for PBXNativeTarget "NativeSignerTests" */ = {
			isa = XCConfigurationList;
			buildConfigurations = (
				00E356F61AD99517003FC87E /* Debug */,
				00E356F71AD99517003FC87E /* Release */,
			);
			defaultConfigurationIsVisible = 0;
			defaultConfigurationName = Release;
		};
		13B07F931A680F5B00A75B9A /* Build configuration list for PBXNativeTarget "NativeSigner" */ = {
			isa = XCConfigurationList;
			buildConfigurations = (
				13B07F941A680F5B00A75B9A /* Debug */,
				13B07F951A680F5B00A75B9A /* Release */,
			);
			defaultConfigurationIsVisible = 0;
			defaultConfigurationName = Release;
		};
		83CBB9FA1A601CBA00E9B192 /* Build configuration list for PBXProject "NativeSigner" */ = {
			isa = XCConfigurationList;
			buildConfigurations = (
				83CBBA201A601CBA00E9B192 /* Debug */,
				83CBBA211A601CBA00E9B192 /* Release */,
			);
			defaultConfigurationIsVisible = 0;
			defaultConfigurationName = Release;
		};
/* End XCConfigurationList section */
	};
	rootObject = 83CBB9F71A601CBA00E9B192 /* Project object */;
}
