// !$*UTF8*$!
{
	archiveVersion = 1;
	classes = {
	};
	objectVersion = 46;
	objects = {

/* Begin PBXBuildFile section */
		00E356F31AD99517003FC87E /* NativeSignerTests.m in Sources */ = {isa = PBXBuildFile; fileRef = 00E356F21AD99517003FC87E /* NativeSignerTests.m */; };
		0A5DA78AED2F468C8025AF7C /* Roboto-Black.ttf in Resources */ = {isa = PBXBuildFile; fileRef = EA252ACE6F044BD88BDCD173 /* Roboto-Black.ttf */; };
		0CFC8839F5B54F888E6C01DE /* Roboto-ThinItalic.ttf in Resources */ = {isa = PBXBuildFile; fileRef = FAE70C1AAEEA45159C8CB0EA /* Roboto-ThinItalic.ttf */; };
		13B07FBC1A68108700A75B9A /* AppDelegate.m in Sources */ = {isa = PBXBuildFile; fileRef = 13B07FB01A68108700A75B9A /* AppDelegate.m */; };
		13B07FBD1A68108700A75B9A /* LaunchScreen.xib in Resources */ = {isa = PBXBuildFile; fileRef = 13B07FB11A68108700A75B9A /* LaunchScreen.xib */; };
		13B07FBF1A68108700A75B9A /* Images.xcassets in Resources */ = {isa = PBXBuildFile; fileRef = 13B07FB51A68108700A75B9A /* Images.xcassets */; };
		13B07FC11A68108700A75B9A /* main.m in Sources */ = {isa = PBXBuildFile; fileRef = 13B07FB71A68108700A75B9A /* main.m */; };
		16614F66487241CE933918B8 /* Roboto-Thin.ttf in Resources */ = {isa = PBXBuildFile; fileRef = 020454D0D3C74A398EC7F440 /* Roboto-Thin.ttf */; };
		399D1B0E22DDDE1B00A815EB /* JavaScriptCore.framework in Frameworks */ = {isa = PBXBuildFile; fileRef = 399D1B0D22DDDE1B00A815EB /* JavaScriptCore.framework */; };
		39B6F6432315B550009C3C05 /* main.jsbundle in Resources */ = {isa = PBXBuildFile; fileRef = 39B6F6102315B550009C3C05 /* main.jsbundle */; };
		3C31DDCB4CD0465084344D5F /* Manifold-CF-Bold.otf in Resources */ = {isa = PBXBuildFile; fileRef = 624E6C0FF4A64A97A7D51BEF /* Manifold-CF-Bold.otf */; };
		3D7A98D07DE443E381067D3A /* Roboto-BlackItalic.ttf in Resources */ = {isa = PBXBuildFile; fileRef = 183C9D1307934735A4129705 /* Roboto-BlackItalic.ttf */; };
		423E02567C044AF6832B2388 /* Roboto-Light.ttf in Resources */ = {isa = PBXBuildFile; fileRef = 53880E8FF84C419EB11ACA5C /* Roboto-Light.ttf */; };
		5DC40D98E51D492C8FF692B5 /* Manifold-CF-Light.otf in Resources */ = {isa = PBXBuildFile; fileRef = 31AAF2CB51C04377BFC79634 /* Manifold-CF-Light.otf */; };
		66F342DBB3B573D07F9C7B81 /* libPods-NativeSigner-NativeSignerTests.a in Frameworks */ = {isa = PBXBuildFile; fileRef = 8D65048B1ED96512885EC461 /* libPods-NativeSigner-NativeSignerTests.a */; };
		6701864923270B1100A14061 /* assets in Resources */ = {isa = PBXBuildFile; fileRef = 6701864823270B1100A14061 /* assets */; };
		6779B94524741C7F00DFEFA9 /* RobotoMono-Medium.ttf in Resources */ = {isa = PBXBuildFile; fileRef = 6779B93E24741C7F00DFEFA9 /* RobotoMono-Medium.ttf */; };
		67E3BED3237C17A6007882FA /* RobotoMono-Regular.ttf in Resources */ = {isa = PBXBuildFile; fileRef = 67E3BEA2237C17A6007882FA /* RobotoMono-Regular.ttf */; };
		77AE2A2069B847F9B7EB4854 /* Manifold-CF.otf in Resources */ = {isa = PBXBuildFile; fileRef = 2EC5DDFE054D4A68B1B7D900 /* Manifold-CF.otf */; };
		7A7137D6EEDE40C184F30C15 /* Roboto-Regular.ttf in Resources */ = {isa = PBXBuildFile; fileRef = 5CD421FF72D947B0AA9EBABB /* Roboto-Regular.ttf */; };
		8E6DBF7AF484658DAEEFA1FA /* libPods-NativeSigner.a in Frameworks */ = {isa = PBXBuildFile; fileRef = A67D7844B2B3A1BE43F3774E /* libPods-NativeSigner.a */; };
		95279244A36A49849FCE2DAE /* Roboto-Bold.ttf in Resources */ = {isa = PBXBuildFile; fileRef = D592A5F1000548E09C637958 /* Roboto-Bold.ttf */; };
		A6DE194CA1E344F6B2BBDD09 /* Roboto-MediumItalic.ttf in Resources */ = {isa = PBXBuildFile; fileRef = 5F744F56289845F0A1085BBB /* Roboto-MediumItalic.ttf */; };
		AD0B6F7EACB74BA7A42D2A2E /* Manifold-CF-Demi-Bold.otf in Resources */ = {isa = PBXBuildFile; fileRef = 5D4F46832A564A6C98432D76 /* Manifold-CF-Demi-Bold.otf */; };
		B43B3542B9ED441AB8AFBA0B /* Roboto-Italic.ttf in Resources */ = {isa = PBXBuildFile; fileRef = 42D126E4D4D84C4784E2377B /* Roboto-Italic.ttf */; };
		E501D58522AE41A9AF18340A /* Roboto-BoldItalic.ttf in Resources */ = {isa = PBXBuildFile; fileRef = 0A3530DA239B43579EF02112 /* Roboto-BoldItalic.ttf */; };
		EDCE1EC0CA1249279F03F2E2 /* Roboto-Medium.ttf in Resources */ = {isa = PBXBuildFile; fileRef = E3DA81F74A0847378E71E280 /* Roboto-Medium.ttf */; };
		EE896FB251B94030AC713B6F /* Roboto-LightItalic.ttf in Resources */ = {isa = PBXBuildFile; fileRef = 8C99AB759A004CEB88AC4455 /* Roboto-LightItalic.ttf */; };
		F1569210427145DEBBB5B898 /* Manifold-CF-Extra-Bold.otf in Resources */ = {isa = PBXBuildFile; fileRef = F198D2DE15BC4461B2308E3C /* Manifold-CF-Extra-Bold.otf */; };
		1F426F8F208D2CC500CA43DB /* SubstrateSign.m in Sources */ = {isa = PBXBuildFile; fileRef = 1F426F8E208D2CC500CA43DB /* SubstrateSign.m */; };
		1F426F9C208D358500CA43DB /* SubstrateSign.swift in Sources */ = {isa = PBXBuildFile; fileRef = 1F426F99208D358500CA43DB /* SubstrateSign.swift */; };
 		1F73EE2721777A1D00706E91 /* libsigner.a in Frameworks */ = {isa = PBXBuildFile; fileRef = 1F426F39208B7CC000CA43DB /* libsigner.a */; };
/* End PBXBuildFile section */

/* Begin PBXContainerItemProxy section */
		00E356F41AD99517003FC87E /* PBXContainerItemProxy */ = {
			isa = PBXContainerItemProxy;
			containerPortal = 83CBB9F71A601CBA00E9B192 /* Project object */;
			proxyType = 1;
			remoteGlobalIDString = 13B07F861A680F5B00A75B9A;
			remoteInfo = NativeSigner;
		};
		3955110822F4547F00078B17 /* PBXContainerItemProxy */ = {
			isa = PBXContainerItemProxy;
			containerPortal = 99AC61BF1E3C4FE8B07077D3 /* RNRandomBytes.xcodeproj */;
			proxyType = 2;
			remoteGlobalIDString = 163CDE4E2087CAD3001065FB;
			remoteInfo = "RNRandomBytes-tvOS";
		};
		39D36A0722F4588C00EDA4F1 /* PBXContainerItemProxy */ = {
			isa = PBXContainerItemProxy;
			containerPortal = BB0882DC34AE448DAA1E2320 /* RNCNetInfo.xcodeproj */;
			proxyType = 2;
			remoteGlobalIDString = B5027B1B2237B30F00F1AABA;
			remoteInfo = "RNCNetInfo-tvOS";
		};
		671B80D02416CB3B00632516 /* PBXContainerItemProxy */ = {
			isa = PBXContainerItemProxy;
			containerPortal = BB0882DC34AE448DAA1E2320 /* RNCNetInfo.xcodeproj */;
			proxyType = 2;
			remoteGlobalIDString = 134814201AA4EA6300B7C361;
			remoteInfo = RNCNetInfo;
		};
		671B80D42416CB3B00632516 /* PBXContainerItemProxy */ = {
			isa = PBXContainerItemProxy;
			containerPortal = 99AC61BF1E3C4FE8B07077D3 /* RNRandomBytes.xcodeproj */;
			proxyType = 2;
			remoteGlobalIDString = 73EEC9391BFE4B1D00D468EB;
			remoteInfo = RNRandomBytes;
		};
		671B80D82416CB3B00632516 /* PBXContainerItemProxy */ = {
			isa = PBXContainerItemProxy;
			containerPortal = C0205550495341279B513024 /* RNSVG.xcodeproj */;
			proxyType = 2;
			remoteGlobalIDString = 0CF68AC11AF0540F00FF9E5C;
			remoteInfo = RNSVG;
		};
		88043C822301BD2B00340AB7 /* PBXContainerItemProxy */ = {
			isa = PBXContainerItemProxy;
			containerPortal = C0205550495341279B513024 /* RNSVG.xcodeproj */;
			proxyType = 2;
			remoteGlobalIDString = 94DDAC5C1F3D024300EED511;
			remoteInfo = "RNSVG-tvOS";
		};
/* End PBXContainerItemProxy section */

/* Begin PBXFileReference section */
		00E356EE1AD99517003FC87E /* NativeSignerTests.xctest */ = {isa = PBXFileReference; explicitFileType = wrapper.cfbundle; includeInIndex = 0; path = NativeSignerTests.xctest; sourceTree = BUILT_PRODUCTS_DIR; };
		00E356F11AD99517003FC87E /* Info.plist */ = {isa = PBXFileReference; lastKnownFileType = text.plist.xml; path = Info.plist; sourceTree = "<group>"; };
		00E356F21AD99517003FC87E /* NativeSignerTests.m */ = {isa = PBXFileReference; lastKnownFileType = sourcecode.c.objc; path = NativeSignerTests.m; sourceTree = "<group>"; };
		020454D0D3C74A398EC7F440 /* Roboto-Thin.ttf */ = {isa = PBXFileReference; explicitFileType = undefined; fileEncoding = 9; includeInIndex = 0; lastKnownFileType = unknown; name = "Roboto-Thin.ttf"; path = "../res/fonts/Roboto-Thin.ttf"; sourceTree = "<group>"; };
		0A3530DA239B43579EF02112 /* Roboto-BoldItalic.ttf */ = {isa = PBXFileReference; explicitFileType = undefined; fileEncoding = 9; includeInIndex = 0; lastKnownFileType = unknown; name = "Roboto-BoldItalic.ttf"; path = "../res/fonts/Roboto-BoldItalic.ttf"; sourceTree = "<group>"; };
		0CBFA37873E5DC7BE99408C5 /* Pods-NativeSigner-NativeSignerTests.githubactions.xcconfig */ = {isa = PBXFileReference; includeInIndex = 1; lastKnownFileType = text.xcconfig; name = "Pods-NativeSigner-NativeSignerTests.githubactions.xcconfig"; path = "Target Support Files/Pods-NativeSigner-NativeSignerTests/Pods-NativeSigner-NativeSignerTests.githubactions.xcconfig"; sourceTree = "<group>"; };
		13B07F961A680F5B00A75B9A /* NativeSigner.app */ = {isa = PBXFileReference; explicitFileType = wrapper.application; includeInIndex = 0; path = NativeSigner.app; sourceTree = BUILT_PRODUCTS_DIR; };
		13B07FAF1A68108700A75B9A /* AppDelegate.h */ = {isa = PBXFileReference; fileEncoding = 4; lastKnownFileType = sourcecode.c.h; name = AppDelegate.h; path = NativeSigner/AppDelegate.h; sourceTree = "<group>"; };
		13B07FB01A68108700A75B9A /* AppDelegate.m */ = {isa = PBXFileReference; fileEncoding = 4; lastKnownFileType = sourcecode.c.objc; name = AppDelegate.m; path = NativeSigner/AppDelegate.m; sourceTree = "<group>"; };
		13B07FB21A68108700A75B9A /* Base */ = {isa = PBXFileReference; lastKnownFileType = file.xib; name = Base; path = Base.lproj/LaunchScreen.xib; sourceTree = "<group>"; };
		13B07FB51A68108700A75B9A /* Images.xcassets */ = {isa = PBXFileReference; lastKnownFileType = folder.assetcatalog; name = Images.xcassets; path = NativeSigner/Images.xcassets; sourceTree = "<group>"; };
		13B07FB61A68108700A75B9A /* Info.plist */ = {isa = PBXFileReference; fileEncoding = 4; lastKnownFileType = text.plist.xml; name = Info.plist; path = NativeSigner/Info.plist; sourceTree = "<group>"; };
		13B07FB71A68108700A75B9A /* main.m */ = {isa = PBXFileReference; fileEncoding = 4; lastKnownFileType = sourcecode.c.objc; name = main.m; path = NativeSigner/main.m; sourceTree = "<group>"; };
		15BC2D6C3FC64019985638C1 /* FontAwesome.ttf */ = {isa = PBXFileReference; explicitFileType = undefined; fileEncoding = 9; includeInIndex = 0; lastKnownFileType = unknown; name = FontAwesome.ttf; path = "../node_modules/react-native-vector-icons/Fonts/FontAwesome.ttf"; sourceTree = "<group>"; };
		183C9D1307934735A4129705 /* Roboto-BlackItalic.ttf */ = {isa = PBXFileReference; explicitFileType = undefined; fileEncoding = 9; includeInIndex = 0; lastKnownFileType = unknown; name = "Roboto-BlackItalic.ttf"; path = "../res/fonts/Roboto-BlackItalic.ttf"; sourceTree = "<group>"; };
		1F426F39208B7CC000CA43DB /* libsigner.a */ = {isa = PBXFileReference; lastKnownFileType = archive.ar; name = libsigner.a; path = NativeSigner/libsigner.a; sourceTree = "<group>"; };
		1F426F90208D31D200CA43DB /* signer.h */ = {isa = PBXFileReference; fileEncoding = 4; lastKnownFileType = sourcecode.c.h; name = signer.h; path = ../rust/signer/signer.h; sourceTree = "<group>"; };
		1F426F9B208D358500CA43DB /* NativeSigner-Bridging-Header.h */ = {isa = PBXFileReference; fileEncoding = 4; lastKnownFileType = sourcecode.c.h; name = "NativeSigner-Bridging-Header.h"; path = "NativeSigner/NativeSigner-Bridging-Header.h"; sourceTree = "<group>"; };
		1F7FFA3B208B691700FF717A /* libresolv.tbd */ = {isa = PBXFileReference; lastKnownFileType = "sourcecode.text-based-dylib-definition"; name = libresolv.tbd; path = usr/lib/libresolv.tbd; sourceTree = SDKROOT; };
		2D0EA96B71FC4AFF8C35B80E /* Feather.ttf */ = {isa = PBXFileReference; explicitFileType = undefined; fileEncoding = 9; includeInIndex = 0; lastKnownFileType = unknown; name = Feather.ttf; path = "../node_modules/react-native-vector-icons/Fonts/Feather.ttf"; sourceTree = "<group>"; };
		2E43A8182F586AE97EC694AD /* Pods-NativeSigner.debug.xcconfig */ = {isa = PBXFileReference; includeInIndex = 1; lastKnownFileType = text.xcconfig; name = "Pods-NativeSigner.debug.xcconfig"; path = "Target Support Files/Pods-NativeSigner/Pods-NativeSigner.debug.xcconfig"; sourceTree = "<group>"; };
		2EC5DDFE054D4A68B1B7D900 /* Manifold-CF.otf */ = {isa = PBXFileReference; explicitFileType = undefined; fileEncoding = 9; includeInIndex = 0; lastKnownFileType = unknown; name = "Manifold-CF.otf"; path = "../res/fonts/Manifold-CF.otf"; sourceTree = "<group>"; };
		31AAF2CB51C04377BFC79634 /* Manifold-CF-Light.otf */ = {isa = PBXFileReference; explicitFileType = undefined; fileEncoding = 9; includeInIndex = 0; lastKnownFileType = unknown; name = "Manifold-CF-Light.otf"; path = "../res/fonts/Manifold-CF-Light.otf"; sourceTree = "<group>"; };
		399D1B0D22DDDE1B00A815EB /* JavaScriptCore.framework */ = {isa = PBXFileReference; lastKnownFileType = wrapper.framework; name = JavaScriptCore.framework; path = System/Library/Frameworks/JavaScriptCore.framework; sourceTree = SDKROOT; };
		39B6F6102315B550009C3C05 /* main.jsbundle */ = {isa = PBXFileReference; lastKnownFileType = text; path = main.jsbundle; sourceTree = "<group>"; };
		3DB51A3702D94B6BA025DDE6 /* FontAwesome5_Brands.ttf */ = {isa = PBXFileReference; explicitFileType = undefined; fileEncoding = 9; includeInIndex = 0; lastKnownFileType = unknown; name = FontAwesome5_Brands.ttf; path = "../node_modules/react-native-vector-icons/Fonts/FontAwesome5_Brands.ttf"; sourceTree = "<group>"; };
		42D126E4D4D84C4784E2377B /* Roboto-Italic.ttf */ = {isa = PBXFileReference; explicitFileType = undefined; fileEncoding = 9; includeInIndex = 0; lastKnownFileType = unknown; name = "Roboto-Italic.ttf"; path = "../res/fonts/Roboto-Italic.ttf"; sourceTree = "<group>"; };
		431C560691184DF8B5347066 /* FontAwesome5_Solid.ttf */ = {isa = PBXFileReference; explicitFileType = undefined; fileEncoding = 9; includeInIndex = 0; lastKnownFileType = unknown; name = FontAwesome5_Solid.ttf; path = "../node_modules/react-native-vector-icons/Fonts/FontAwesome5_Solid.ttf"; sourceTree = "<group>"; };
		4BF2B8970DC245F4BA0574F9 /* MaterialIcons.ttf */ = {isa = PBXFileReference; explicitFileType = undefined; fileEncoding = 9; includeInIndex = 0; lastKnownFileType = unknown; name = MaterialIcons.ttf; path = "../node_modules/react-native-vector-icons/Fonts/MaterialIcons.ttf"; sourceTree = "<group>"; };
		4CBAF819A6739A2AEC6AB7B1 /* Pods-NativeSigner.githubactions.xcconfig */ = {isa = PBXFileReference; includeInIndex = 1; lastKnownFileType = text.xcconfig; name = "Pods-NativeSigner.githubactions.xcconfig"; path = "Target Support Files/Pods-NativeSigner/Pods-NativeSigner.githubactions.xcconfig"; sourceTree = "<group>"; };
		5099F906199C4A1DB534B2F2 /* libRNRandomBytes.a */ = {isa = PBXFileReference; explicitFileType = undefined; fileEncoding = 9; includeInIndex = 0; lastKnownFileType = archive.ar; path = libRNRandomBytes.a; sourceTree = "<group>"; };
		53880E8FF84C419EB11ACA5C /* Roboto-Light.ttf */ = {isa = PBXFileReference; explicitFileType = undefined; fileEncoding = 9; includeInIndex = 0; lastKnownFileType = unknown; name = "Roboto-Light.ttf"; path = "../res/fonts/Roboto-Light.ttf"; sourceTree = "<group>"; };
		5CD421FF72D947B0AA9EBABB /* Roboto-Regular.ttf */ = {isa = PBXFileReference; explicitFileType = undefined; fileEncoding = 9; includeInIndex = 0; lastKnownFileType = unknown; name = "Roboto-Regular.ttf"; path = "../res/fonts/Roboto-Regular.ttf"; sourceTree = "<group>"; };
		5D4F46832A564A6C98432D76 /* Manifold-CF-Demi-Bold.otf */ = {isa = PBXFileReference; explicitFileType = undefined; fileEncoding = 9; includeInIndex = 0; lastKnownFileType = unknown; name = "Manifold-CF-Demi-Bold.otf"; path = "../res/fonts/Manifold-CF-Demi-Bold.otf"; sourceTree = "<group>"; };
		5F744F56289845F0A1085BBB /* Roboto-MediumItalic.ttf */ = {isa = PBXFileReference; explicitFileType = undefined; fileEncoding = 9; includeInIndex = 0; lastKnownFileType = unknown; name = "Roboto-MediumItalic.ttf"; path = "../res/fonts/Roboto-MediumItalic.ttf"; sourceTree = "<group>"; };
		624E6C0FF4A64A97A7D51BEF /* Manifold-CF-Bold.otf */ = {isa = PBXFileReference; explicitFileType = undefined; fileEncoding = 9; includeInIndex = 0; lastKnownFileType = unknown; name = "Manifold-CF-Bold.otf"; path = "../res/fonts/Manifold-CF-Bold.otf"; sourceTree = "<group>"; };
		6701864823270B1100A14061 /* assets */ = {isa = PBXFileReference; lastKnownFileType = folder; path = assets; sourceTree = "<group>"; };
		671B818C2416E17100632516 /* libDoubleConversion.a */ = {isa = PBXFileReference; explicitFileType = archive.ar; path = libDoubleConversion.a; sourceTree = BUILT_PRODUCTS_DIR; };
		6779B93E24741C7F00DFEFA9 /* RobotoMono-Medium.ttf */ = {isa = PBXFileReference; lastKnownFileType = file; path = "RobotoMono-Medium.ttf"; sourceTree = "<group>"; };
		6784634824ACE7D0000990D6 /* Bridging.swift */ = {isa = PBXFileReference; lastKnownFileType = sourcecode.swift; path = Bridging.swift; sourceTree = "<group>"; };
		67E3BEA2237C17A6007882FA /* RobotoMono-Regular.ttf */ = {isa = PBXFileReference; lastKnownFileType = file; path = "RobotoMono-Regular.ttf"; sourceTree = "<group>"; };
		6A7AB3BD3C1A4E0EB3C4B3B6 /* Entypo.ttf */ = {isa = PBXFileReference; explicitFileType = undefined; fileEncoding = 9; includeInIndex = 0; lastKnownFileType = unknown; name = Entypo.ttf; path = "../node_modules/react-native-vector-icons/Fonts/Entypo.ttf"; sourceTree = "<group>"; };
		6C53A63D96B24FDD95AF1C97 /* Fontisto.ttf */ = {isa = PBXFileReference; explicitFileType = undefined; fileEncoding = 9; includeInIndex = 0; lastKnownFileType = unknown; name = Fontisto.ttf; path = "../node_modules/react-native-vector-icons/Fonts/Fontisto.ttf"; sourceTree = "<group>"; };
		7733AB637FF54DE5B174F42C /* Zocial.ttf */ = {isa = PBXFileReference; explicitFileType = undefined; fileEncoding = 9; includeInIndex = 0; lastKnownFileType = unknown; name = Zocial.ttf; path = "../node_modules/react-native-vector-icons/Fonts/Zocial.ttf"; sourceTree = "<group>"; };
		84D1117E71B04C839F00F619 /* Ionicons.ttf */ = {isa = PBXFileReference; explicitFileType = undefined; fileEncoding = 9; includeInIndex = 0; lastKnownFileType = unknown; name = Ionicons.ttf; path = "../node_modules/react-native-vector-icons/Fonts/Ionicons.ttf"; sourceTree = "<group>"; };
		894E2A1A52DC44C28E9F9A71 /* AntDesign.ttf */ = {isa = PBXFileReference; explicitFileType = undefined; fileEncoding = 9; includeInIndex = 0; lastKnownFileType = unknown; name = AntDesign.ttf; path = "../node_modules/react-native-vector-icons/Fonts/AntDesign.ttf"; sourceTree = "<group>"; };
		8C99AB759A004CEB88AC4455 /* Roboto-LightItalic.ttf */ = {isa = PBXFileReference; explicitFileType = undefined; fileEncoding = 9; includeInIndex = 0; lastKnownFileType = unknown; name = "Roboto-LightItalic.ttf"; path = "../res/fonts/Roboto-LightItalic.ttf"; sourceTree = "<group>"; };
		8CED6BE60471B6CB2A6E0F08 /* Pods-NativeSigner-NativeSignerTests.release.xcconfig */ = {isa = PBXFileReference; includeInIndex = 1; lastKnownFileType = text.xcconfig; name = "Pods-NativeSigner-NativeSignerTests.release.xcconfig"; path = "Target Support Files/Pods-NativeSigner-NativeSignerTests/Pods-NativeSigner-NativeSignerTests.release.xcconfig"; sourceTree = "<group>"; };
		8D65048B1ED96512885EC461 /* libPods-NativeSigner-NativeSignerTests.a */ = {isa = PBXFileReference; explicitFileType = archive.ar; includeInIndex = 0; path = "libPods-NativeSigner-NativeSignerTests.a"; sourceTree = BUILT_PRODUCTS_DIR; };
		91D53BBCAE6D418EA362A703 /* Foundation.ttf */ = {isa = PBXFileReference; explicitFileType = undefined; fileEncoding = 9; includeInIndex = 0; lastKnownFileType = unknown; name = Foundation.ttf; path = "../node_modules/react-native-vector-icons/Fonts/Foundation.ttf"; sourceTree = "<group>"; };
		99AC61BF1E3C4FE8B07077D3 /* RNRandomBytes.xcodeproj */ = {isa = PBXFileReference; explicitFileType = undefined; fileEncoding = 9; includeInIndex = 0; lastKnownFileType = "wrapper.pb-project"; name = RNRandomBytes.xcodeproj; path = "../node_modules/react-native-randombytes/RNRandomBytes.xcodeproj"; sourceTree = "<group>"; };
		A67D7844B2B3A1BE43F3774E /* libPods-NativeSigner.a */ = {isa = PBXFileReference; explicitFileType = archive.ar; includeInIndex = 0; path = "libPods-NativeSigner.a"; sourceTree = BUILT_PRODUCTS_DIR; };
		BB0882DC34AE448DAA1E2320 /* RNCNetInfo.xcodeproj */ = {isa = PBXFileReference; explicitFileType = undefined; fileEncoding = 9; includeInIndex = 0; lastKnownFileType = "wrapper.pb-project"; name = RNCNetInfo.xcodeproj; path = "../node_modules/@react-native-community/netinfo/ios/RNCNetInfo.xcodeproj"; sourceTree = "<group>"; };
		C0205550495341279B513024 /* RNSVG.xcodeproj */ = {isa = PBXFileReference; explicitFileType = undefined; fileEncoding = 9; includeInIndex = 0; lastKnownFileType = "wrapper.pb-project"; name = RNSVG.xcodeproj; path = "../node_modules/react-native-svg/ios/RNSVG.xcodeproj"; sourceTree = "<group>"; };
		CB5C4A7F0E8B4E4E98E06EFD /* MaterialCommunityIcons.ttf */ = {isa = PBXFileReference; explicitFileType = undefined; fileEncoding = 9; includeInIndex = 0; lastKnownFileType = unknown; name = MaterialCommunityIcons.ttf; path = "../node_modules/react-native-vector-icons/Fonts/MaterialCommunityIcons.ttf"; sourceTree = "<group>"; };
		D44E3C511D404074AF5AFDB9 /* libRNSVG.a */ = {isa = PBXFileReference; explicitFileType = undefined; fileEncoding = 9; includeInIndex = 0; lastKnownFileType = archive.ar; path = libRNSVG.a; sourceTree = "<group>"; };
		D592A5F1000548E09C637958 /* Roboto-Bold.ttf */ = {isa = PBXFileReference; explicitFileType = undefined; fileEncoding = 9; includeInIndex = 0; lastKnownFileType = unknown; name = "Roboto-Bold.ttf"; path = "../res/fonts/Roboto-Bold.ttf"; sourceTree = "<group>"; };
		DDFA123E816A46BBB8DF60B6 /* libRCTCamera.a */ = {isa = PBXFileReference; explicitFileType = undefined; fileEncoding = 9; includeInIndex = 0; lastKnownFileType = archive.ar; path = libRCTCamera.a; sourceTree = "<group>"; };
		E2C73A1D48444F90B25AB1C9 /* EvilIcons.ttf */ = {isa = PBXFileReference; explicitFileType = undefined; fileEncoding = 9; includeInIndex = 0; lastKnownFileType = unknown; name = EvilIcons.ttf; path = "../node_modules/react-native-vector-icons/Fonts/EvilIcons.ttf"; sourceTree = "<group>"; };
		E349784A51B7EC61DA0E0127 /* Pods-NativeSigner-NativeSignerTests.debug.xcconfig */ = {isa = PBXFileReference; includeInIndex = 1; lastKnownFileType = text.xcconfig; name = "Pods-NativeSigner-NativeSignerTests.debug.xcconfig"; path = "Target Support Files/Pods-NativeSigner-NativeSignerTests/Pods-NativeSigner-NativeSignerTests.debug.xcconfig"; sourceTree = "<group>"; };
		E3DA81F74A0847378E71E280 /* Roboto-Medium.ttf */ = {isa = PBXFileReference; explicitFileType = undefined; fileEncoding = 9; includeInIndex = 0; lastKnownFileType = unknown; name = "Roboto-Medium.ttf"; path = "../res/fonts/Roboto-Medium.ttf"; sourceTree = "<group>"; };
		E759893EEAF44DD487B2401E /* FontAwesome5_Regular.ttf */ = {isa = PBXFileReference; explicitFileType = undefined; fileEncoding = 9; includeInIndex = 0; lastKnownFileType = unknown; name = FontAwesome5_Regular.ttf; path = "../node_modules/react-native-vector-icons/Fonts/FontAwesome5_Regular.ttf"; sourceTree = "<group>"; };
		E8E0FEBC36F54D78A81C1639 /* SimpleLineIcons.ttf */ = {isa = PBXFileReference; explicitFileType = undefined; fileEncoding = 9; includeInIndex = 0; lastKnownFileType = unknown; name = SimpleLineIcons.ttf; path = "../node_modules/react-native-vector-icons/Fonts/SimpleLineIcons.ttf"; sourceTree = "<group>"; };
		EA252ACE6F044BD88BDCD173 /* Roboto-Black.ttf */ = {isa = PBXFileReference; explicitFileType = undefined; fileEncoding = 9; includeInIndex = 0; lastKnownFileType = unknown; name = "Roboto-Black.ttf"; path = "../res/fonts/Roboto-Black.ttf"; sourceTree = "<group>"; };
		F198D2DE15BC4461B2308E3C /* Manifold-CF-Extra-Bold.otf */ = {isa = PBXFileReference; explicitFileType = undefined; fileEncoding = 9; includeInIndex = 0; lastKnownFileType = unknown; name = "Manifold-CF-Extra-Bold.otf"; path = "../res/fonts/Manifold-CF-Extra-Bold.otf"; sourceTree = "<group>"; };
		F2FB2DDD90964B3BB1FC813C /* Octicons.ttf */ = {isa = PBXFileReference; explicitFileType = undefined; fileEncoding = 9; includeInIndex = 0; lastKnownFileType = unknown; name = Octicons.ttf; path = "../node_modules/react-native-vector-icons/Fonts/Octicons.ttf"; sourceTree = "<group>"; };
		F5A969A2336EFB6AAFB76B57 /* Pods-NativeSigner.release.xcconfig */ = {isa = PBXFileReference; includeInIndex = 1; lastKnownFileType = text.xcconfig; name = "Pods-NativeSigner.release.xcconfig"; path = "Target Support Files/Pods-NativeSigner/Pods-NativeSigner.release.xcconfig"; sourceTree = "<group>"; };
		FAE70C1AAEEA45159C8CB0EA /* Roboto-ThinItalic.ttf */ = {isa = PBXFileReference; explicitFileType = undefined; fileEncoding = 9; includeInIndex = 0; lastKnownFileType = unknown; name = "Roboto-ThinItalic.ttf"; path = "../res/fonts/Roboto-ThinItalic.ttf"; sourceTree = "<group>"; };
 		1F426F8E208D2CC500CA43DB /* SubstrateSign.m */ = {isa = PBXFileReference; lastKnownFileType = sourcecode.c.objc; name = SubstrateSign.m; path = NativeSigner/SubstrateSign.m; sourceTree = "<group>"; };
 		1F426F99208D358500CA43DB /* SubstrateSign.swift */ = {isa = PBXFileReference; fileEncoding = 4; lastKnownFileType = sourcecode.swift; name = SubstrateSign.swift; path = NativeSigner/SubstrateSign.swift; sourceTree = "<group>"; };
/* End PBXFileReference section */

/* Begin PBXFrameworksBuildPhase section */
		00E356EB1AD99517003FC87E /* Frameworks */ = {
			isa = PBXFrameworksBuildPhase;
			buildActionMask = 2147483647;
			files = (
				66F342DBB3B573D07F9C7B81 /* libPods-NativeSigner-NativeSignerTests.a in Frameworks */,
			);
			runOnlyForDeploymentPostprocessing = 0;
		};
		13B07F8C1A680F5B00A75B9A /* Frameworks */ = {
			isa = PBXFrameworksBuildPhase;
			buildActionMask = 2147483647;
			files = (
				399D1B0E22DDDE1B00A815EB /* JavaScriptCore.framework in Frameworks */,
 				1F73EE2721777A1D00706E91 /* libsigner.a in Frameworks */,
				8E6DBF7AF484658DAEEFA1FA /* libPods-NativeSigner.a in Frameworks */,
			);
			runOnlyForDeploymentPostprocessing = 0;
		};
/* End PBXFrameworksBuildPhase section */

/* Begin PBXGroup section */
		00E356EF1AD99517003FC87E /* NativeSignerTests */ = {
			isa = PBXGroup;
			children = (
				00E356F21AD99517003FC87E /* NativeSignerTests.m */,
				00E356F01AD99517003FC87E /* Supporting Files */,
			);
			path = NativeSignerTests;
			sourceTree = "<group>";
		};
		00E356F01AD99517003FC87E /* Supporting Files */ = {
			isa = PBXGroup;
			children = (
				00E356F11AD99517003FC87E /* Info.plist */,
			);
			name = "Supporting Files";
			sourceTree = "<group>";
		};
		13B07FAE1A68108700A75B9A /* NativeSigner */ = {
			isa = PBXGroup;
			children = (
				1F426F9B208D358500CA43DB /* NativeSigner-Bridging-Header.h */,
				1F426F90208D31D200CA43DB /* signer.h */,
				13B07FAF1A68108700A75B9A /* AppDelegate.h */,
				13B07FB01A68108700A75B9A /* AppDelegate.m */,
				13B07FB51A68108700A75B9A /* Images.xcassets */,
				13B07FB61A68108700A75B9A /* Info.plist */,
				13B07FB11A68108700A75B9A /* LaunchScreen.xib */,
				13B07FB71A68108700A75B9A /* main.m */,
 				1F426F99208D358500CA43DB /* SubstrateSign.swift */,
 				1F426F8E208D2CC500CA43DB /* SubstrateSign.m */,
			);
			name = NativeSigner;
			sourceTree = "<group>";
		};
		1F3559852089081300E8521D /* Recovered References */ = {
			isa = PBXGroup;
			children = (
				DDFA123E816A46BBB8DF60B6 /* libRCTCamera.a */,
				5099F906199C4A1DB534B2F2 /* libRNRandomBytes.a */,
				D44E3C511D404074AF5AFDB9 /* libRNSVG.a */,
			);
			name = "Recovered References";
			sourceTree = "<group>";
		};
		1F7FFA15208B691700FF717A /* Frameworks */ = {
			isa = PBXGroup;
			children = (
				671B818C2416E17100632516 /* libDoubleConversion.a */,
				399D1B0D22DDDE1B00A815EB /* JavaScriptCore.framework */,
				1F426F39208B7CC000CA43DB /* libsigner.a */,
				1F7FFA3B208B691700FF717A /* libresolv.tbd */,
				A67D7844B2B3A1BE43F3774E /* libPods-NativeSigner.a */,
				8D65048B1ED96512885EC461 /* libPods-NativeSigner-NativeSignerTests.a */,
			);
			name = Frameworks;
			sourceTree = "<group>";
		};
		3955110222F4547F00078B17 /* Products */ = {
			isa = PBXGroup;
			children = (
				671B80D52416CB3B00632516 /* libRNRandomBytes.a */,
				3955110922F4547F00078B17 /* libRNRandomBytes-tvOS.a */,
			);
			name = Products;
			sourceTree = "<group>";
		};
		39D36A0122F4588B00EDA4F1 /* Products */ = {
			isa = PBXGroup;
			children = (
				671B80D12416CB3B00632516 /* libRNCNetInfo.a */,
				39D36A0822F4588C00EDA4F1 /* libRNCNetInfo-tvOS.a */,
			);
			name = Products;
			sourceTree = "<group>";
		};
		6D14AF58F6CE45DDBA2DE41C /* Resources */ = {
			isa = PBXGroup;
			children = (
				EA252ACE6F044BD88BDCD173 /* Roboto-Black.ttf */,
				6779B93E24741C7F00DFEFA9 /* RobotoMono-Medium.ttf */,
				183C9D1307934735A4129705 /* Roboto-BlackItalic.ttf */,
				D592A5F1000548E09C637958 /* Roboto-Bold.ttf */,
				0A3530DA239B43579EF02112 /* Roboto-BoldItalic.ttf */,
				42D126E4D4D84C4784E2377B /* Roboto-Italic.ttf */,
				53880E8FF84C419EB11ACA5C /* Roboto-Light.ttf */,
				8C99AB759A004CEB88AC4455 /* Roboto-LightItalic.ttf */,
				E3DA81F74A0847378E71E280 /* Roboto-Medium.ttf */,
				67E3BEA2237C17A6007882FA /* RobotoMono-Regular.ttf */,
				5F744F56289845F0A1085BBB /* Roboto-MediumItalic.ttf */,
				5CD421FF72D947B0AA9EBABB /* Roboto-Regular.ttf */,
				020454D0D3C74A398EC7F440 /* Roboto-Thin.ttf */,
				FAE70C1AAEEA45159C8CB0EA /* Roboto-ThinItalic.ttf */,
				624E6C0FF4A64A97A7D51BEF /* Manifold-CF-Bold.otf */,
				5D4F46832A564A6C98432D76 /* Manifold-CF-Demi-Bold.otf */,
				F198D2DE15BC4461B2308E3C /* Manifold-CF-Extra-Bold.otf */,
				31AAF2CB51C04377BFC79634 /* Manifold-CF-Light.otf */,
				2EC5DDFE054D4A68B1B7D900 /* Manifold-CF.otf */,
				894E2A1A52DC44C28E9F9A71 /* AntDesign.ttf */,
				6A7AB3BD3C1A4E0EB3C4B3B6 /* Entypo.ttf */,
				E2C73A1D48444F90B25AB1C9 /* EvilIcons.ttf */,
				2D0EA96B71FC4AFF8C35B80E /* Feather.ttf */,
				15BC2D6C3FC64019985638C1 /* FontAwesome.ttf */,
				3DB51A3702D94B6BA025DDE6 /* FontAwesome5_Brands.ttf */,
				E759893EEAF44DD487B2401E /* FontAwesome5_Regular.ttf */,
				431C560691184DF8B5347066 /* FontAwesome5_Solid.ttf */,
				6C53A63D96B24FDD95AF1C97 /* Fontisto.ttf */,
				91D53BBCAE6D418EA362A703 /* Foundation.ttf */,
				84D1117E71B04C839F00F619 /* Ionicons.ttf */,
				CB5C4A7F0E8B4E4E98E06EFD /* MaterialCommunityIcons.ttf */,
				4BF2B8970DC245F4BA0574F9 /* MaterialIcons.ttf */,
				F2FB2DDD90964B3BB1FC813C /* Octicons.ttf */,
				E8E0FEBC36F54D78A81C1639 /* SimpleLineIcons.ttf */,
				7733AB637FF54DE5B174F42C /* Zocial.ttf */,
			);
			name = Resources;
			sourceTree = "<group>";
		};
		832341AE1AAA6A7D00B99B32 /* Libraries */ = {
			isa = PBXGroup;
			children = (
			);
			name = Libraries;
			sourceTree = "<group>";
		};
		83CBB9F61A601CBA00E9B192 = {
			isa = PBXGroup;
			children = (
				6701864823270B1100A14061 /* assets */,
				39B6F6102315B550009C3C05 /* main.jsbundle */,
				13B07FAE1A68108700A75B9A /* NativeSigner */,
				832341AE1AAA6A7D00B99B32 /* Libraries */,
				00E356EF1AD99517003FC87E /* NativeSignerTests */,
				83CBBA001A601CBA00E9B192 /* Products */,
				1F3559852089081300E8521D /* Recovered References */,
				1F7FFA15208B691700FF717A /* Frameworks */,
				6D14AF58F6CE45DDBA2DE41C /* Resources */,
				99E67DDEA1C0A1F7EACC69CB /* Pods */,
			);
			indentWidth = 2;
			sourceTree = "<group>";
			tabWidth = 2;
		};
		83CBBA001A601CBA00E9B192 /* Products */ = {
			isa = PBXGroup;
			children = (
				13B07F961A680F5B00A75B9A /* NativeSigner.app */,
				00E356EE1AD99517003FC87E /* NativeSignerTests.xctest */,
			);
			name = Products;
			sourceTree = "<group>";
		};
		88043C742301BD2B00340AB7 /* Products */ = {
			isa = PBXGroup;
			children = (
				671B80D92416CB3B00632516 /* libRNSVG.a */,
				88043C832301BD2B00340AB7 /* libRNSVG-tvOS.a */,
			);
			name = Products;
			sourceTree = "<group>";
		};
		99E67DDEA1C0A1F7EACC69CB /* Pods */ = {
			isa = PBXGroup;
			children = (
				2E43A8182F586AE97EC694AD /* Pods-NativeSigner.debug.xcconfig */,
				F5A969A2336EFB6AAFB76B57 /* Pods-NativeSigner.release.xcconfig */,
				4CBAF819A6739A2AEC6AB7B1 /* Pods-NativeSigner.githubactions.xcconfig */,
				E349784A51B7EC61DA0E0127 /* Pods-NativeSigner-NativeSignerTests.debug.xcconfig */,
				8CED6BE60471B6CB2A6E0F08 /* Pods-NativeSigner-NativeSignerTests.release.xcconfig */,
				0CBFA37873E5DC7BE99408C5 /* Pods-NativeSigner-NativeSignerTests.githubactions.xcconfig */,
			);
			path = Pods;
			sourceTree = "<group>";
		};
/* End PBXGroup section */

/* Begin PBXNativeTarget section */
		00E356ED1AD99517003FC87E /* NativeSignerTests */ = {
			isa = PBXNativeTarget;
			buildConfigurationList = 00E357021AD99517003FC87E /* Build configuration list for PBXNativeTarget "NativeSignerTests" */;
			buildPhases = (
				A6D1330E26B08845E0531D42 /* [CP] Check Pods Manifest.lock */,
				00E356EA1AD99517003FC87E /* Sources */,
				00E356EB1AD99517003FC87E /* Frameworks */,
				00E356EC1AD99517003FC87E /* Resources */,
				F49EF56164522E60CA8DC9C3 /* [CP] Copy Pods Resources */,
			);
			buildRules = (
			);
			dependencies = (
				00E356F51AD99517003FC87E /* PBXTargetDependency */,
			);
			name = NativeSignerTests;
			productName = NativeSignerTests;
			productReference = 00E356EE1AD99517003FC87E /* NativeSignerTests.xctest */;
			productType = "com.apple.product-type.bundle.unit-test";
		};
		13B07F861A680F5B00A75B9A /* NativeSigner */ = {
			isa = PBXNativeTarget;
			buildConfigurationList = 13B07F931A680F5B00A75B9A /* Build configuration list for PBXNativeTarget "NativeSigner" */;
			buildPhases = (
				1C3008AF23C42B9FB273318C /* [CP] Check Pods Manifest.lock */,
				13B07F871A680F5B00A75B9A /* Sources */,
				13B07F8C1A680F5B00A75B9A /* Frameworks */,
				13B07F8E1A680F5B00A75B9A /* Resources */,
				00DD1BFF1BD5951E006B06BC /* Bundle React Native code and images */,
				709FA926369B7BAC46708BFD /* [CP] Copy Pods Resources */,
			);
			buildRules = (
			);
			dependencies = (
			);
			name = NativeSigner;
			productName = "Hello World";
			productReference = 13B07F961A680F5B00A75B9A /* NativeSigner.app */;
			productType = "com.apple.product-type.application";
		};
/* End PBXNativeTarget section */

/* Begin PBXProject section */
		83CBB9F71A601CBA00E9B192 /* Project object */ = {
			isa = PBXProject;
			attributes = {
				LastUpgradeCheck = 1020;
				ORGANIZATIONNAME = "Parity Technologies";
				TargetAttributes = {
					00E356ED1AD99517003FC87E = {
						CreatedOnToolsVersion = 6.2;
						DevelopmentTeam = P2PX3JU8FT;
						LastSwiftMigration = 1140;
						ProvisioningStyle = Automatic;
						TestTargetID = 13B07F861A680F5B00A75B9A;
					};
					13B07F861A680F5B00A75B9A = {
						LastSwiftMigration = 930;
						ProvisioningStyle = Automatic;
					};
				};
			};
			buildConfigurationList = 83CBB9FA1A601CBA00E9B192 /* Build configuration list for PBXProject "NativeSigner" */;
			compatibilityVersion = "Xcode 3.2";
			developmentRegion = English;
			hasScannedForEncodings = 0;
			knownRegions = (
				English,
				en,
				Base,
			);
			mainGroup = 83CBB9F61A601CBA00E9B192;
			productRefGroup = 83CBBA001A601CBA00E9B192 /* Products */;
			projectDirPath = "";
			projectReferences = (
				{
					ProductGroup = 39D36A0122F4588B00EDA4F1 /* Products */;
					ProjectRef = BB0882DC34AE448DAA1E2320 /* RNCNetInfo.xcodeproj */;
				},
				{
					ProductGroup = 3955110222F4547F00078B17 /* Products */;
					ProjectRef = 99AC61BF1E3C4FE8B07077D3 /* RNRandomBytes.xcodeproj */;
				},
				{
					ProductGroup = 88043C742301BD2B00340AB7 /* Products */;
					ProjectRef = C0205550495341279B513024 /* RNSVG.xcodeproj */;
				},
			);
			projectRoot = "";
			targets = (
				13B07F861A680F5B00A75B9A /* NativeSigner */,
				00E356ED1AD99517003FC87E /* NativeSignerTests */,
			);
		};
/* End PBXProject section */

/* Begin PBXReferenceProxy section */
		3955110922F4547F00078B17 /* libRNRandomBytes-tvOS.a */ = {
			isa = PBXReferenceProxy;
			fileType = archive.ar;
			path = "libRNRandomBytes-tvOS.a";
			remoteRef = 3955110822F4547F00078B17 /* PBXContainerItemProxy */;
			sourceTree = BUILT_PRODUCTS_DIR;
		};
		39D36A0822F4588C00EDA4F1 /* libRNCNetInfo-tvOS.a */ = {
			isa = PBXReferenceProxy;
			fileType = archive.ar;
			path = "libRNCNetInfo-tvOS.a";
			remoteRef = 39D36A0722F4588C00EDA4F1 /* PBXContainerItemProxy */;
			sourceTree = BUILT_PRODUCTS_DIR;
		};
		671B80D12416CB3B00632516 /* libRNCNetInfo.a */ = {
			isa = PBXReferenceProxy;
			fileType = archive.ar;
			path = libRNCNetInfo.a;
			remoteRef = 671B80D02416CB3B00632516 /* PBXContainerItemProxy */;
			sourceTree = BUILT_PRODUCTS_DIR;
		};
		671B80D52416CB3B00632516 /* libRNRandomBytes.a */ = {
			isa = PBXReferenceProxy;
			fileType = archive.ar;
			path = libRNRandomBytes.a;
			remoteRef = 671B80D42416CB3B00632516 /* PBXContainerItemProxy */;
			sourceTree = BUILT_PRODUCTS_DIR;
		};
		671B80D92416CB3B00632516 /* libRNSVG.a */ = {
			isa = PBXReferenceProxy;
			fileType = archive.ar;
			path = libRNSVG.a;
			remoteRef = 671B80D82416CB3B00632516 /* PBXContainerItemProxy */;
			sourceTree = BUILT_PRODUCTS_DIR;
		};
		88043C832301BD2B00340AB7 /* libRNSVG-tvOS.a */ = {
			isa = PBXReferenceProxy;
			fileType = archive.ar;
			path = "libRNSVG-tvOS.a";
			remoteRef = 88043C822301BD2B00340AB7 /* PBXContainerItemProxy */;
			sourceTree = BUILT_PRODUCTS_DIR;
		};
/* End PBXReferenceProxy section */

/* Begin PBXResourcesBuildPhase section */
		00E356EC1AD99517003FC87E /* Resources */ = {
			isa = PBXResourcesBuildPhase;
			buildActionMask = 2147483647;
			files = (
			);
			runOnlyForDeploymentPostprocessing = 0;
		};
		13B07F8E1A680F5B00A75B9A /* Resources */ = {
			isa = PBXResourcesBuildPhase;
			buildActionMask = 2147483647;
			files = (
				39B6F6432315B550009C3C05 /* main.jsbundle in Resources */,
				13B07FBF1A68108700A75B9A /* Images.xcassets in Resources */,
				13B07FBD1A68108700A75B9A /* LaunchScreen.xib in Resources */,
				0A5DA78AED2F468C8025AF7C /* Roboto-Black.ttf in Resources */,
				3D7A98D07DE443E381067D3A /* Roboto-BlackItalic.ttf in Resources */,
				95279244A36A49849FCE2DAE /* Roboto-Bold.ttf in Resources */,
				E501D58522AE41A9AF18340A /* Roboto-BoldItalic.ttf in Resources */,
				B43B3542B9ED441AB8AFBA0B /* Roboto-Italic.ttf in Resources */,
				423E02567C044AF6832B2388 /* Roboto-Light.ttf in Resources */,
				EE896FB251B94030AC713B6F /* Roboto-LightItalic.ttf in Resources */,
				EDCE1EC0CA1249279F03F2E2 /* Roboto-Medium.ttf in Resources */,
				A6DE194CA1E344F6B2BBDD09 /* Roboto-MediumItalic.ttf in Resources */,
				7A7137D6EEDE40C184F30C15 /* Roboto-Regular.ttf in Resources */,
				6779B94524741C7F00DFEFA9 /* RobotoMono-Medium.ttf in Resources */,
				16614F66487241CE933918B8 /* Roboto-Thin.ttf in Resources */,
				0CFC8839F5B54F888E6C01DE /* Roboto-ThinItalic.ttf in Resources */,
				67E3BED3237C17A6007882FA /* RobotoMono-Regular.ttf in Resources */,
				3C31DDCB4CD0465084344D5F /* Manifold-CF-Bold.otf in Resources */,
				AD0B6F7EACB74BA7A42D2A2E /* Manifold-CF-Demi-Bold.otf in Resources */,
				F1569210427145DEBBB5B898 /* Manifold-CF-Extra-Bold.otf in Resources */,
				5DC40D98E51D492C8FF692B5 /* Manifold-CF-Light.otf in Resources */,
				77AE2A2069B847F9B7EB4854 /* Manifold-CF.otf in Resources */,
				6701864923270B1100A14061 /* assets in Resources */,
			);
			runOnlyForDeploymentPostprocessing = 0;
		};
/* End PBXResourcesBuildPhase section */

/* Begin PBXShellScriptBuildPhase section */
		00DD1BFF1BD5951E006B06BC /* Bundle React Native code and images */ = {
			isa = PBXShellScriptBuildPhase;
			buildActionMask = 2147483647;
			files = (
			);
			inputPaths = (
			);
			name = "Bundle React Native code and images";
			outputPaths = (
			);
			runOnlyForDeploymentPostprocessing = 0;
			shellPath = /bin/sh;
			shellScript = "export NODE_BINARY=node\nexport NODE_OPTIONS=\"--max_old_space_size=8192\"\n../node_modules/react-native/scripts/react-native-xcode.sh\n";
		};
		1C3008AF23C42B9FB273318C /* [CP] Check Pods Manifest.lock */ = {
			isa = PBXShellScriptBuildPhase;
			buildActionMask = 2147483647;
			files = (
			);
			inputFileListPaths = (
			);
			inputPaths = (
				"${PODS_PODFILE_DIR_PATH}/Podfile.lock",
				"${PODS_ROOT}/Manifest.lock",
			);
			name = "[CP] Check Pods Manifest.lock";
			outputFileListPaths = (
			);
			outputPaths = (
				"$(DERIVED_FILE_DIR)/Pods-NativeSigner-checkManifestLockResult.txt",
			);
			runOnlyForDeploymentPostprocessing = 0;
			shellPath = /bin/sh;
			shellScript = "diff \"${PODS_PODFILE_DIR_PATH}/Podfile.lock\" \"${PODS_ROOT}/Manifest.lock\" > /dev/null\nif [ $? != 0 ] ; then\n    # print error to STDERR\n    echo \"error: The sandbox is not in sync with the Podfile.lock. Run 'pod install' or update your CocoaPods installation.\" >&2\n    exit 1\nfi\n# This output is used by Xcode 'outputs' to avoid re-running this script phase.\necho \"SUCCESS\" > \"${SCRIPT_OUTPUT_FILE_0}\"\n";
			showEnvVarsInLog = 0;
		};
		709FA926369B7BAC46708BFD /* [CP] Copy Pods Resources */ = {
			isa = PBXShellScriptBuildPhase;
			buildActionMask = 2147483647;
			files = (
			);
			inputPaths = (
				"${PODS_ROOT}/Target Support Files/Pods-NativeSigner/Pods-NativeSigner-resources.sh",
				"${PODS_ROOT}/../../node_modules/react-native-vector-icons/Fonts/AntDesign.ttf",
				"${PODS_ROOT}/../../node_modules/react-native-vector-icons/Fonts/Entypo.ttf",
				"${PODS_ROOT}/../../node_modules/react-native-vector-icons/Fonts/EvilIcons.ttf",
				"${PODS_ROOT}/../../node_modules/react-native-vector-icons/Fonts/Feather.ttf",
				"${PODS_ROOT}/../../node_modules/react-native-vector-icons/Fonts/FontAwesome.ttf",
				"${PODS_ROOT}/../../node_modules/react-native-vector-icons/Fonts/FontAwesome5_Brands.ttf",
				"${PODS_ROOT}/../../node_modules/react-native-vector-icons/Fonts/FontAwesome5_Regular.ttf",
				"${PODS_ROOT}/../../node_modules/react-native-vector-icons/Fonts/FontAwesome5_Solid.ttf",
				"${PODS_ROOT}/../../node_modules/react-native-vector-icons/Fonts/Fontisto.ttf",
				"${PODS_ROOT}/../../node_modules/react-native-vector-icons/Fonts/Foundation.ttf",
				"${PODS_ROOT}/../../node_modules/react-native-vector-icons/Fonts/Ionicons.ttf",
				"${PODS_ROOT}/../../node_modules/react-native-vector-icons/Fonts/MaterialCommunityIcons.ttf",
				"${PODS_ROOT}/../../node_modules/react-native-vector-icons/Fonts/MaterialIcons.ttf",
				"${PODS_ROOT}/../../node_modules/react-native-vector-icons/Fonts/Octicons.ttf",
				"${PODS_ROOT}/../../node_modules/react-native-vector-icons/Fonts/SimpleLineIcons.ttf",
				"${PODS_ROOT}/../../node_modules/react-native-vector-icons/Fonts/Zocial.ttf",
				"${PODS_CONFIGURATION_BUILD_DIR}/React-Core/AccessibilityResources.bundle",
			);
			name = "[CP] Copy Pods Resources";
			outputPaths = (
				"${TARGET_BUILD_DIR}/${UNLOCALIZED_RESOURCES_FOLDER_PATH}/AntDesign.ttf",
				"${TARGET_BUILD_DIR}/${UNLOCALIZED_RESOURCES_FOLDER_PATH}/Entypo.ttf",
				"${TARGET_BUILD_DIR}/${UNLOCALIZED_RESOURCES_FOLDER_PATH}/EvilIcons.ttf",
				"${TARGET_BUILD_DIR}/${UNLOCALIZED_RESOURCES_FOLDER_PATH}/Feather.ttf",
				"${TARGET_BUILD_DIR}/${UNLOCALIZED_RESOURCES_FOLDER_PATH}/FontAwesome.ttf",
				"${TARGET_BUILD_DIR}/${UNLOCALIZED_RESOURCES_FOLDER_PATH}/FontAwesome5_Brands.ttf",
				"${TARGET_BUILD_DIR}/${UNLOCALIZED_RESOURCES_FOLDER_PATH}/FontAwesome5_Regular.ttf",
				"${TARGET_BUILD_DIR}/${UNLOCALIZED_RESOURCES_FOLDER_PATH}/FontAwesome5_Solid.ttf",
				"${TARGET_BUILD_DIR}/${UNLOCALIZED_RESOURCES_FOLDER_PATH}/Fontisto.ttf",
				"${TARGET_BUILD_DIR}/${UNLOCALIZED_RESOURCES_FOLDER_PATH}/Foundation.ttf",
				"${TARGET_BUILD_DIR}/${UNLOCALIZED_RESOURCES_FOLDER_PATH}/Ionicons.ttf",
				"${TARGET_BUILD_DIR}/${UNLOCALIZED_RESOURCES_FOLDER_PATH}/MaterialCommunityIcons.ttf",
				"${TARGET_BUILD_DIR}/${UNLOCALIZED_RESOURCES_FOLDER_PATH}/MaterialIcons.ttf",
				"${TARGET_BUILD_DIR}/${UNLOCALIZED_RESOURCES_FOLDER_PATH}/Octicons.ttf",
				"${TARGET_BUILD_DIR}/${UNLOCALIZED_RESOURCES_FOLDER_PATH}/SimpleLineIcons.ttf",
				"${TARGET_BUILD_DIR}/${UNLOCALIZED_RESOURCES_FOLDER_PATH}/Zocial.ttf",
				"${TARGET_BUILD_DIR}/${UNLOCALIZED_RESOURCES_FOLDER_PATH}/AccessibilityResources.bundle",
			);
			runOnlyForDeploymentPostprocessing = 0;
			shellPath = /bin/sh;
			shellScript = "\"${PODS_ROOT}/Target Support Files/Pods-NativeSigner/Pods-NativeSigner-resources.sh\"\n";
			showEnvVarsInLog = 0;
		};
		A6D1330E26B08845E0531D42 /* [CP] Check Pods Manifest.lock */ = {
			isa = PBXShellScriptBuildPhase;
			buildActionMask = 2147483647;
			files = (
			);
			inputFileListPaths = (
			);
			inputPaths = (
				"${PODS_PODFILE_DIR_PATH}/Podfile.lock",
				"${PODS_ROOT}/Manifest.lock",
			);
			name = "[CP] Check Pods Manifest.lock";
			outputFileListPaths = (
			);
			outputPaths = (
				"$(DERIVED_FILE_DIR)/Pods-NativeSigner-NativeSignerTests-checkManifestLockResult.txt",
			);
			runOnlyForDeploymentPostprocessing = 0;
			shellPath = /bin/sh;
			shellScript = "diff \"${PODS_PODFILE_DIR_PATH}/Podfile.lock\" \"${PODS_ROOT}/Manifest.lock\" > /dev/null\nif [ $? != 0 ] ; then\n    # print error to STDERR\n    echo \"error: The sandbox is not in sync with the Podfile.lock. Run 'pod install' or update your CocoaPods installation.\" >&2\n    exit 1\nfi\n# This output is used by Xcode 'outputs' to avoid re-running this script phase.\necho \"SUCCESS\" > \"${SCRIPT_OUTPUT_FILE_0}\"\n";
			showEnvVarsInLog = 0;
		};
		F49EF56164522E60CA8DC9C3 /* [CP] Copy Pods Resources */ = {
			isa = PBXShellScriptBuildPhase;
			buildActionMask = 2147483647;
			files = (
			);
			inputPaths = (
				"${PODS_ROOT}/Target Support Files/Pods-NativeSigner-NativeSignerTests/Pods-NativeSigner-NativeSignerTests-resources.sh",
				"${PODS_ROOT}/../../node_modules/react-native-vector-icons/Fonts/AntDesign.ttf",
				"${PODS_ROOT}/../../node_modules/react-native-vector-icons/Fonts/Entypo.ttf",
				"${PODS_ROOT}/../../node_modules/react-native-vector-icons/Fonts/EvilIcons.ttf",
				"${PODS_ROOT}/../../node_modules/react-native-vector-icons/Fonts/Feather.ttf",
				"${PODS_ROOT}/../../node_modules/react-native-vector-icons/Fonts/FontAwesome.ttf",
				"${PODS_ROOT}/../../node_modules/react-native-vector-icons/Fonts/FontAwesome5_Brands.ttf",
				"${PODS_ROOT}/../../node_modules/react-native-vector-icons/Fonts/FontAwesome5_Regular.ttf",
				"${PODS_ROOT}/../../node_modules/react-native-vector-icons/Fonts/FontAwesome5_Solid.ttf",
				"${PODS_ROOT}/../../node_modules/react-native-vector-icons/Fonts/Fontisto.ttf",
				"${PODS_ROOT}/../../node_modules/react-native-vector-icons/Fonts/Foundation.ttf",
				"${PODS_ROOT}/../../node_modules/react-native-vector-icons/Fonts/Ionicons.ttf",
				"${PODS_ROOT}/../../node_modules/react-native-vector-icons/Fonts/MaterialCommunityIcons.ttf",
				"${PODS_ROOT}/../../node_modules/react-native-vector-icons/Fonts/MaterialIcons.ttf",
				"${PODS_ROOT}/../../node_modules/react-native-vector-icons/Fonts/Octicons.ttf",
				"${PODS_ROOT}/../../node_modules/react-native-vector-icons/Fonts/SimpleLineIcons.ttf",
				"${PODS_ROOT}/../../node_modules/react-native-vector-icons/Fonts/Zocial.ttf",
				"${PODS_CONFIGURATION_BUILD_DIR}/React-Core/AccessibilityResources.bundle",
			);
			name = "[CP] Copy Pods Resources";
			outputPaths = (
				"${TARGET_BUILD_DIR}/${UNLOCALIZED_RESOURCES_FOLDER_PATH}/AntDesign.ttf",
				"${TARGET_BUILD_DIR}/${UNLOCALIZED_RESOURCES_FOLDER_PATH}/Entypo.ttf",
				"${TARGET_BUILD_DIR}/${UNLOCALIZED_RESOURCES_FOLDER_PATH}/EvilIcons.ttf",
				"${TARGET_BUILD_DIR}/${UNLOCALIZED_RESOURCES_FOLDER_PATH}/Feather.ttf",
				"${TARGET_BUILD_DIR}/${UNLOCALIZED_RESOURCES_FOLDER_PATH}/FontAwesome.ttf",
				"${TARGET_BUILD_DIR}/${UNLOCALIZED_RESOURCES_FOLDER_PATH}/FontAwesome5_Brands.ttf",
				"${TARGET_BUILD_DIR}/${UNLOCALIZED_RESOURCES_FOLDER_PATH}/FontAwesome5_Regular.ttf",
				"${TARGET_BUILD_DIR}/${UNLOCALIZED_RESOURCES_FOLDER_PATH}/FontAwesome5_Solid.ttf",
				"${TARGET_BUILD_DIR}/${UNLOCALIZED_RESOURCES_FOLDER_PATH}/Fontisto.ttf",
				"${TARGET_BUILD_DIR}/${UNLOCALIZED_RESOURCES_FOLDER_PATH}/Foundation.ttf",
				"${TARGET_BUILD_DIR}/${UNLOCALIZED_RESOURCES_FOLDER_PATH}/Ionicons.ttf",
				"${TARGET_BUILD_DIR}/${UNLOCALIZED_RESOURCES_FOLDER_PATH}/MaterialCommunityIcons.ttf",
				"${TARGET_BUILD_DIR}/${UNLOCALIZED_RESOURCES_FOLDER_PATH}/MaterialIcons.ttf",
				"${TARGET_BUILD_DIR}/${UNLOCALIZED_RESOURCES_FOLDER_PATH}/Octicons.ttf",
				"${TARGET_BUILD_DIR}/${UNLOCALIZED_RESOURCES_FOLDER_PATH}/SimpleLineIcons.ttf",
				"${TARGET_BUILD_DIR}/${UNLOCALIZED_RESOURCES_FOLDER_PATH}/Zocial.ttf",
				"${TARGET_BUILD_DIR}/${UNLOCALIZED_RESOURCES_FOLDER_PATH}/AccessibilityResources.bundle",
			);
			runOnlyForDeploymentPostprocessing = 0;
			shellPath = /bin/sh;
			shellScript = "\"${PODS_ROOT}/Target Support Files/Pods-NativeSigner-NativeSignerTests/Pods-NativeSigner-NativeSignerTests-resources.sh\"\n";
			showEnvVarsInLog = 0;
		};
/* End PBXShellScriptBuildPhase section */

/* Begin PBXSourcesBuildPhase section */
		00E356EA1AD99517003FC87E /* Sources */ = {
			isa = PBXSourcesBuildPhase;
			buildActionMask = 2147483647;
			files = (
				00E356F31AD99517003FC87E /* NativeSignerTests.m in Sources */,
			);
			runOnlyForDeploymentPostprocessing = 0;
		};
		13B07F871A680F5B00A75B9A /* Sources */ = {
			isa = PBXSourcesBuildPhase;
			buildActionMask = 2147483647;
			files = (
 				1F426F9C208D358500CA43DB /* SubstrateSign.swift in Sources */,
				13B07FBC1A68108700A75B9A /* AppDelegate.m in Sources */,
				13B07FC11A68108700A75B9A /* main.m in Sources */,
 				1F426F8F208D2CC500CA43DB /* SubstrateSign.m in Sources */,
			);
			runOnlyForDeploymentPostprocessing = 0;
		};
/* End PBXSourcesBuildPhase section */

/* Begin PBXTargetDependency section */
		00E356F51AD99517003FC87E /* PBXTargetDependency */ = {
			isa = PBXTargetDependency;
			target = 13B07F861A680F5B00A75B9A /* NativeSigner */;
			targetProxy = 00E356F41AD99517003FC87E /* PBXContainerItemProxy */;
		};
/* End PBXTargetDependency section */

/* Begin PBXVariantGroup section */
		13B07FB11A68108700A75B9A /* LaunchScreen.xib */ = {
			isa = PBXVariantGroup;
			children = (
				13B07FB21A68108700A75B9A /* Base */,
			);
			name = LaunchScreen.xib;
			path = NativeSigner;
			sourceTree = "<group>";
		};
/* End PBXVariantGroup section */

/* Begin XCBuildConfiguration section */
		00E356F61AD99517003FC87E /* Debug */ = {
			isa = XCBuildConfiguration;
			baseConfigurationReference = E349784A51B7EC61DA0E0127 /* Pods-NativeSigner-NativeSignerTests.debug.xcconfig */;
			buildSettings = {
				ALWAYS_EMBED_SWIFT_STANDARD_LIBRARIES = "$(inherited)";
				BUNDLE_LOADER = "$(TEST_HOST)";
				CLANG_ENABLE_MODULES = YES;
				CODE_SIGN_IDENTITY = "iPhone Developer";
				CODE_SIGN_STYLE = Automatic;
				DEVELOPMENT_TEAM = P2PX3JU8FT;
				GCC_PREPROCESSOR_DEFINITIONS = (
					"DEBUG=1",
					"$(inherited)",
				);
				INFOPLIST_FILE = NativeSignerTests/Info.plist;
				IPHONEOS_DEPLOYMENT_TARGET = 10.0;
				LD_RUNPATH_SEARCH_PATHS = "$(inherited) @executable_path/Frameworks @loader_path/Frameworks";
				LIBRARY_SEARCH_PATHS = "$(inherited)";
				"LIBRARY_SEARCH_PATHS[arch=*]" = "$(inherited)";
				OTHER_CFLAGS = (
					"$(inherited)",
					"-DFB_SONARKIT_ENABLED=1",
				);
				PRODUCT_BUNDLE_IDENTIFIER = "org.reactjs.native.example.$(PRODUCT_NAME:rfc1034identifier)";
				PRODUCT_NAME = "$(TARGET_NAME)";
				PROVISIONING_PROFILE_SPECIFIER = "";
				SWIFT_OBJC_BRIDGING_HEADER = "NativeSignerTests-Bridging-Header.h";
				SWIFT_OPTIMIZATION_LEVEL = "-Onone";
				SWIFT_VERSION = 5.0;
				TEST_HOST = "$(BUILT_PRODUCTS_DIR)/NativeSigner.app/NativeSigner";
			};
			name = Debug;
		};
		00E356F71AD99517003FC87E /* Release */ = {
			isa = XCBuildConfiguration;
			baseConfigurationReference = 8CED6BE60471B6CB2A6E0F08 /* Pods-NativeSigner-NativeSignerTests.release.xcconfig */;
			buildSettings = {
				ALWAYS_EMBED_SWIFT_STANDARD_LIBRARIES = "$(inherited)";
				BUNDLE_LOADER = "$(TEST_HOST)";
				CLANG_ENABLE_MODULES = YES;
				CODE_SIGN_IDENTITY = "iPhone Developer";
				CODE_SIGN_STYLE = Automatic;
				COPY_PHASE_STRIP = NO;
				DEVELOPMENT_TEAM = P2PX3JU8FT;
				INFOPLIST_FILE = NativeSignerTests/Info.plist;
				IPHONEOS_DEPLOYMENT_TARGET = 10.0;
				LD_RUNPATH_SEARCH_PATHS = "$(inherited) @executable_path/Frameworks @loader_path/Frameworks";
				LIBRARY_SEARCH_PATHS = "$(inherited)";
				OTHER_CFLAGS = (
					"$(inherited)",
					"-DFB_SONARKIT_ENABLED=1",
				);
				"OTHER_LDFLAGS[arch=*]" = " -lc++";
				PRODUCT_BUNDLE_IDENTIFIER = "org.reactjs.native.example.$(PRODUCT_NAME:rfc1034identifier)";
				PRODUCT_NAME = "$(TARGET_NAME)";
				PROVISIONING_PROFILE_SPECIFIER = "";
				SWIFT_OBJC_BRIDGING_HEADER = "NativeSignerTests-Bridging-Header.h";
				SWIFT_VERSION = 5.0;
				TEST_HOST = "$(BUILT_PRODUCTS_DIR)/NativeSigner.app/NativeSigner";
			};
			name = Release;
		};
		13B07F941A680F5B00A75B9A /* Debug */ = {
			isa = XCBuildConfiguration;
			baseConfigurationReference = 2E43A8182F586AE97EC694AD /* Pods-NativeSigner.debug.xcconfig */;
			buildSettings = {
				ALWAYS_EMBED_SWIFT_STANDARD_LIBRARIES = "$(inherited)";
				ASSETCATALOG_COMPILER_APPICON_NAME = AppIcon;
				CLANG_ENABLE_MODULES = YES;
				CODE_SIGN_IDENTITY = "Apple Development";
				CODE_SIGN_STYLE = Automatic;
				CURRENT_PROJECT_VERSION = 1;
				DEAD_CODE_STRIPPING = NO;
				DEVELOPMENT_TEAM = "P2PX3JU8FT";
				ENABLE_BITCODE = NO;
				"EXCLUDED_ARCHS[sdk=iphonesimulator*]" = arm64;
				HEADER_SEARCH_PATHS = (
					"$(SRCROOT)/../node_modules/react-native-camera/ios",
 					"$(SRCROOT)/../rust/signer",
					"${PODS_ROOT}/",
					"$(inherited)",
				);
				INFOPLIST_FILE = NativeSigner/Info.plist;
				IPHONEOS_DEPLOYMENT_TARGET = 10.0;
				LD_RUNPATH_SEARCH_PATHS = "@executable_path/Frameworks";
				LIBRARY_SEARCH_PATHS = (
 					"$(SRCROOT)/../rust/signer",
					"${PODS_ROOT}",
					"$(inherited)",
				);
				OTHER_CFLAGS = (
					"$(inherited)",
					"-DFB_SONARKIT_ENABLED=1",
				);
				OTHER_LDFLAGS = (
					"$(inherited)",
					"-ObjC",
					"-lc++",
				);
				PRODUCT_BUNDLE_IDENTIFIER = io.parity.NativeSigner;
				PRODUCT_NAME = NativeSigner;
				PROVISIONING_PROFILE_SPECIFIER = "";
				SWIFT_OBJC_BRIDGING_HEADER = "NativeSigner/NativeSigner-Bridging-Header.h";
				SWIFT_OPTIMIZATION_LEVEL = "-Onone";
				SWIFT_VERSION = 5.0;
				TARGETED_DEVICE_FAMILY = 1;
				VALID_ARCHS = "arm64 arm64e armv7 armv7s x86_64";
				VERSIONING_SYSTEM = "apple-generic";
			};
			name = Debug;
		};
		13B07F951A680F5B00A75B9A /* Release */ = {
			isa = XCBuildConfiguration;
			baseConfigurationReference = F5A969A2336EFB6AAFB76B57 /* Pods-NativeSigner.release.xcconfig */;
			buildSettings = {
				ALWAYS_EMBED_SWIFT_STANDARD_LIBRARIES = "$(inherited)";
				ASSETCATALOG_COMPILER_APPICON_NAME = AppIcon;
				CLANG_ENABLE_MODULES = YES;
				CURRENT_PROJECT_VERSION = 1;
				DEVELOPMENT_TEAM = P2PX3JU8FT;
				ENABLE_BITCODE = NO;
				HEADER_SEARCH_PATHS = (
					"$(SRCROOT)/../node_modules/react-native-camera/ios",
 					"$(SRCROOT)/../rust/signer",
					"${PODS_ROOT}/",
					"$(inherited)",
				);
				INFOPLIST_FILE = NativeSigner/Info.plist;
				IPHONEOS_DEPLOYMENT_TARGET = 10.0;
				LD_RUNPATH_SEARCH_PATHS = "@executable_path/Frameworks";
				LIBRARY_SEARCH_PATHS = (
 					"$(SRCROOT)/../rust/signer",
					"${PODS_ROOT}",
					"$(inherited)",
				);
				ONLY_ACTIVE_ARCH = YES;
				OTHER_CFLAGS = (
					"$(inherited)",
					"-DFB_SONARKIT_ENABLED=1",
				);
				OTHER_LDFLAGS = (
					"$(inherited)",
					"-ObjC",
					"-lc++",
				);
				PRODUCT_BUNDLE_IDENTIFIER = io.parity.NativeSigner;
				PRODUCT_NAME = NativeSigner;
				SWIFT_OBJC_BRIDGING_HEADER = "NativeSigner/NativeSigner-Bridging-Header.h";
				SWIFT_VERSION = 5.0;
				TARGETED_DEVICE_FAMILY = 1;
				VALID_ARCHS = "arm64 arm64e armv7 armv7s x86_64";
				VERSIONING_SYSTEM = "apple-generic";
			};
			name = Release;
		};
		678810072450B99B00838601 /* GithubActions */ = {
			isa = XCBuildConfiguration;
			buildSettings = {
				ALWAYS_SEARCH_USER_PATHS = NO;
				CLANG_ANALYZER_LOCALIZABILITY_NONLOCALIZED = YES;
				CLANG_CXX_LANGUAGE_STANDARD = "gnu++0x";
				CLANG_CXX_LIBRARY = "libc++";
				CLANG_ENABLE_MODULES = YES;
				CLANG_ENABLE_OBJC_ARC = YES;
				CLANG_WARN_BLOCK_CAPTURE_AUTORELEASING = YES;
				CLANG_WARN_BOOL_CONVERSION = YES;
				CLANG_WARN_COMMA = YES;
				CLANG_WARN_CONSTANT_CONVERSION = YES;
				CLANG_WARN_DEPRECATED_OBJC_IMPLEMENTATIONS = YES;
				CLANG_WARN_DIRECT_OBJC_ISA_USAGE = YES_ERROR;
				CLANG_WARN_EMPTY_BODY = YES;
				CLANG_WARN_ENUM_CONVERSION = YES;
				CLANG_WARN_INFINITE_RECURSION = YES;
				CLANG_WARN_INT_CONVERSION = YES;
				CLANG_WARN_NON_LITERAL_NULL_CONVERSION = YES;
				CLANG_WARN_OBJC_IMPLICIT_RETAIN_SELF = YES;
				CLANG_WARN_OBJC_LITERAL_CONVERSION = YES;
				CLANG_WARN_OBJC_ROOT_CLASS = YES_ERROR;
				CLANG_WARN_RANGE_LOOP_ANALYSIS = YES;
				CLANG_WARN_STRICT_PROTOTYPES = YES;
				CLANG_WARN_SUSPICIOUS_MOVE = YES;
				CLANG_WARN_UNREACHABLE_CODE = YES;
				CLANG_WARN__DUPLICATE_METHOD_MATCH = YES;
				"CODE_SIGN_IDENTITY[sdk=iphoneos*]" = "iPhone Developer";
				COPY_PHASE_STRIP = YES;
				ENABLE_NS_ASSERTIONS = NO;
				ENABLE_STRICT_OBJC_MSGSEND = YES;
				GCC_C_LANGUAGE_STANDARD = gnu99;
				GCC_NO_COMMON_BLOCKS = YES;
				GCC_WARN_64_TO_32_BIT_CONVERSION = YES;
				GCC_WARN_ABOUT_RETURN_TYPE = YES_ERROR;
				GCC_WARN_UNDECLARED_SELECTOR = YES;
				GCC_WARN_UNINITIALIZED_AUTOS = YES_AGGRESSIVE;
				GCC_WARN_UNUSED_FUNCTION = YES;
				GCC_WARN_UNUSED_VARIABLE = YES;
				HEADER_SEARCH_PATHS = "$(inherited)";
				IPHONEOS_DEPLOYMENT_TARGET = 10.0;
				LIBRARY_SEARCH_PATHS = "$(inherited)";
				MTL_ENABLE_DEBUG_INFO = NO;
				SDKROOT = iphoneos;
				SWIFT_COMPILATION_MODE = wholemodule;
				SWIFT_VERSION = 5.0;
				VALIDATE_PRODUCT = YES;
				VALID_ARCHS = x86_64;
			};
			name = GithubActions;
		};
		678810082450B99B00838601 /* GithubActions */ = {
			isa = XCBuildConfiguration;
			baseConfigurationReference = 4CBAF819A6739A2AEC6AB7B1 /* Pods-NativeSigner.githubactions.xcconfig */;
			buildSettings = {
				ALWAYS_EMBED_SWIFT_STANDARD_LIBRARIES = "$(inherited)";
				ASSETCATALOG_COMPILER_APPICON_NAME = AppIcon;
				CLANG_ENABLE_MODULES = YES;
				CURRENT_PROJECT_VERSION = 1;
				DEVELOPMENT_TEAM = P2PX3JU8FT;
				ENABLE_BITCODE = NO;
				HEADER_SEARCH_PATHS = (
					"$(SRCROOT)/../node_modules/react-native-camera/ios",
 					"$(SRCROOT)/../rust/signer",
					"${PODS_ROOT}/",
					"$(inherited)",
				);
				INFOPLIST_FILE = NativeSigner/Info.plist;
				IPHONEOS_DEPLOYMENT_TARGET = 10.0;
				LD_RUNPATH_SEARCH_PATHS = "@executable_path/Frameworks";
				LIBRARY_SEARCH_PATHS = (
 					"$(SRCROOT)/../rust/signer",
					"${PODS_ROOT}",
					"$(inherited)",
				);
				ONLY_ACTIVE_ARCH = YES;
				OTHER_CFLAGS = (
					"$(inherited)",
					"-DFB_SONARKIT_ENABLED=1",
				);
				OTHER_LDFLAGS = (
					"$(inherited)",
					"-ObjC",
					"-lc++",
				);
				PRODUCT_BUNDLE_IDENTIFIER = io.parity.NativeSigner;
				PRODUCT_NAME = NativeSigner;
				SWIFT_OBJC_BRIDGING_HEADER = "NativeSigner/NativeSigner-Bridging-Header.h";
				SWIFT_VERSION = 5.0;
				TARGETED_DEVICE_FAMILY = 1;
				VALID_ARCHS = x86_64;
				VERSIONING_SYSTEM = "apple-generic";
			};
			name = GithubActions;
		};
		678810092450B99B00838601 /* GithubActions */ = {
			isa = XCBuildConfiguration;
			baseConfigurationReference = 0CBFA37873E5DC7BE99408C5 /* Pods-NativeSigner-NativeSignerTests.githubactions.xcconfig */;
			buildSettings = {
				ALWAYS_EMBED_SWIFT_STANDARD_LIBRARIES = "$(inherited)";
				BUNDLE_LOADER = "$(TEST_HOST)";
				CODE_SIGN_IDENTITY = "iPhone Developer";
				CODE_SIGN_STYLE = Automatic;
				COPY_PHASE_STRIP = NO;
				DEVELOPMENT_TEAM = P2PX3JU8FT;
				INFOPLIST_FILE = NativeSignerTests/Info.plist;
				IPHONEOS_DEPLOYMENT_TARGET = 10.0;
				LD_RUNPATH_SEARCH_PATHS = "$(inherited) @executable_path/Frameworks @loader_path/Frameworks";
				LIBRARY_SEARCH_PATHS = "$(inherited)";
				OTHER_CFLAGS = (
					"$(inherited)",
					"-DFB_SONARKIT_ENABLED=1",
				);
				"OTHER_LDFLAGS[arch=*]" = " -lc++";
				PRODUCT_BUNDLE_IDENTIFIER = "org.reactjs.native.example.$(PRODUCT_NAME:rfc1034identifier)";
				PRODUCT_NAME = "$(TARGET_NAME)";
				PROVISIONING_PROFILE_SPECIFIER = "";
				TEST_HOST = "$(BUILT_PRODUCTS_DIR)/NativeSigner.app/NativeSigner";
			};
			name = GithubActions;
		};
		83CBBA201A601CBA00E9B192 /* Debug */ = {
			isa = XCBuildConfiguration;
			buildSettings = {
				ALWAYS_EMBED_SWIFT_STANDARD_LIBRARIES = "$(inherited)";
				ALWAYS_SEARCH_USER_PATHS = NO;
				CLANG_ANALYZER_LOCALIZABILITY_NONLOCALIZED = YES;
				CLANG_CXX_LANGUAGE_STANDARD = "gnu++0x";
				CLANG_CXX_LIBRARY = "libc++";
				CLANG_ENABLE_MODULES = YES;
				CLANG_ENABLE_OBJC_ARC = YES;
				CLANG_WARN_BLOCK_CAPTURE_AUTORELEASING = YES;
				CLANG_WARN_BOOL_CONVERSION = YES;
				CLANG_WARN_COMMA = YES;
				CLANG_WARN_CONSTANT_CONVERSION = YES;
				CLANG_WARN_DEPRECATED_OBJC_IMPLEMENTATIONS = YES;
				CLANG_WARN_DIRECT_OBJC_ISA_USAGE = YES_ERROR;
				CLANG_WARN_EMPTY_BODY = YES;
				CLANG_WARN_ENUM_CONVERSION = YES;
				CLANG_WARN_INFINITE_RECURSION = YES;
				CLANG_WARN_INT_CONVERSION = YES;
				CLANG_WARN_NON_LITERAL_NULL_CONVERSION = YES;
				CLANG_WARN_OBJC_IMPLICIT_RETAIN_SELF = YES;
				CLANG_WARN_OBJC_LITERAL_CONVERSION = YES;
				CLANG_WARN_OBJC_ROOT_CLASS = YES_ERROR;
				CLANG_WARN_RANGE_LOOP_ANALYSIS = YES;
				CLANG_WARN_STRICT_PROTOTYPES = YES;
				CLANG_WARN_SUSPICIOUS_MOVE = YES;
				CLANG_WARN_UNREACHABLE_CODE = YES;
				CLANG_WARN__DUPLICATE_METHOD_MATCH = YES;
				"CODE_SIGN_IDENTITY[sdk=iphoneos*]" = "iPhone Developer";
				COPY_PHASE_STRIP = NO;
				ENABLE_STRICT_OBJC_MSGSEND = YES;
				ENABLE_TESTABILITY = YES;
				GCC_C_LANGUAGE_STANDARD = gnu99;
				GCC_DYNAMIC_NO_PIC = NO;
				GCC_NO_COMMON_BLOCKS = YES;
				GCC_OPTIMIZATION_LEVEL = 0;
				GCC_PREPROCESSOR_DEFINITIONS = (
					"DEBUG=1",
					"$(inherited)",
				);
				GCC_SYMBOLS_PRIVATE_EXTERN = NO;
				GCC_WARN_64_TO_32_BIT_CONVERSION = YES;
				GCC_WARN_ABOUT_RETURN_TYPE = YES_ERROR;
				GCC_WARN_UNDECLARED_SELECTOR = YES;
				GCC_WARN_UNINITIALIZED_AUTOS = YES_AGGRESSIVE;
				GCC_WARN_UNUSED_FUNCTION = YES;
				GCC_WARN_UNUSED_VARIABLE = YES;
				HEADER_SEARCH_PATHS = "$(inherited)";
				IPHONEOS_DEPLOYMENT_TARGET = 10.0;
				LD_RUNPATH_SEARCH_PATHS = "/usr/lib/swift $(inherited)";
				LIBRARY_SEARCH_PATHS = (
					"$(SRCROOT)/../rust/signer",
					"$(inherited)",
				);
				"LIBRARY_SEARCH_PATHS[arch=*]" = (
					"$(SRCROOT)/../rust/signer",
					"$(inherited)",
				);
				MTL_ENABLE_DEBUG_INFO = YES;
				ONLY_ACTIVE_ARCH = YES;
				SDKROOT = iphoneos;
				SWIFT_OBJC_BRIDGING_HEADER = "";
				SWIFT_VERSION = 5.0;
			};
			name = Debug;
		};
		83CBBA211A601CBA00E9B192 /* Release */ = {
			isa = XCBuildConfiguration;
			buildSettings = {
				ALWAYS_EMBED_SWIFT_STANDARD_LIBRARIES = "$(inherited)";
				ALWAYS_SEARCH_USER_PATHS = NO;
				CLANG_ANALYZER_LOCALIZABILITY_NONLOCALIZED = YES;
				CLANG_CXX_LANGUAGE_STANDARD = "gnu++0x";
				CLANG_CXX_LIBRARY = "libc++";
				CLANG_ENABLE_MODULES = YES;
				CLANG_ENABLE_OBJC_ARC = YES;
				CLANG_WARN_BLOCK_CAPTURE_AUTORELEASING = YES;
				CLANG_WARN_BOOL_CONVERSION = YES;
				CLANG_WARN_COMMA = YES;
				CLANG_WARN_CONSTANT_CONVERSION = YES;
				CLANG_WARN_DEPRECATED_OBJC_IMPLEMENTATIONS = YES;
				CLANG_WARN_DIRECT_OBJC_ISA_USAGE = YES_ERROR;
				CLANG_WARN_EMPTY_BODY = YES;
				CLANG_WARN_ENUM_CONVERSION = YES;
				CLANG_WARN_INFINITE_RECURSION = YES;
				CLANG_WARN_INT_CONVERSION = YES;
				CLANG_WARN_NON_LITERAL_NULL_CONVERSION = YES;
				CLANG_WARN_OBJC_IMPLICIT_RETAIN_SELF = YES;
				CLANG_WARN_OBJC_LITERAL_CONVERSION = YES;
				CLANG_WARN_OBJC_ROOT_CLASS = YES_ERROR;
				CLANG_WARN_RANGE_LOOP_ANALYSIS = YES;
				CLANG_WARN_STRICT_PROTOTYPES = YES;
				CLANG_WARN_SUSPICIOUS_MOVE = YES;
				CLANG_WARN_UNREACHABLE_CODE = YES;
				CLANG_WARN__DUPLICATE_METHOD_MATCH = YES;
				"CODE_SIGN_IDENTITY[sdk=iphoneos*]" = "iPhone Developer";
				COPY_PHASE_STRIP = YES;
				ENABLE_NS_ASSERTIONS = NO;
				ENABLE_STRICT_OBJC_MSGSEND = YES;
				GCC_C_LANGUAGE_STANDARD = gnu99;
				GCC_NO_COMMON_BLOCKS = YES;
				GCC_WARN_64_TO_32_BIT_CONVERSION = YES;
				GCC_WARN_ABOUT_RETURN_TYPE = YES_ERROR;
				GCC_WARN_UNDECLARED_SELECTOR = YES;
				GCC_WARN_UNINITIALIZED_AUTOS = YES_AGGRESSIVE;
				GCC_WARN_UNUSED_FUNCTION = YES;
				GCC_WARN_UNUSED_VARIABLE = YES;
				HEADER_SEARCH_PATHS = "$(inherited)";
				IPHONEOS_DEPLOYMENT_TARGET = 10.0;
				LD_RUNPATH_SEARCH_PATHS = "/usr/lib/swift $(inherited)";
				LIBRARY_SEARCH_PATHS = (
					"$(SRCROOT)/../rust/signer",
					"$(inherited)",
				);
				MTL_ENABLE_DEBUG_INFO = NO;
				SDKROOT = iphoneos;
				SWIFT_COMPILATION_MODE = wholemodule;
				SWIFT_OBJC_BRIDGING_HEADER = "";
				SWIFT_VERSION = 5.0;
				VALIDATE_PRODUCT = YES;
			};
			name = Release;
		};
/* End XCBuildConfiguration section */

/* Begin XCConfigurationList section */
		00E357021AD99517003FC87E /* Build configuration list for PBXNativeTarget "NativeSignerTests" */ = {
			isa = XCConfigurationList;
			buildConfigurations = (
				00E356F61AD99517003FC87E /* Debug */,
				00E356F71AD99517003FC87E /* Release */,
				678810092450B99B00838601 /* GithubActions */,
			);
			defaultConfigurationIsVisible = 0;
			defaultConfigurationName = Release;
		};
		13B07F931A680F5B00A75B9A /* Build configuration list for PBXNativeTarget "NativeSigner" */ = {
			isa = XCConfigurationList;
			buildConfigurations = (
				13B07F941A680F5B00A75B9A /* Debug */,
				13B07F951A680F5B00A75B9A /* Release */,
				678810082450B99B00838601 /* GithubActions */,
			);
			defaultConfigurationIsVisible = 0;
			defaultConfigurationName = Release;
		};
		83CBB9FA1A601CBA00E9B192 /* Build configuration list for PBXProject "NativeSigner" */ = {
			isa = XCConfigurationList;
			buildConfigurations = (
				83CBBA201A601CBA00E9B192 /* Debug */,
				83CBBA211A601CBA00E9B192 /* Release */,
				678810072450B99B00838601 /* GithubActions */,
			);
			defaultConfigurationIsVisible = 0;
			defaultConfigurationName = Release;
		};
/* End XCConfigurationList section */
	};
	rootObject = 83CBB9F71A601CBA00E9B192 /* Project object */;
}
